{
  "version": 4,
  "terraform_version": "1.15.2",
  "serial": 556,
  "lineage": "31bdfbc0-48b6-fd47-50a4-a66b3d8662c0",
  "outputs": {
    "cluster_endpoint": {
      "value": "https://722507FDF1BD415792E6A516E0F29048.gr7.ap-southeast-1.eks.amazonaws.com",
      "type": "string"
    },
    "cluster_name": {
      "value": "demo-eks-cluster",
      "type": "string"
    },
    "configure_kubectl": {
      "value": "aws eks update-kubeconfig --region ap-southeast-1 --name demo-eks-cluster",
      "type": "string"
    },
    "karpenter_iam_role_arn": {
      "value": "arn:aws:iam::656732270450:role/KarpenterController-20260603012839791300000003",
      "type": "string"
    },
    "karpenter_node_role": {
      "value": "Karpenter-demo-eks-cluster-2026060301372965340000001a",
      "type": "string"
    }
  },
  "resources": [
    {
      "module": "module.eks",
      "mode": "data",
      "type": "aws_caller_identity",
      "name": "current",
      "provider": "provider[\"registry.terraform.io/hashicorp/aws\"]",
      "instances": [
        {
          "index_key": 0,
          "schema_version": 0,
          "attributes": {
            "account_id": "656732270450",
            "arn": "arn:aws:iam::656732270450:user/Duchuy",
            "id": "656732270450",
            "user_id": "AIDAZR2CLF5ZCFPL4QPPA"
          },
          "sensitive_attributes": [],
          "identity_schema_version": 0
        }
      ]
    },
    {
      "module": "module.eks",
      "mode": "data",
      "type": "aws_iam_policy_document",
      "name": "assume_role_policy",
      "provider": "provider[\"registry.terraform.io/hashicorp/aws\"]",
      "instances": [
        {
          "index_key": 0,
          "schema_version": 0,
          "attributes": {
            "id": "2830595799",
            "json": "{\n  \"Version\": \"2012-10-17\",\n  \"Statement\": [\n    {\n      \"Sid\": \"EKSClusterAssumeRole\",\n      \"Effect\": \"Allow\",\n      \"Action\": [\n        \"sts:TagSession\",\n        \"sts:AssumeRole\"\n      ],\n      \"Principal\": {\n        \"Service\": \"eks.amazonaws.com\"\n      }\n    }\n  ]\n}",
            "minified_json": "{\"Version\":\"2012-10-17\",\"Statement\":[{\"Sid\":\"EKSClusterAssumeRole\",\"Effect\":\"Allow\",\"Action\":[\"sts:TagSession\",\"sts:AssumeRole\"],\"Principal\":{\"Service\":\"eks.amazonaws.com\"}}]}",
            "override_json": null,
            "override_policy_documents": null,
            "policy_id": null,
            "source_json": null,
            "source_policy_documents": null,
            "statement": [
              {
                "actions": [
                  "sts:AssumeRole",
                  "sts:TagSession"
                ],
                "condition": [],
                "effect": "Allow",
                "not_actions": [],
                "not_principals": [],
                "not_resources": [],
                "principals": [
                  {
                    "identifiers": [
                      "eks.amazonaws.com"
                    ],
                    "type": "Service"
                  }
                ],
                "resources": [],
                "sid": "EKSClusterAssumeRole"
              }
            ],
            "version": "2012-10-17"
          },
          "sensitive_attributes": [],
          "identity_schema_version": 0
        }
      ]
    },
    {
      "module": "module.eks",
      "mode": "data",
      "type": "aws_iam_policy_document",
      "name": "custom",
      "provider": "provider[\"registry.terraform.io/hashicorp/aws\"]",
      "instances": [
        {
          "index_key": 0,
          "schema_version": 0,
          "attributes": {
            "id": "513122117",
            "json": "{\n  \"Version\": \"2012-10-17\",\n  \"Statement\": [\n    {\n      \"Sid\": \"Compute\",\n      \"Effect\": \"Allow\",\n      \"Action\": [\n        \"ec2:RunInstances\",\n        \"ec2:CreateLaunchTemplate\",\n        \"ec2:CreateFleet\"\n      ],\n      \"Resource\": \"*\",\n      \"Condition\": {\n        \"StringEquals\": {\n          \"aws:RequestTag/eks:eks-cluster-name\": \"${aws:PrincipalTag/eks:eks-cluster-name}\"\n        },\n        \"StringLike\": {\n          \"aws:RequestTag/eks:kubernetes-node-class-name\": \"*\",\n          \"aws:RequestTag/eks:kubernetes-node-pool-name\": \"*\"\n        }\n      }\n    },\n    {\n      \"Sid\": \"Storage\",\n      \"Effect\": \"Allow\",\n      \"Action\": [\n        \"ec2:CreateVolume\",\n        \"ec2:CreateSnapshot\"\n      ],\n      \"Resource\": [\n        \"arn:aws:ec2:*:*:volume/*\",\n        \"arn:aws:ec2:*:*:snapshot/*\"\n      ],\n      \"Condition\": {\n        \"StringEquals\": {\n          \"aws:RequestTag/eks:eks-cluster-name\": \"${aws:PrincipalTag/eks:eks-cluster-name}\"\n        }\n      }\n    },\n    {\n      \"Sid\": \"Networking\",\n      \"Effect\": \"Allow\",\n      \"Action\": \"ec2:CreateNetworkInterface\",\n      \"Resource\": \"*\",\n      \"Condition\": {\n        \"StringEquals\": {\n          \"aws:RequestTag/eks:eks-cluster-name\": \"${aws:PrincipalTag/eks:eks-cluster-name}\",\n          \"aws:RequestTag/eks:kubernetes-cni-node-name\": \"*\"\n        }\n      }\n    },\n    {\n      \"Sid\": \"LoadBalancer\",\n      \"Effect\": \"Allow\",\n      \"Action\": [\n        \"elasticloadbalancing:CreateTargetGroup\",\n        \"elasticloadbalancing:CreateRule\",\n        \"elasticloadbalancing:CreateLoadBalancer\",\n        \"elasticloadbalancing:CreateListener\",\n        \"ec2:CreateSecurityGroup\"\n      ],\n      \"Resource\": \"*\",\n      \"Condition\": {\n        \"StringEquals\": {\n          \"aws:RequestTag/eks:eks-cluster-name\": \"${aws:PrincipalTag/eks:eks-cluster-name}\"\n        }\n      }\n    },\n    {\n      \"Sid\": \"ShieldProtection\",\n      \"Effect\": \"Allow\",\n      \"Action\": \"shield:CreateProtection\",\n      \"Resource\": \"*\",\n      \"Condition\": {\n        \"StringEquals\": {\n          \"aws:RequestTag/eks:eks-cluster-name\": \"${aws:PrincipalTag/eks:eks-cluster-name}\"\n        }\n      }\n    },\n    {\n      \"Sid\": \"ShieldTagResource\",\n      \"Effect\": \"Allow\",\n      \"Action\": \"shield:TagResource\",\n      \"Resource\": \"arn:aws:shield::*:protection/*\",\n      \"Condition\": {\n        \"StringEquals\": {\n          \"aws:RequestTag/eks:eks-cluster-name\": \"${aws:PrincipalTag/eks:eks-cluster-name}\"\n        }\n      }\n    }\n  ]\n}",
            "minified_json": "{\"Version\":\"2012-10-17\",\"Statement\":[{\"Sid\":\"Compute\",\"Effect\":\"Allow\",\"Action\":[\"ec2:RunInstances\",\"ec2:CreateLaunchTemplate\",\"ec2:CreateFleet\"],\"Resource\":\"*\",\"Condition\":{\"StringEquals\":{\"aws:RequestTag/eks:eks-cluster-name\":\"${aws:PrincipalTag/eks:eks-cluster-name}\"},\"StringLike\":{\"aws:RequestTag/eks:kubernetes-node-class-name\":\"*\",\"aws:RequestTag/eks:kubernetes-node-pool-name\":\"*\"}}},{\"Sid\":\"Storage\",\"Effect\":\"Allow\",\"Action\":[\"ec2:CreateVolume\",\"ec2:CreateSnapshot\"],\"Resource\":[\"arn:aws:ec2:*:*:volume/*\",\"arn:aws:ec2:*:*:snapshot/*\"],\"Condition\":{\"StringEquals\":{\"aws:RequestTag/eks:eks-cluster-name\":\"${aws:PrincipalTag/eks:eks-cluster-name}\"}}},{\"Sid\":\"Networking\",\"Effect\":\"Allow\",\"Action\":\"ec2:CreateNetworkInterface\",\"Resource\":\"*\",\"Condition\":{\"StringEquals\":{\"aws:RequestTag/eks:eks-cluster-name\":\"${aws:PrincipalTag/eks:eks-cluster-name}\",\"aws:RequestTag/eks:kubernetes-cni-node-name\":\"*\"}}},{\"Sid\":\"LoadBalancer\",\"Effect\":\"Allow\",\"Action\":[\"elasticloadbalancing:CreateTargetGroup\",\"elasticloadbalancing:CreateRule\",\"elasticloadbalancing:CreateLoadBalancer\",\"elasticloadbalancing:CreateListener\",\"ec2:CreateSecurityGroup\"],\"Resource\":\"*\",\"Condition\":{\"StringEquals\":{\"aws:RequestTag/eks:eks-cluster-name\":\"${aws:PrincipalTag/eks:eks-cluster-name}\"}}},{\"Sid\":\"ShieldProtection\",\"Effect\":\"Allow\",\"Action\":\"shield:CreateProtection\",\"Resource\":\"*\",\"Condition\":{\"StringEquals\":{\"aws:RequestTag/eks:eks-cluster-name\":\"${aws:PrincipalTag/eks:eks-cluster-name}\"}}},{\"Sid\":\"ShieldTagResource\",\"Effect\":\"Allow\",\"Action\":\"shield:TagResource\",\"Resource\":\"arn:aws:shield::*:protection/*\",\"Condition\":{\"StringEquals\":{\"aws:RequestTag/eks:eks-cluster-name\":\"${aws:PrincipalTag/eks:eks-cluster-name}\"}}}]}",
            "override_json": null,
            "override_policy_documents": null,
            "policy_id": null,
            "source_json": null,
            "source_policy_documents": null,
            "statement": [
              {
                "actions": [
                  "ec2:CreateFleet",
                  "ec2:CreateLaunchTemplate",
                  "ec2:RunInstances"
                ],
                "condition": [
                  {
                    "test": "StringEquals",
                    "values": [
                      "${aws:PrincipalTag/eks:eks-cluster-name}"
                    ],
                    "variable": "aws:RequestTag/eks:eks-cluster-name"
                  },
                  {
                    "test": "StringLike",
                    "values": [
                      "*"
                    ],
                    "variable": "aws:RequestTag/eks:kubernetes-node-class-name"
                  },
                  {
                    "test": "StringLike",
                    "values": [
                      "*"
                    ],
                    "variable": "aws:RequestTag/eks:kubernetes-node-pool-name"
                  }
                ],
                "effect": "Allow",
                "not_actions": [],
                "not_principals": [],
                "not_resources": [],
                "principals": [],
                "resources": [
                  "*"
                ],
                "sid": "Compute"
              },
              {
                "actions": [
                  "ec2:CreateSnapshot",
                  "ec2:CreateVolume"
                ],
                "condition": [
                  {
                    "test": "StringEquals",
                    "values": [
                      "${aws:PrincipalTag/eks:eks-cluster-name}"
                    ],
                    "variable": "aws:RequestTag/eks:eks-cluster-name"
                  }
                ],
                "effect": "Allow",
                "not_actions": [],
                "not_principals": [],
                "not_resources": [],
                "principals": [],
                "resources": [
                  "arn:aws:ec2:*:*:snapshot/*",
                  "arn:aws:ec2:*:*:volume/*"
                ],
                "sid": "Storage"
              },
              {
                "actions": [
                  "ec2:CreateNetworkInterface"
                ],
                "condition": [
                  {
                    "test": "StringEquals",
                    "values": [
                      "${aws:PrincipalTag/eks:eks-cluster-name}"
                    ],
                    "variable": "aws:RequestTag/eks:eks-cluster-name"
                  },
                  {
                    "test": "StringEquals",
                    "values": [
                      "*"
                    ],
                    "variable": "aws:RequestTag/eks:kubernetes-cni-node-name"
                  }
                ],
                "effect": "Allow",
                "not_actions": [],
                "not_principals": [],
                "not_resources": [],
                "principals": [],
                "resources": [
                  "*"
                ],
                "sid": "Networking"
              },
              {
                "actions": [
                  "ec2:CreateSecurityGroup",
                  "elasticloadbalancing:CreateListener",
                  "elasticloadbalancing:CreateLoadBalancer",
                  "elasticloadbalancing:CreateRule",
                  "elasticloadbalancing:CreateTargetGroup"
                ],
                "condition": [
                  {
                    "test": "StringEquals",
                    "values": [
                      "${aws:PrincipalTag/eks:eks-cluster-name}"
                    ],
                    "variable": "aws:RequestTag/eks:eks-cluster-name"
                  }
                ],
                "effect": "Allow",
                "not_actions": [],
                "not_principals": [],
                "not_resources": [],
                "principals": [],
                "resources": [
                  "*"
                ],
                "sid": "LoadBalancer"
              },
              {
                "actions": [
                  "shield:CreateProtection"
                ],
                "condition": [
                  {
                    "test": "StringEquals",
                    "values": [
                      "${aws:PrincipalTag/eks:eks-cluster-name}"
                    ],
                    "variable": "aws:RequestTag/eks:eks-cluster-name"
                  }
                ],
                "effect": "Allow",
                "not_actions": [],
                "not_principals": [],
                "not_resources": [],
                "principals": [],
                "resources": [
                  "*"
                ],
                "sid": "ShieldProtection"
              },
              {
                "actions": [
                  "shield:TagResource"
                ],
                "condition": [
                  {
                    "test": "StringEquals",
                    "values": [
                      "${aws:PrincipalTag/eks:eks-cluster-name}"
                    ],
                    "variable": "aws:RequestTag/eks:eks-cluster-name"
                  }
                ],
                "effect": "Allow",
                "not_actions": [],
                "not_principals": [],
                "not_resources": [],
                "principals": [],
                "resources": [
                  "arn:aws:shield::*:protection/*"
                ],
                "sid": "ShieldTagResource"
              }
            ],
            "version": "2012-10-17"
          },
          "sensitive_attributes": [],
          "identity_schema_version": 0
        }
      ]
    },
    {
      "module": "module.eks",
      "mode": "data",
      "type": "aws_iam_session_context",
      "name": "current",
      "provider": "provider[\"registry.terraform.io/hashicorp/aws\"]",
      "instances": [
        {
          "index_key": 0,
          "schema_version": 0,
          "attributes": {
            "arn": "arn:aws:iam::656732270450:user/Duchuy",
            "id": "arn:aws:iam::656732270450:user/Duchuy",
            "issuer_arn": "arn:aws:iam::656732270450:user/Duchuy",
            "issuer_id": "",
            "issuer_name": "",
            "session_name": ""
          },
          "sensitive_attributes": [],
          "identity_schema_version": 0
        }
      ]
    },
    {
      "module": "module.eks",
      "mode": "data",
      "type": "aws_partition",
      "name": "current",
      "provider": "provider[\"registry.terraform.io/hashicorp/aws\"]",
      "instances": [
        {
          "index_key": 0,
          "schema_version": 0,
          "attributes": {
            "dns_suffix": "amazonaws.com",
            "id": "aws",
            "partition": "aws",
            "reverse_dns_prefix": "com.amazonaws"
          },
          "sensitive_attributes": [],
          "identity_schema_version": 0
        }
      ]
    },
    {
      "module": "module.eks",
      "mode": "data",
      "type": "tls_certificate",
      "name": "this",
      "provider": "provider[\"registry.terraform.io/hashicorp/tls\"]",
      "instances": [
        {
          "index_key": 0,
          "schema_version": 0,
          "attributes": {
            "certificates": [
              {
                "cert_pem": "-----BEGIN CERTIFICATE-----\nMIIEkjCCA3qgAwIBAgITBn+USionzfP6wq4rAfkI7rnExjANBgkqhkiG9w0BAQsF\nADCBmDELMAkGA1UEBhMCVVMxEDAOBgNVBAgTB0FyaXpvbmExEzARBgNVBAcTClNj\nb3R0c2RhbGUxJTAjBgNVBAoTHFN0YXJmaWVsZCBUZWNobm9sb2dpZXMsIEluYy4x\nOzA5BgNVBAMTMlN0YXJmaWVsZCBTZXJ2aWNlcyBSb290IENlcnRpZmljYXRlIEF1\ndGhvcml0eSAtIEcyMB4XDTE1MDUyNTEyMDAwMFoXDTM3MTIzMTAxMDAwMFowOTEL\nMAkGA1UEBhMCVVMxDzANBgNVBAoTBkFtYXpvbjEZMBcGA1UEAxMQQW1hem9uIFJv\nb3QgQ0EgMTCCASIwDQYJKoZIhvcNAQEBBQADggEPADCCAQoCggEBALJ4gHHKeNXj\nca9HgFB0fW7Y14h29Jlo91ghYPl0hAEvrAIthtOgQ3pOsqTQNroBvo3bSMgHFzZM\n9O6II8c+6zf1tRn4SWiw3te5djgdYZ6k/oI2peVKVuRF4fn9tBb6dNqcmzU5L/qw\nIFAGbHrQgLKm+a/sRxmPUDgH3KKHOVj4utWp+UhnMJbulHheb4mjUcAwhmahRWa6\nVOujw5H5SNz/0egwLX0tdHA114gk957EWW67c4cX8jJGKLhD+rcdqsq08p8kDi1L\n93FcXmn/6pUCyziKrlA4b9v7LWIbxcceVOF34GfID5yHI9Y/QCB/IIDEgEw+OyQm\njgSubJrIqg0CAwEAAaOCATEwggEtMA8GA1UdEwEB/wQFMAMBAf8wDgYDVR0PAQH/\nBAQDAgGGMB0GA1UdDgQWBBSEGMyFNOy8DJSULghZnMeyEE4KCDAfBgNVHSMEGDAW\ngBScXwDfqgHXMCs4iKK4bUqc8hGRgzB4BggrBgEFBQcBAQRsMGowLgYIKwYBBQUH\nMAGGImh0dHA6Ly9vY3NwLnJvb3RnMi5hbWF6b250cnVzdC5jb20wOAYIKwYBBQUH\nMAKGLGh0dHA6Ly9jcnQucm9vdGcyLmFtYXpvbnRydXN0LmNvbS9yb290ZzIuY2Vy\nMD0GA1UdHwQ2MDQwMqAwoC6GLGh0dHA6Ly9jcmwucm9vdGcyLmFtYXpvbnRydXN0\nLmNvbS9yb290ZzIuY3JsMBEGA1UdIAQKMAgwBgYEVR0gADANBgkqhkiG9w0BAQsF\nAAOCAQEAYjdCXLwQtT6LLOkMm2xF4gcAevnFWAu5CIw+7bMlPLVvUOTNNWqnkzSW\nMiGpSESrnO09tKpzbeR/FoCJbM8oAxiDR3mjEH4wW6w7sGDgd9QIpuEdfF7Au/ma\neyKdpwAJfqxGF4PcnCZXmTA5YpaP7dreqsXMGz7KQ2hsVxa81Q4gLv7/wmpdLqBK\nbRRYh5TmOTFffHPLkIhqhBGWJ6bt2YFGpn6jcgAKUj6DiAdjd4lpFw85hdKrCEVN\n0FE6/V1dN2RMfjCyVSRCnTawXZwXgWHxyvkQAiSr6w10kY17RSlQOYiypok1JR4U\nakcjMS9cmvqtmg5iUaQqqcT5NJ0hGA==\n-----END CERTIFICATE-----\n",
                "is_ca": true,
                "issuer": "CN=Starfield Services Root Certificate Authority - G2,O=Starfield Technologies\\, Inc.,L=Scottsdale,ST=Arizona,C=US",
                "max_path_length": -1,
                "not_after": "2037-12-31T01:00:00Z",
                "not_before": "2015-05-25T12:00:00Z",
                "public_key_algorithm": "RSA",
                "serial_number": "144918191876577076464031512351042010504348870",
                "sha1_fingerprint": "06b25927c42a721631c1efd9431e648fa62e1e39",
                "signature_algorithm": "SHA256-RSA",
                "subject": "CN=Amazon Root CA 1,O=Amazon,C=US",
                "version": 3
              },
              {
                "cert_pem": "-----BEGIN CERTIFICATE-----\nMIIEXjCCA0agAwIBAgITB3MSTyqVLj7Rili9uF0bwM5fJzANBgkqhkiG9w0BAQsF\nADA5MQswCQYDVQQGEwJVUzEPMA0GA1UEChMGQW1hem9uMRkwFwYDVQQDExBBbWF6\nb24gUm9vdCBDQSAxMB4XDTIyMDgyMzIyMjYzNVoXDTMwMDgyMzIyMjYzNVowPDEL\nMAkGA1UEBhMCVVMxDzANBgNVBAoTBkFtYXpvbjEcMBoGA1UEAxMTQW1hem9uIFJT\nQSAyMDQ4IE0wNDCCASIwDQYJKoZIhvcNAQEBBQADggEPADCCAQoCggEBAM3pVR6A\nlQOp4xe776FdePXyejgA38mYx1ou9/jrpV6Sfn+/oqBKgwhY6ePsQHHQayWBJdBn\nv4Wz363qRI4XUh9swBFJ11TnZ3LqOMvHmWq2+loA0QPtOfXdJ2fHBLrBrngtJ/GB\n0p5olAVYrSZgvQGP16Rf8ddtNyxEEhYm3HuhmNi+vSeAq1tLYJPAvRCXonTpWdSD\nxY6hvdmxlqTYi82AtBXSfpGQ58HHM0hw0C6aQakghrwWi5fGslLOqzpimNMIsT7c\nqa0GJx6JfKqJqmQQNplO2h8n9ZsFJgBowof01ppdoLAWg6caMOM0om/VILKaa30F\n9W/r8Qjah7ltGVkCAwEAAaOCAVowggFWMBIGA1UdEwEB/wQIMAYBAf8CAQAwDgYD\nVR0PAQH/BAQDAgGGMB0GA1UdJQQWMBQGCCsGAQUFBwMBBggrBgEFBQcDAjAdBgNV\nHQ4EFgQUH1KSYVaCVH+BZtgdPQqqMlyH3QgwHwYDVR0jBBgwFoAUhBjMhTTsvAyU\nlC4IWZzHshBOCggwewYIKwYBBQUHAQEEbzBtMC8GCCsGAQUFBzABhiNodHRwOi8v\nb2NzcC5yb290Y2ExLmFtYXpvbnRydXN0LmNvbTA6BggrBgEFBQcwAoYuaHR0cDov\nL2NydC5yb290Y2ExLmFtYXpvbnRydXN0LmNvbS9yb290Y2ExLmNlcjA/BgNVHR8E\nODA2MDSgMqAwhi5odHRwOi8vY3JsLnJvb3RjYTEuYW1hem9udHJ1c3QuY29tL3Jv\nb3RjYTEuY3JsMBMGA1UdIAQMMAowCAYGZ4EMAQIBMA0GCSqGSIb3DQEBCwUAA4IB\nAQA+1O5UsAaNuW3lHzJtpNGwBnZd9QEYFtxpiAnIaV4qApnGS9OCw5ZPwie7YSlD\nZF5yyFPsFhUC2Q9uJHY/CRV1b5hIiGH0+6+w5PgKiY1MWuWT8VAaJjFxvuhM7a/e\nfN2TIw1Wd6WCl6YRisunjQOrSP+unqC8A540JNyZ1JOE3jVqat3OZBGgMvihdj2w\nY23EpwesrKiQzkHzmvSH67PVW4ycbPy08HVZnBxZ5NrlGG9bwXR3fNTaz+c+Ej6c\n5AnwI3qkOFgSkg3Y75cdFz6pO/olK+e3AqygAcv0WjzmkDPuBjssuZjCHMC56oH3\nGJkV29Di2j5prHJbwZjG1inU\n-----END CERTIFICATE-----\n",
                "is_ca": true,
                "issuer": "CN=Amazon Root CA 1,O=Amazon,C=US",
                "max_path_length": 0,
                "not_after": "2030-08-23T22:26:35Z",
                "not_before": "2022-08-23T22:26:35Z",
                "public_key_algorithm": "RSA",
                "serial_number": "166129359584585245282080020727744908546170663",
                "sha1_fingerprint": "e7b8b5a6743ce1b2f17b041de59558a41472d70c",
                "signature_algorithm": "SHA256-RSA",
                "subject": "CN=Amazon RSA 2048 M04,O=Amazon,C=US",
                "version": 3
              },
              {
                "cert_pem": "-----BEGIN CERTIFICATE-----\nMIIF7zCCBNegAwIBAgIQC4HPDDrRFSrZcvCgHFWYVzANBgkqhkiG9w0BAQsFADA8\nMQswCQYDVQQGEwJVUzEPMA0GA1UEChMGQW1hem9uMRwwGgYDVQQDExNBbWF6b24g\nUlNBIDIwNDggTTA0MB4XDTI2MDIwMTAwMDAwMFoXDTI3MDMwMjIzNTk1OVowLTEr\nMCkGA1UEAwwiKi5la3MuYXAtc291dGhlYXN0LTEuYW1hem9uYXdzLmNvbTCCASIw\nDQYJKoZIhvcNAQEBBQADggEPADCCAQoCggEBALa9LDM5bxhotEnLEpxxpxG97vxM\n/Evg4Bp3qXkDpEYW98X3PA4LTnZo4tkFb2KlWt3pMD7liskVkIZozdpihfDu/IzZ\n4jrM1hyWyuffm/0LicvSVhH58INbitWIk1l4We4Wg2+4two23oqS4wJ4KL9S/BXs\n2i+CKInPjpCWjg7xp4QwxrRh5Hu6M9coOfULEG2e6sxFiwrfbs3bW7FFYelmlRo+\nFQGJm0nZoSiWLJ35ENSQ4zvSpsoEYTol8QVzGlJnQd/7mXmCdUfLk4uO4+/lRcrp\npI/3SkHv8kcar2KkQG1H+XvXXDPTYmTb3znQHYJj+OxxbcHlGG7tR64Uv1sCAwEA\nAaOCAvowggL2MB8GA1UdIwQYMBaAFB9SkmFWglR/gWbYHT0KqjJch90IMB0GA1Ud\nDgQWBBQfI0EVFAgc2x9pXHvaSeeZ5/fVYTAtBgNVHREEJjAkgiIqLmVrcy5hcC1z\nb3V0aGVhc3QtMS5hbWF6b25hd3MuY29tMBMGA1UdIAQMMAowCAYGZ4EMAQIBMA4G\nA1UdDwEB/wQEAwIFoDATBgNVHSUEDDAKBggrBgEFBQcDATA7BgNVHR8ENDAyMDCg\nLqAshipodHRwOi8vY3JsLnIybTA0LmFtYXpvbnRydXN0LmNvbS9yMm0wNC5jcmww\ndQYIKwYBBQUHAQEEaTBnMC0GCCsGAQUFBzABhiFodHRwOi8vb2NzcC5yMm0wNC5h\nbWF6b250cnVzdC5jb20wNgYIKwYBBQUHMAKGKmh0dHA6Ly9jcnQucjJtMDQuYW1h\nem9udHJ1c3QuY29tL3IybTA0LmNlcjAMBgNVHRMBAf8EAjAAMIIBhwYKKwYBBAHW\neQIEAgSCAXcEggFzAXEAdgBMY9yY5Zwdq4j2Hoo93q6Pq0SjN3tfm5TD+6Gc/MG+\nJgAAAZwWlSVfAAAEAwBHMEUCIQDt8TyjBj3EW9gmErMcRzzMp3T2rzYc60zOCHWo\nVC/CYwIgapL/fV9DOktuCWA21+RD8FkSOBoYDhim3rqFd93/nDEAdwAcn2gs6frw\nRWlQ+BuWiofd2zIQ2EzmyLLjglJKxM9ZnwAAAZwWlSV4AAAEAwBIMEYCIQDDtgeS\nGZOawQnwQ4XgzTjOnW2beOtiqzqSF2kP9oLcBQIhAMP2Uym2xVI/HWr8kKHmlLdk\noUbubFdKvjlbPT7T19UZAH4AjspHC6zeavOiBrCkeoS3Rv4fxr+VPiXmm07kAkjz\nxugAAAGcFpUlkgAIAAAFAAInUf0EAwBHMEUCIQD34WTVIQZUFboaicgYMDpA0AjE\n9lgHzkQPhk3LEL3ltgIgINlbbcgxL/XR9jvVOzeLXE+Oitpj0ZeBQ5q00BiEY+ow\nDQYJKoZIhvcNAQELBQADggEBAG9kS7LzlOJtQbzKC013te73RJ1s0XHmpfAY55dB\nShRZSqDjKkv61W8M8wnRCfttMe/fJWIism8NoYkadP0ltNFmmZzHw4yYTX1KQq2U\nA54AAGKTIP8D2BeCSJSkgIAf6yndz4MLZvO9t1wHBCFELiH7D/t7LLB9voWzh1aC\nhq8wt6U9KtLUaT0UGOctQb41FSW80JV6Y1uDYIjydf7EgtKYgBZWsg5Qo51dozN5\nb/iB5sNgFzFxrv9b+xsLr4bxmWhDJ+YDLZLZGfX0qfZ8hMHKumdS5g9ZIr4cQYp9\n1IkSTneYDEN6npeggiJnbTcPa6xbydgAz0+VntlJI0iAScc=\n-----END CERTIFICATE-----\n",
                "is_ca": false,
                "issuer": "CN=Amazon RSA 2048 M04,O=Amazon,C=US",
                "max_path_length": -1,
                "not_after": "2027-03-02T23:59:59Z",
                "not_before": "2026-02-01T00:00:00Z",
                "public_key_algorithm": "RSA",
                "serial_number": "15295513676113869459037833359034521687",
                "sha1_fingerprint": "4596ff1008e615eadf7c4d92326ea0cc7ec8c50f",
                "signature_algorithm": "SHA256-RSA",
                "subject": "CN=*.eks.ap-southeast-1.amazonaws.com",
                "version": 3
              }
            ],
            "content": null,
            "id": "e612b2443a55ee2c98467bff460cf41a1094cd46",
            "url": "https://oidc.eks.ap-southeast-1.amazonaws.com/id/722507FDF1BD415792E6A516E0F29048",
            "verify_chain": true
          },
          "sensitive_attributes": [],
          "identity_schema_version": 0
        }
      ]
    },
    {
      "module": "module.eks",
      "mode": "managed",
      "type": "aws_cloudwatch_log_group",
      "name": "this",
      "provider": "provider[\"registry.terraform.io/hashicorp/aws\"]",
      "instances": [
        {
          "index_key": 0,
          "schema_version": 0,
          "attributes": {
            "arn": "arn:aws:logs:ap-southeast-1:656732270450:log-group:/aws/eks/demo-eks-cluster/cluster",
            "id": "/aws/eks/demo-eks-cluster/cluster",
            "kms_key_id": "",
            "log_group_class": "STANDARD",
            "name": "/aws/eks/demo-eks-cluster/cluster",
            "name_prefix": "",
            "retention_in_days": 90,
            "skip_destroy": false,
            "tags": {
              "Name": "/aws/eks/demo-eks-cluster/cluster",
              "karpenter.sh/discovery": "demo-eks-cluster"
            },
            "tags_all": {
              "Name": "/aws/eks/demo-eks-cluster/cluster",
              "karpenter.sh/discovery": "demo-eks-cluster"
            }
          },
          "sensitive_attributes": [],
          "identity_schema_version": 0,
          "private": "bnVsbA==",
          "create_before_destroy": true
        }
      ]
    },
    {
      "module": "module.eks",
      "mode": "managed",
      "type": "aws_ec2_tag",
      "name": "cluster_primary_security_group",
      "provider": "provider[\"registry.terraform.io/hashicorp/aws\"]",
      "instances": [
        {
          "index_key": "karpenter.sh/discovery",
          "schema_version": 0,
          "attributes": {
            "id": "sg-0224243a3be5ecf79,karpenter.sh/discovery",
            "key": "karpenter.sh/discovery",
            "resource_id": "sg-0224243a3be5ecf79",
            "value": "demo-eks-cluster"
          },
          "sensitive_attributes": [],
          "identity_schema_version": 0,
          "private": "bnVsbA==",
          "dependencies": [
            "module.eks.aws_cloudwatch_log_group.this",
            "module.eks.aws_eks_cluster.this",
            "module.eks.aws_iam_policy.cni_ipv6_policy",
            "module.eks.aws_iam_role.eks_auto",
            "module.eks.aws_iam_role.this",
            "module.eks.aws_iam_role_policy_attachment.this",
            "module.eks.aws_security_group.cluster",
            "module.eks.aws_security_group.node",
            "module.eks.aws_security_group_rule.cluster",
            "module.eks.aws_security_group_rule.node",
            "module.eks.data.aws_caller_identity.current",
            "module.eks.data.aws_iam_policy_document.assume_role_policy",
            "module.eks.data.aws_iam_policy_document.cni_ipv6_policy",
            "module.eks.data.aws_iam_policy_document.node_assume_role_policy",
            "module.eks.data.aws_iam_session_context.current",
            "module.eks.data.aws_partition.current",
            "module.eks.module.kms.aws_kms_external_key.this",
            "module.eks.module.kms.aws_kms_key.this",
            "module.eks.module.kms.aws_kms_replica_external_key.this",
            "module.eks.module.kms.aws_kms_replica_key.this",
            "module.eks.module.kms.data.aws_caller_identity.current",
            "module.eks.module.kms.data.aws_iam_policy_document.this",
            "module.eks.module.kms.data.aws_partition.current",
            "module.vpc.aws_subnet.private",
            "module.vpc.aws_vpc.this",
            "module.vpc.aws_vpc_ipv4_cidr_block_association.this"
          ]
        }
      ]
    },
    {
      "module": "module.eks",
      "mode": "managed",
      "type": "aws_eks_cluster",
      "name": "this",
      "provider": "provider[\"registry.terraform.io/hashicorp/aws\"]",
      "instances": [
        {
          "index_key": 0,
          "schema_version": 1,
          "attributes": {
            "access_config": [
              {
                "authentication_mode": "API_AND_CONFIG_MAP",
                "bootstrap_cluster_creator_admin_permissions": false
              }
            ],
            "arn": "arn:aws:eks:ap-southeast-1:656732270450:cluster/demo-eks-cluster",
            "bootstrap_self_managed_addons": true,
            "certificate_authority": [
              {
                "data": "LS0tLS1CRUdJTiBDRVJUSUZJQ0FURS0tLS0tCk1JSURCVENDQWUyZ0F3SUJBZ0lJQTloMm1TUExsZEl3RFFZSktvWklodmNOQVFFTEJRQXdGVEVUTUJFR0ExVUUKQXhNS2EzVmlaWEp1WlhSbGN6QWVGdzB5TmpBMk1ETXdNVEk0TURKYUZ3MHpOakExTXpFd01UTXpNREphTUJVeApFekFSQmdOVkJBTVRDbXQxWW1WeWJtVjBaWE13Z2dFaU1BMEdDU3FHU0liM0RRRUJBUVVBQTRJQkR3QXdnZ0VLCkFvSUJBUUMvcEllN3FTaVZGbWNZQ0poVUdibnZqK3NJaVltcEhWbVFlSmluZEY3UmVzbDRUdC9qV3lVT2RETysKWnk5YklVS29MWFg3b1FVTDVuOWVEOTdlWXdOYk5uQ3VXLzY0RFl6VTFRMHpOMzFDaGRCYVM1dUVMWjEzbTFoOQptSWNQRHIxVUgvb0FOSythMUdlV0NzTGZOeE55dkxudUQwU2NRVjhqKzV5MUlKOGZnNVZhelFDRkV6ZHY3clA0CndJblRCaWN3RUxzdlpLbjBnMHF1c3l4MkZ1OWJVL3UrVitmMzlCd2pUWHh1YzE3QmdDb0Z0MTg0NGtGME5iZkIKZWZVNldVaGovVEpvQVhiSU5uS1U3ejV3UU1qR3AyYzJXdmYyRWFwTzJ1a2cyOUxiQmFCdXlPWWZZUURFbFVnQgpwUWszN3VtWEQ4bjV4dTB3YzFidFhqUDh6RmsxQWdNQkFBR2pXVEJYTUE0R0ExVWREd0VCL3dRRUF3SUNwREFQCkJnTlZIUk1CQWY4RUJUQURBUUgvTUIwR0ExVWREZ1FXQkJRWjlTUUU2My9YSUlBaE8wWmY0ZTQzRHZKbndqQVYKQmdOVkhSRUVEakFNZ2dwcmRXSmxjbTVsZEdWek1BMEdDU3FHU0liM0RRRUJDd1VBQTRJQkFRQTVjaWN2eWs4VgozdEFQelF1UkZqaDhUODBJdDlFTm9QS0NvR3Z5dW1UMFNQYytMWGkrdHFiRmg3cWxVcjBrU0lVcGVRcEhiOFhIClZUOXFGdzdibk5ZbXpNeHFTQlg0VTZ0TFJXa3VIRVAybmdHM0g1TmtxYStrcWxIa3E2Z01vR1haaGRlRnB5MzMKNWphQUJuRzNWV24vZWRSQlRlSHlDL1FHTXFRaXRjU0F0RitMNmlDcE9PK1RNdGJ1ak0xazAwZHkwYzQyLzhNZwpMaUhUYWE5azA1LzB2T0xRWnRBOTZsc01PWERoa0VMeHEyeE5GeFRFelYxckVpbFo4SU5iMmU1cEJucDIwZG5XClYzWHR5MDdBMC96NVNiSjNlc0xqRStrQjVia1oyaWF5cEgxWnk2TXBEV0k3VVRsN0duVFJqdlNJMzBRSGd4Z0EKZ25nc3FteUVkekJ1Ci0tLS0tRU5EIENFUlRJRklDQVRFLS0tLS0K"
              }
            ],
            "cluster_id": null,
            "compute_config": [],
            "created_at": "2026-06-03T01:29:05Z",
            "enabled_cluster_log_types": [
              "api",
              "audit",
              "authenticator"
            ],
            "encryption_config": [
              {
                "provider": [
                  {
                    "key_arn": "arn:aws:kms:ap-southeast-1:656732270450:key/11fb11e3-76c7-4a77-bcb6-e68cdf50da74"
                  }
                ],
                "resources": [
                  "secrets"
                ]
              }
            ],
            "endpoint": "https://722507FDF1BD415792E6A516E0F29048.gr7.ap-southeast-1.eks.amazonaws.com",
            "force_update_version": null,
            "id": "demo-eks-cluster",
            "identity": [
              {
                "oidc": [
                  {
                    "issuer": "https://oidc.eks.ap-southeast-1.amazonaws.com/id/722507FDF1BD415792E6A516E0F29048"
                  }
                ]
              }
            ],
            "kubernetes_network_config": [
              {
                "elastic_load_balancing": [
                  {
                    "enabled": false
                  }
                ],
                "ip_family": "ipv4",
                "service_ipv4_cidr": "172.20.0.0/16",
                "service_ipv6_cidr": ""
              }
            ],
            "name": "demo-eks-cluster",
            "outpost_config": [],
            "platform_version": "eks.45",
            "remote_network_config": [],
            "role_arn": "arn:aws:iam::656732270450:role/demo-eks-cluster-cluster-20260603012839791300000001",
            "status": "ACTIVE",
            "storage_config": [],
            "tags": {
              "karpenter.sh/discovery": "demo-eks-cluster",
              "terraform-aws-modules": "eks"
            },
            "tags_all": {
              "karpenter.sh/discovery": "demo-eks-cluster",
              "terraform-aws-modules": "eks"
            },
            "timeouts": {
              "create": null,
              "delete": null,
              "update": null
            },
            "upgrade_policy": [
              {
                "support_type": "EXTENDED"
              }
            ],
            "version": "1.32",
            "vpc_config": [
              {
                "cluster_security_group_id": "sg-0224243a3be5ecf79",
                "endpoint_private_access": true,
                "endpoint_public_access": true,
                "public_access_cidrs": [
                  "0.0.0.0/0"
                ],
                "security_group_ids": [
                  "sg-07fac3d3d94c2ce66"
                ],
                "subnet_ids": [
                  "subnet-097e274d1ff088e79",
                  "subnet-0cd7e8f28942a0ec5"
                ],
                "vpc_id": "vpc-0b9e47a8c5f831d6a"
              }
            ],
            "zonal_shift_config": []
          },
          "sensitive_attributes": [],
          "identity_schema_version": 0,
          "private": "eyJlMmJmYjczMC1lY2FhLTExZTYtOGY4OC0zNDM2M2JjN2M0YzAiOnsiY3JlYXRlIjoxODAwMDAwMDAwMDAwLCJkZWxldGUiOjkwMDAwMDAwMDAwMCwidXBkYXRlIjozNjAwMDAwMDAwMDAwfSwic2NoZW1hX3ZlcnNpb24iOiIxIn0=",
          "dependencies": [
            "module.eks.aws_cloudwatch_log_group.this",
            "module.eks.aws_iam_policy.cni_ipv6_policy",
            "module.eks.aws_iam_role.eks_auto",
            "module.eks.aws_iam_role.this",
            "module.eks.aws_iam_role_policy_attachment.this",
            "module.eks.aws_security_group.cluster",
            "module.eks.aws_security_group.node",
            "module.eks.aws_security_group_rule.cluster",
            "module.eks.aws_security_group_rule.node",
            "module.eks.data.aws_caller_identity.current",
            "module.eks.data.aws_iam_policy_document.assume_role_policy",
            "module.eks.data.aws_iam_policy_document.cni_ipv6_policy",
            "module.eks.data.aws_iam_policy_document.node_assume_role_policy",
            "module.eks.data.aws_iam_session_context.current",
            "module.eks.data.aws_partition.current",
            "module.eks.module.kms.aws_kms_external_key.this",
            "module.eks.module.kms.aws_kms_key.this",
            "module.eks.module.kms.aws_kms_replica_external_key.this",
            "module.eks.module.kms.aws_kms_replica_key.this",
            "module.eks.module.kms.data.aws_caller_identity.current",
            "module.eks.module.kms.data.aws_iam_policy_document.this",
            "module.eks.module.kms.data.aws_partition.current",
            "module.vpc.aws_subnet.private",
            "module.vpc.aws_vpc.this",
            "module.vpc.aws_vpc_ipv4_cidr_block_association.this"
          ],
          "create_before_destroy": true
        }
      ]
    },
    {
      "module": "module.eks",
      "mode": "managed",
      "type": "aws_iam_openid_connect_provider",
      "name": "oidc_provider",
      "provider": "provider[\"registry.terraform.io/hashicorp/aws\"]",
      "instances": [
        {
          "index_key": 0,
          "schema_version": 0,
          "attributes": {
            "arn": "arn:aws:iam::656732270450:oidc-provider/oidc.eks.ap-southeast-1.amazonaws.com/id/722507FDF1BD415792E6A516E0F29048",
            "client_id_list": [
              "sts.amazonaws.com"
            ],
            "id": "arn:aws:iam::656732270450:oidc-provider/oidc.eks.ap-southeast-1.amazonaws.com/id/722507FDF1BD415792E6A516E0F29048",
            "tags": {
              "Name": "demo-eks-cluster-eks-irsa",
              "karpenter.sh/discovery": "demo-eks-cluster"
            },
            "tags_all": {
              "Name": "demo-eks-cluster-eks-irsa",
              "karpenter.sh/discovery": "demo-eks-cluster"
            },
            "thumbprint_list": [
              "06b25927c42a721631c1efd9431e648fa62e1e39"
            ],
            "url": "oidc.eks.ap-southeast-1.amazonaws.com/id/722507FDF1BD415792E6A516E0F29048"
          },
          "sensitive_attributes": [],
          "identity_schema_version": 0,
          "private": "bnVsbA==",
          "dependencies": [
            "module.eks.aws_cloudwatch_log_group.this",
            "module.eks.aws_eks_cluster.this",
            "module.eks.aws_iam_policy.cni_ipv6_policy",
            "module.eks.aws_iam_role.eks_auto",
            "module.eks.aws_iam_role.this",
            "module.eks.aws_iam_role_policy_attachment.this",
            "module.eks.aws_security_group.cluster",
            "module.eks.aws_security_group.node",
            "module.eks.aws_security_group_rule.cluster",
            "module.eks.aws_security_group_rule.node",
            "module.eks.data.aws_caller_identity.current",
            "module.eks.data.aws_iam_policy_document.assume_role_policy",
            "module.eks.data.aws_iam_policy_document.cni_ipv6_policy",
            "module.eks.data.aws_iam_policy_document.node_assume_role_policy",
            "module.eks.data.aws_iam_session_context.current",
            "module.eks.data.aws_partition.current",
            "module.eks.data.tls_certificate.this",
            "module.eks.module.kms.aws_kms_external_key.this",
            "module.eks.module.kms.aws_kms_key.this",
            "module.eks.module.kms.aws_kms_replica_external_key.this",
            "module.eks.module.kms.aws_kms_replica_key.this",
            "module.eks.module.kms.data.aws_caller_identity.current",
            "module.eks.module.kms.data.aws_iam_policy_document.this",
            "module.eks.module.kms.data.aws_partition.current",
            "module.vpc.aws_subnet.private",
            "module.vpc.aws_vpc.this",
            "module.vpc.aws_vpc_ipv4_cidr_block_association.this"
          ]
        }
      ]
    },
    {
      "module": "module.eks",
      "mode": "managed",
      "type": "aws_iam_policy",
      "name": "cluster_encryption",
      "provider": "provider[\"registry.terraform.io/hashicorp/aws\"]",
      "instances": [
        {
          "index_key": 0,
          "schema_version": 0,
          "attributes": {
            "arn": "arn:aws:iam::656732270450:policy/demo-eks-cluster-cluster-ClusterEncryption20260603012903557800000014",
            "attachment_count": 0,
            "description": "Cluster encryption policy to allow cluster role to utilize CMK provided",
            "id": "arn:aws:iam::656732270450:policy/demo-eks-cluster-cluster-ClusterEncryption20260603012903557800000014",
            "name": "demo-eks-cluster-cluster-ClusterEncryption20260603012903557800000014",
            "name_prefix": "demo-eks-cluster-cluster-ClusterEncryption",
            "path": "/",
            "policy": "{\"Statement\":[{\"Action\":[\"kms:Encrypt\",\"kms:Decrypt\",\"kms:ListGrants\",\"kms:DescribeKey\"],\"Effect\":\"Allow\",\"Resource\":\"arn:aws:kms:ap-southeast-1:656732270450:key/11fb11e3-76c7-4a77-bcb6-e68cdf50da74\"}],\"Version\":\"2012-10-17\"}",
            "policy_id": "ANPAZR2CLF5ZCJGSIWG44",
            "tags": {
              "karpenter.sh/discovery": "demo-eks-cluster"
            },
            "tags_all": {
              "karpenter.sh/discovery": "demo-eks-cluster"
            }
          },
          "sensitive_attributes": [],
          "identity_schema_version": 0,
          "private": "bnVsbA==",
          "dependencies": [
            "module.eks.aws_iam_role.this",
            "module.eks.data.aws_caller_identity.current",
            "module.eks.data.aws_iam_policy_document.assume_role_policy",
            "module.eks.data.aws_iam_session_context.current",
            "module.eks.module.kms.aws_kms_external_key.this",
            "module.eks.module.kms.aws_kms_key.this",
            "module.eks.module.kms.aws_kms_replica_external_key.this",
            "module.eks.module.kms.aws_kms_replica_key.this",
            "module.eks.module.kms.data.aws_caller_identity.current",
            "module.eks.module.kms.data.aws_iam_policy_document.this",
            "module.eks.module.kms.data.aws_partition.current"
          ]
        }
      ]
    },
    {
      "module": "module.eks",
      "mode": "managed",
      "type": "aws_iam_policy",
      "name": "custom",
      "provider": "provider[\"registry.terraform.io/hashicorp/aws\"]",
      "instances": [
        {
          "index_key": 0,
          "schema_version": 0,
          "attributes": {
            "arn": "arn:aws:iam::656732270450:policy/demo-eks-cluster-cluster-20260603012839791300000005",
            "attachment_count": 0,
            "description": "",
            "id": "arn:aws:iam::656732270450:policy/demo-eks-cluster-cluster-20260603012839791300000005",
            "name": "demo-eks-cluster-cluster-20260603012839791300000005",
            "name_prefix": "demo-eks-cluster-cluster-",
            "path": "/",
            "policy": "{\"Statement\":[{\"Action\":[\"ec2:RunInstances\",\"ec2:CreateLaunchTemplate\",\"ec2:CreateFleet\"],\"Condition\":{\"StringEquals\":{\"aws:RequestTag/eks:eks-cluster-name\":\"${aws:PrincipalTag/eks:eks-cluster-name}\"},\"StringLike\":{\"aws:RequestTag/eks:kubernetes-node-class-name\":\"*\",\"aws:RequestTag/eks:kubernetes-node-pool-name\":\"*\"}},\"Effect\":\"Allow\",\"Resource\":\"*\",\"Sid\":\"Compute\"},{\"Action\":[\"ec2:CreateVolume\",\"ec2:CreateSnapshot\"],\"Condition\":{\"StringEquals\":{\"aws:RequestTag/eks:eks-cluster-name\":\"${aws:PrincipalTag/eks:eks-cluster-name}\"}},\"Effect\":\"Allow\",\"Resource\":[\"arn:aws:ec2:*:*:volume/*\",\"arn:aws:ec2:*:*:snapshot/*\"],\"Sid\":\"Storage\"},{\"Action\":\"ec2:CreateNetworkInterface\",\"Condition\":{\"StringEquals\":{\"aws:RequestTag/eks:eks-cluster-name\":\"${aws:PrincipalTag/eks:eks-cluster-name}\",\"aws:RequestTag/eks:kubernetes-cni-node-name\":\"*\"}},\"Effect\":\"Allow\",\"Resource\":\"*\",\"Sid\":\"Networking\"},{\"Action\":[\"elasticloadbalancing:CreateTargetGroup\",\"elasticloadbalancing:CreateRule\",\"elasticloadbalancing:CreateLoadBalancer\",\"elasticloadbalancing:CreateListener\",\"ec2:CreateSecurityGroup\"],\"Condition\":{\"StringEquals\":{\"aws:RequestTag/eks:eks-cluster-name\":\"${aws:PrincipalTag/eks:eks-cluster-name}\"}},\"Effect\":\"Allow\",\"Resource\":\"*\",\"Sid\":\"LoadBalancer\"},{\"Action\":\"shield:CreateProtection\",\"Condition\":{\"StringEquals\":{\"aws:RequestTag/eks:eks-cluster-name\":\"${aws:PrincipalTag/eks:eks-cluster-name}\"}},\"Effect\":\"Allow\",\"Resource\":\"*\",\"Sid\":\"ShieldProtection\"},{\"Action\":\"shield:TagResource\",\"Condition\":{\"StringEquals\":{\"aws:RequestTag/eks:eks-cluster-name\":\"${aws:PrincipalTag/eks:eks-cluster-name}\"}},\"Effect\":\"Allow\",\"Resource\":\"arn:aws:shield::*:protection/*\",\"Sid\":\"ShieldTagResource\"}],\"Version\":\"2012-10-17\"}",
            "policy_id": "ANPAZR2CLF5ZHUFPJ5OXK",
            "tags": {
              "karpenter.sh/discovery": "demo-eks-cluster"
            },
            "tags_all": {
              "karpenter.sh/discovery": "demo-eks-cluster"
            }
          },
          "sensitive_attributes": [],
          "identity_schema_version": 0,
          "private": "bnVsbA==",
          "dependencies": [
            "module.eks.data.aws_iam_policy_document.custom",
            "module.eks.data.aws_partition.current"
          ]
        }
      ]
    },
    {
      "module": "module.eks",
      "mode": "managed",
      "type": "aws_iam_role",
      "name": "this",
      "provider": "provider[\"registry.terraform.io/hashicorp/aws\"]",
      "instances": [
        {
          "index_key": 0,
          "schema_version": 0,
          "attributes": {
            "arn": "arn:aws:iam::656732270450:role/demo-eks-cluster-cluster-20260603012839791300000001",
            "assume_role_policy": "{\"Statement\":[{\"Action\":[\"sts:TagSession\",\"sts:AssumeRole\"],\"Effect\":\"Allow\",\"Principal\":{\"Service\":\"eks.amazonaws.com\"},\"Sid\":\"EKSClusterAssumeRole\"}],\"Version\":\"2012-10-17\"}",
            "create_date": "2026-06-03T01:28:39Z",
            "description": "",
            "force_detach_policies": true,
            "id": "demo-eks-cluster-cluster-20260603012839791300000001",
            "inline_policy": [],
            "managed_policy_arns": [],
            "max_session_duration": 3600,
            "name": "demo-eks-cluster-cluster-20260603012839791300000001",
            "name_prefix": "demo-eks-cluster-cluster-",
            "path": "/",
            "permissions_boundary": "",
            "tags": {
              "karpenter.sh/discovery": "demo-eks-cluster"
            },
            "tags_all": {
              "karpenter.sh/discovery": "demo-eks-cluster"
            },
            "unique_id": "AROAZR2CLF5ZICQUVROLZ"
          },
          "sensitive_attributes": [],
          "identity_schema_version": 0,
          "private": "bnVsbA==",
          "dependencies": [
            "module.eks.data.aws_iam_policy_document.assume_role_policy"
          ],
          "create_before_destroy": true
        }
      ]
    },
    {
      "module": "module.eks",
      "mode": "managed",
      "type": "aws_iam_role_policy_attachment",
      "name": "cluster_encryption",
      "provider": "provider[\"registry.terraform.io/hashicorp/aws\"]",
      "instances": [
        {
          "index_key": 0,
          "schema_version": 0,
          "attributes": {
            "id": "demo-eks-cluster-cluster-20260603012839791300000001-20260603012904845700000015",
            "policy_arn": "arn:aws:iam::656732270450:policy/demo-eks-cluster-cluster-ClusterEncryption20260603012903557800000014",
            "role": "demo-eks-cluster-cluster-20260603012839791300000001"
          },
          "sensitive_attributes": [],
          "identity_schema_version": 0,
          "private": "bnVsbA==",
          "dependencies": [
            "module.eks.aws_iam_policy.cluster_encryption",
            "module.eks.aws_iam_role.this",
            "module.eks.data.aws_caller_identity.current",
            "module.eks.data.aws_iam_policy_document.assume_role_policy",
            "module.eks.data.aws_iam_session_context.current",
            "module.eks.module.kms.aws_kms_external_key.this",
            "module.eks.module.kms.aws_kms_key.this",
            "module.eks.module.kms.aws_kms_replica_external_key.this",
            "module.eks.module.kms.aws_kms_replica_key.this",
            "module.eks.module.kms.data.aws_caller_identity.current",
            "module.eks.module.kms.data.aws_iam_policy_document.this",
            "module.eks.module.kms.data.aws_partition.current"
          ]
        }
      ]
    },
    {
      "module": "module.eks",
      "mode": "managed",
      "type": "aws_iam_role_policy_attachment",
      "name": "custom",
      "provider": "provider[\"registry.terraform.io/hashicorp/aws\"]",
      "instances": [
        {
          "index_key": 0,
          "schema_version": 0,
          "attributes": {
            "id": "demo-eks-cluster-cluster-20260603012839791300000001-2026060301284247010000000e",
            "policy_arn": "arn:aws:iam::656732270450:policy/demo-eks-cluster-cluster-20260603012839791300000005",
            "role": "demo-eks-cluster-cluster-20260603012839791300000001"
          },
          "sensitive_attributes": [],
          "identity_schema_version": 0,
          "private": "bnVsbA==",
          "dependencies": [
            "module.eks.aws_iam_policy.custom",
            "module.eks.aws_iam_role.this",
            "module.eks.data.aws_iam_policy_document.assume_role_policy",
            "module.eks.data.aws_iam_policy_document.custom",
            "module.eks.data.aws_partition.current"
          ]
        }
      ]
    },
    {
      "module": "module.eks",
      "mode": "managed",
      "type": "aws_iam_role_policy_attachment",
      "name": "this",
      "provider": "provider[\"registry.terraform.io/hashicorp/aws\"]",
      "instances": [
        {
          "index_key": "AmazonEKSClusterPolicy",
          "schema_version": 0,
          "attributes": {
            "id": "demo-eks-cluster-cluster-20260603012839791300000001-2026060301284243950000000d",
            "policy_arn": "arn:aws:iam::aws:policy/AmazonEKSClusterPolicy",
            "role": "demo-eks-cluster-cluster-20260603012839791300000001"
          },
          "sensitive_attributes": [],
          "identity_schema_version": 0,
          "private": "bnVsbA==",
          "dependencies": [
            "module.eks.aws_iam_role.this",
            "module.eks.data.aws_iam_policy_document.assume_role_policy",
            "module.eks.data.aws_partition.current"
          ],
          "create_before_destroy": true
        },
        {
          "index_key": "AmazonEKSVPCResourceController",
          "schema_version": 0,
          "attributes": {
            "id": "demo-eks-cluster-cluster-20260603012839791300000001-2026060301284243580000000c",
            "policy_arn": "arn:aws:iam::aws:policy/AmazonEKSVPCResourceController",
            "role": "demo-eks-cluster-cluster-20260603012839791300000001"
          },
          "sensitive_attributes": [],
          "identity_schema_version": 0,
          "private": "bnVsbA==",
          "dependencies": [
            "module.eks.aws_iam_role.this",
            "module.eks.data.aws_iam_policy_document.assume_role_policy",
            "module.eks.data.aws_partition.current"
          ],
          "create_before_destroy": true
        }
      ]
    },
    {
      "module": "module.eks",
      "mode": "managed",
      "type": "aws_security_group",
      "name": "cluster",
      "provider": "provider[\"registry.terraform.io/hashicorp/aws\"]",
      "instances": [
        {
          "index_key": 0,
          "schema_version": 1,
          "attributes": {
            "arn": "arn:aws:ec2:ap-southeast-1:656732270450:security-group/sg-07fac3d3d94c2ce66",
            "description": "EKS cluster security group",
            "egress": [],
            "id": "sg-07fac3d3d94c2ce66",
            "ingress": [],
            "name": "demo-eks-cluster-cluster-20260603012851611100000010",
            "name_prefix": "demo-eks-cluster-cluster-",
            "owner_id": "656732270450",
            "revoke_rules_on_delete": false,
            "tags": {
              "Name": "demo-eks-cluster-cluster",
              "karpenter.sh/discovery": "demo-eks-cluster"
            },
            "tags_all": {
              "Name": "demo-eks-cluster-cluster",
              "karpenter.sh/discovery": "demo-eks-cluster"
            },
            "timeouts": null,
            "vpc_id": "vpc-0b9e47a8c5f831d6a"
          },
          "sensitive_attributes": [],
          "identity_schema_version": 0,
          "private": "eyJlMmJmYjczMC1lY2FhLTExZTYtOGY4OC0zNDM2M2JjN2M0YzAiOnsiY3JlYXRlIjo2MDAwMDAwMDAwMDAsImRlbGV0ZSI6OTAwMDAwMDAwMDAwfSwic2NoZW1hX3ZlcnNpb24iOiIxIn0=",
          "dependencies": [
            "module.vpc.aws_vpc.this"
          ],
          "create_before_destroy": true
        }
      ]
    },
    {
      "module": "module.eks",
      "mode": "managed",
      "type": "aws_security_group",
      "name": "node",
      "provider": "provider[\"registry.terraform.io/hashicorp/aws\"]",
      "instances": [
        {
          "index_key": 0,
          "schema_version": 1,
          "attributes": {
            "arn": "arn:aws:ec2:ap-southeast-1:656732270450:security-group/sg-0a3585ca094631928",
            "description": "EKS node shared security group",
            "egress": [],
            "id": "sg-0a3585ca094631928",
            "ingress": [],
            "name": "demo-eks-cluster-node-20260603012852246900000012",
            "name_prefix": "demo-eks-cluster-node-",
            "owner_id": "656732270450",
            "revoke_rules_on_delete": false,
            "tags": {
              "Name": "demo-eks-cluster-node",
              "karpenter.sh/discovery": "demo-eks-cluster",
              "kubernetes.io/cluster/demo-eks-cluster": "owned"
            },
            "tags_all": {
              "Name": "demo-eks-cluster-node",
              "karpenter.sh/discovery": "demo-eks-cluster",
              "kubernetes.io/cluster/demo-eks-cluster": "owned"
            },
            "timeouts": null,
            "vpc_id": "vpc-0b9e47a8c5f831d6a"
          },
          "sensitive_attributes": [],
          "identity_schema_version": 0,
          "private": "eyJlMmJmYjczMC1lY2FhLTExZTYtOGY4OC0zNDM2M2JjN2M0YzAiOnsiY3JlYXRlIjo2MDAwMDAwMDAwMDAsImRlbGV0ZSI6OTAwMDAwMDAwMDAwfSwic2NoZW1hX3ZlcnNpb24iOiIxIn0=",
          "dependencies": [
            "module.vpc.aws_vpc.this"
          ],
          "create_before_destroy": true
        }
      ]
    },
    {
      "module": "module.eks",
      "mode": "managed",
      "type": "aws_security_group_rule",
      "name": "cluster",
      "provider": "provider[\"registry.terraform.io/hashicorp/aws\"]",
      "instances": [
        {
          "index_key": "ingress_nodes_443",
          "schema_version": 2,
          "attributes": {
            "cidr_blocks": null,
            "description": "Node groups to cluster API",
            "from_port": 443,
            "id": "sgrule-1956207433",
            "ipv6_cidr_blocks": null,
            "prefix_list_ids": null,
            "protocol": "tcp",
            "security_group_id": "sg-07fac3d3d94c2ce66",
            "security_group_rule_id": "sgr-0f69e2e21c05f78d3",
            "self": false,
            "source_security_group_id": "sg-0a3585ca094631928",
            "timeouts": null,
            "to_port": 443,
            "type": "ingress"
          },
          "sensitive_attributes": [],
          "identity_schema_version": 0,
          "private": "eyJlMmJmYjczMC1lY2FhLTExZTYtOGY4OC0zNDM2M2JjN2M0YzAiOnsiY3JlYXRlIjozMDAwMDAwMDAwMDB9LCJzY2hlbWFfdmVyc2lvbiI6IjIifQ==",
          "dependencies": [
            "module.eks.aws_security_group.cluster",
            "module.eks.aws_security_group.node",
            "module.vpc.aws_vpc.this"
          ],
          "create_before_destroy": true
        }
      ]
    },
    {
      "module": "module.eks",
      "mode": "managed",
      "type": "aws_security_group_rule",
      "name": "node",
      "provider": "provider[\"registry.terraform.io/hashicorp/aws\"]",
      "instances": [
        {
          "index_key": "egress_all",
          "schema_version": 2,
          "attributes": {
            "cidr_blocks": [
              "0.0.0.0/0"
            ],
            "description": "Allow all egress",
            "from_port": 0,
            "id": "sgrule-2240949257",
            "ipv6_cidr_blocks": null,
            "prefix_list_ids": [],
            "protocol": "-1",
            "security_group_id": "sg-0a3585ca094631928",
            "security_group_rule_id": "sgr-0237c62caaeed5f01",
            "self": false,
            "source_security_group_id": null,
            "timeouts": null,
            "to_port": 0,
            "type": "egress"
          },
          "sensitive_attributes": [],
          "identity_schema_version": 0,
          "private": "eyJlMmJmYjczMC1lY2FhLTExZTYtOGY4OC0zNDM2M2JjN2M0YzAiOnsiY3JlYXRlIjozMDAwMDAwMDAwMDB9LCJzY2hlbWFfdmVyc2lvbiI6IjIifQ==",
          "dependencies": [
            "module.eks.aws_security_group.cluster",
            "module.eks.aws_security_group.node",
            "module.vpc.aws_vpc.this"
          ],
          "create_before_destroy": true
        },
        {
          "index_key": "ingress_cluster_443",
          "schema_version": 2,
          "attributes": {
            "cidr_blocks": null,
            "description": "Cluster API to node groups",
            "from_port": 443,
            "id": "sgrule-3293994371",
            "ipv6_cidr_blocks": null,
            "prefix_list_ids": [],
            "protocol": "tcp",
            "security_group_id": "sg-0a3585ca094631928",
            "security_group_rule_id": "sgr-0b23be1bf8139cef1",
            "self": false,
            "source_security_group_id": "sg-07fac3d3d94c2ce66",
            "timeouts": null,
            "to_port": 443,
            "type": "ingress"
          },
          "sensitive_attributes": [],
          "identity_schema_version": 0,
          "private": "eyJlMmJmYjczMC1lY2FhLTExZTYtOGY4OC0zNDM2M2JjN2M0YzAiOnsiY3JlYXRlIjozMDAwMDAwMDAwMDB9LCJzY2hlbWFfdmVyc2lvbiI6IjIifQ==",
          "dependencies": [
            "module.eks.aws_security_group.cluster",
            "module.eks.aws_security_group.node",
            "module.vpc.aws_vpc.this"
          ],
          "create_before_destroy": true
        },
        {
          "index_key": "ingress_cluster_4443_webhook",
          "schema_version": 2,
          "attributes": {
            "cidr_blocks": null,
            "description": "Cluster API to node 4443/tcp webhook",
            "from_port": 4443,
            "id": "sgrule-1134991540",
            "ipv6_cidr_blocks": null,
            "prefix_list_ids": [],
            "protocol": "tcp",
            "security_group_id": "sg-0a3585ca094631928",
            "security_group_rule_id": "sgr-006793c09523cc460",
            "self": false,
            "source_security_group_id": "sg-07fac3d3d94c2ce66",
            "timeouts": null,
            "to_port": 4443,
            "type": "ingress"
          },
          "sensitive_attributes": [],
          "identity_schema_version": 0,
          "private": "eyJlMmJmYjczMC1lY2FhLTExZTYtOGY4OC0zNDM2M2JjN2M0YzAiOnsiY3JlYXRlIjozMDAwMDAwMDAwMDB9LCJzY2hlbWFfdmVyc2lvbiI6IjIifQ==",
          "dependencies": [
            "module.eks.aws_security_group.cluster",
            "module.eks.aws_security_group.node",
            "module.vpc.aws_vpc.this"
          ],
          "create_before_destroy": true
        },
        {
          "index_key": "ingress_cluster_6443_webhook",
          "schema_version": 2,
          "attributes": {
            "cidr_blocks": null,
            "description": "Cluster API to node 6443/tcp webhook",
            "from_port": 6443,
            "id": "sgrule-2330263330",
            "ipv6_cidr_blocks": null,
            "prefix_list_ids": [],
            "protocol": "tcp",
            "security_group_id": "sg-0a3585ca094631928",
            "security_group_rule_id": "sgr-08a386b9e89aa9a26",
            "self": false,
            "source_security_group_id": "sg-07fac3d3d94c2ce66",
            "timeouts": null,
            "to_port": 6443,
            "type": "ingress"
          },
          "sensitive_attributes": [],
          "identity_schema_version": 0,
          "private": "eyJlMmJmYjczMC1lY2FhLTExZTYtOGY4OC0zNDM2M2JjN2M0YzAiOnsiY3JlYXRlIjozMDAwMDAwMDAwMDB9LCJzY2hlbWFfdmVyc2lvbiI6IjIifQ==",
          "dependencies": [
            "module.eks.aws_security_group.cluster",
            "module.eks.aws_security_group.node",
            "module.vpc.aws_vpc.this"
          ],
          "create_before_destroy": true
        },
        {
          "index_key": "ingress_cluster_8443_webhook",
          "schema_version": 2,
          "attributes": {
            "cidr_blocks": null,
            "description": "Cluster API to node 8443/tcp webhook",
            "from_port": 8443,
            "id": "sgrule-2579022595",
            "ipv6_cidr_blocks": null,
            "prefix_list_ids": [],
            "protocol": "tcp",
            "security_group_id": "sg-0a3585ca094631928",
            "security_group_rule_id": "sgr-082146ba56cf78c01",
            "self": false,
            "source_security_group_id": "sg-07fac3d3d94c2ce66",
            "timeouts": null,
            "to_port": 8443,
            "type": "ingress"
          },
          "sensitive_attributes": [],
          "identity_schema_version": 0,
          "private": "eyJlMmJmYjczMC1lY2FhLTExZTYtOGY4OC0zNDM2M2JjN2M0YzAiOnsiY3JlYXRlIjozMDAwMDAwMDAwMDB9LCJzY2hlbWFfdmVyc2lvbiI6IjIifQ==",
          "dependencies": [
            "module.eks.aws_security_group.cluster",
            "module.eks.aws_security_group.node",
            "module.vpc.aws_vpc.this"
          ],
          "create_before_destroy": true
        },
        {
          "index_key": "ingress_cluster_9443_webhook",
          "schema_version": 2,
          "attributes": {
            "cidr_blocks": null,
            "description": "Cluster API to node 9443/tcp webhook",
            "from_port": 9443,
            "id": "sgrule-4246335688",
            "ipv6_cidr_blocks": null,
            "prefix_list_ids": [],
            "protocol": "tcp",
            "security_group_id": "sg-0a3585ca094631928",
            "security_group_rule_id": "sgr-00dc4232f5b0420e8",
            "self": false,
            "source_security_group_id": "sg-07fac3d3d94c2ce66",
            "timeouts": null,
            "to_port": 9443,
            "type": "ingress"
          },
          "sensitive_attributes": [],
          "identity_schema_version": 0,
          "private": "eyJlMmJmYjczMC1lY2FhLTExZTYtOGY4OC0zNDM2M2JjN2M0YzAiOnsiY3JlYXRlIjozMDAwMDAwMDAwMDB9LCJzY2hlbWFfdmVyc2lvbiI6IjIifQ==",
          "dependencies": [
            "module.eks.aws_security_group.cluster",
            "module.eks.aws_security_group.node",
            "module.vpc.aws_vpc.this"
          ],
          "create_before_destroy": true
        },
        {
          "index_key": "ingress_cluster_kubelet",
          "schema_version": 2,
          "attributes": {
            "cidr_blocks": null,
            "description": "Cluster API to node kubelets",
            "from_port": 10250,
            "id": "sgrule-2211012289",
            "ipv6_cidr_blocks": null,
            "prefix_list_ids": [],
            "protocol": "tcp",
            "security_group_id": "sg-0a3585ca094631928",
            "security_group_rule_id": "sgr-0b6e4229ae115c8e2",
            "self": false,
            "source_security_group_id": "sg-07fac3d3d94c2ce66",
            "timeouts": null,
            "to_port": 10250,
            "type": "ingress"
          },
          "sensitive_attributes": [],
          "identity_schema_version": 0,
          "private": "eyJlMmJmYjczMC1lY2FhLTExZTYtOGY4OC0zNDM2M2JjN2M0YzAiOnsiY3JlYXRlIjozMDAwMDAwMDAwMDB9LCJzY2hlbWFfdmVyc2lvbiI6IjIifQ==",
          "dependencies": [
            "module.eks.aws_security_group.cluster",
            "module.eks.aws_security_group.node",
            "module.vpc.aws_vpc.this"
          ],
          "create_before_destroy": true
        },
        {
          "index_key": "ingress_nodes_ephemeral",
          "schema_version": 2,
          "attributes": {
            "cidr_blocks": null,
            "description": "Node to node ingress on ephemeral ports",
            "from_port": 1025,
            "id": "sgrule-1241258557",
            "ipv6_cidr_blocks": null,
            "prefix_list_ids": [],
            "protocol": "tcp",
            "security_group_id": "sg-0a3585ca094631928",
            "security_group_rule_id": "sgr-0e2a5771408e180de",
            "self": true,
            "source_security_group_id": null,
            "timeouts": null,
            "to_port": 65535,
            "type": "ingress"
          },
          "sensitive_attributes": [],
          "identity_schema_version": 0,
          "private": "eyJlMmJmYjczMC1lY2FhLTExZTYtOGY4OC0zNDM2M2JjN2M0YzAiOnsiY3JlYXRlIjozMDAwMDAwMDAwMDB9LCJzY2hlbWFfdmVyc2lvbiI6IjIifQ==",
          "dependencies": [
            "module.eks.aws_security_group.cluster",
            "module.eks.aws_security_group.node",
            "module.vpc.aws_vpc.this"
          ],
          "create_before_destroy": true
        },
        {
          "index_key": "ingress_self_coredns_tcp",
          "schema_version": 2,
          "attributes": {
            "cidr_blocks": null,
            "description": "Node to node CoreDNS",
            "from_port": 53,
            "id": "sgrule-785554916",
            "ipv6_cidr_blocks": null,
            "prefix_list_ids": [],
            "protocol": "tcp",
            "security_group_id": "sg-0a3585ca094631928",
            "security_group_rule_id": "sgr-0df7fb4f7da433889",
            "self": true,
            "source_security_group_id": null,
            "timeouts": null,
            "to_port": 53,
            "type": "ingress"
          },
          "sensitive_attributes": [],
          "identity_schema_version": 0,
          "private": "eyJlMmJmYjczMC1lY2FhLTExZTYtOGY4OC0zNDM2M2JjN2M0YzAiOnsiY3JlYXRlIjozMDAwMDAwMDAwMDB9LCJzY2hlbWFfdmVyc2lvbiI6IjIifQ==",
          "dependencies": [
            "module.eks.aws_security_group.cluster",
            "module.eks.aws_security_group.node",
            "module.vpc.aws_vpc.this"
          ],
          "create_before_destroy": true
        },
        {
          "index_key": "ingress_self_coredns_udp",
          "schema_version": 2,
          "attributes": {
            "cidr_blocks": null,
            "description": "Node to node CoreDNS UDP",
            "from_port": 53,
            "id": "sgrule-2324512267",
            "ipv6_cidr_blocks": null,
            "prefix_list_ids": [],
            "protocol": "udp",
            "security_group_id": "sg-0a3585ca094631928",
            "security_group_rule_id": "sgr-082b3e7f8a41ecea3",
            "self": true,
            "source_security_group_id": null,
            "timeouts": null,
            "to_port": 53,
            "type": "ingress"
          },
          "sensitive_attributes": [],
          "identity_schema_version": 0,
          "private": "eyJlMmJmYjczMC1lY2FhLTExZTYtOGY4OC0zNDM2M2JjN2M0YzAiOnsiY3JlYXRlIjozMDAwMDAwMDAwMDB9LCJzY2hlbWFfdmVyc2lvbiI6IjIifQ==",
          "dependencies": [
            "module.eks.aws_security_group.cluster",
            "module.eks.aws_security_group.node",
            "module.vpc.aws_vpc.this"
          ],
          "create_before_destroy": true
        }
      ]
    },
    {
      "module": "module.eks",
      "mode": "managed",
      "type": "time_sleep",
      "name": "this",
      "provider": "provider[\"registry.terraform.io/hashicorp/time\"]",
      "instances": [
        {
          "index_key": 0,
          "schema_version": 0,
          "attributes": {
            "create_duration": "30s",
            "destroy_duration": null,
            "id": "2026-06-03T01:37:59Z",
            "triggers": {
              "cluster_certificate_authority_data": "LS0tLS1CRUdJTiBDRVJUSUZJQ0FURS0tLS0tCk1JSURCVENDQWUyZ0F3SUJBZ0lJQTloMm1TUExsZEl3RFFZSktvWklodmNOQVFFTEJRQXdGVEVUTUJFR0ExVUUKQXhNS2EzVmlaWEp1WlhSbGN6QWVGdzB5TmpBMk1ETXdNVEk0TURKYUZ3MHpOakExTXpFd01UTXpNREphTUJVeApFekFSQmdOVkJBTVRDbXQxWW1WeWJtVjBaWE13Z2dFaU1BMEdDU3FHU0liM0RRRUJBUVVBQTRJQkR3QXdnZ0VLCkFvSUJBUUMvcEllN3FTaVZGbWNZQ0poVUdibnZqK3NJaVltcEhWbVFlSmluZEY3UmVzbDRUdC9qV3lVT2RETysKWnk5YklVS29MWFg3b1FVTDVuOWVEOTdlWXdOYk5uQ3VXLzY0RFl6VTFRMHpOMzFDaGRCYVM1dUVMWjEzbTFoOQptSWNQRHIxVUgvb0FOSythMUdlV0NzTGZOeE55dkxudUQwU2NRVjhqKzV5MUlKOGZnNVZhelFDRkV6ZHY3clA0CndJblRCaWN3RUxzdlpLbjBnMHF1c3l4MkZ1OWJVL3UrVitmMzlCd2pUWHh1YzE3QmdDb0Z0MTg0NGtGME5iZkIKZWZVNldVaGovVEpvQVhiSU5uS1U3ejV3UU1qR3AyYzJXdmYyRWFwTzJ1a2cyOUxiQmFCdXlPWWZZUURFbFVnQgpwUWszN3VtWEQ4bjV4dTB3YzFidFhqUDh6RmsxQWdNQkFBR2pXVEJYTUE0R0ExVWREd0VCL3dRRUF3SUNwREFQCkJnTlZIUk1CQWY4RUJUQURBUUgvTUIwR0ExVWREZ1FXQkJRWjlTUUU2My9YSUlBaE8wWmY0ZTQzRHZKbndqQVYKQmdOVkhSRUVEakFNZ2dwcmRXSmxjbTVsZEdWek1BMEdDU3FHU0liM0RRRUJDd1VBQTRJQkFRQTVjaWN2eWs4VgozdEFQelF1UkZqaDhUODBJdDlFTm9QS0NvR3Z5dW1UMFNQYytMWGkrdHFiRmg3cWxVcjBrU0lVcGVRcEhiOFhIClZUOXFGdzdibk5ZbXpNeHFTQlg0VTZ0TFJXa3VIRVAybmdHM0g1TmtxYStrcWxIa3E2Z01vR1haaGRlRnB5MzMKNWphQUJuRzNWV24vZWRSQlRlSHlDL1FHTXFRaXRjU0F0RitMNmlDcE9PK1RNdGJ1ak0xazAwZHkwYzQyLzhNZwpMaUhUYWE5azA1LzB2T0xRWnRBOTZsc01PWERoa0VMeHEyeE5GeFRFelYxckVpbFo4SU5iMmU1cEJucDIwZG5XClYzWHR5MDdBMC96NVNiSjNlc0xqRStrQjVia1oyaWF5cEgxWnk2TXBEV0k3VVRsN0duVFJqdlNJMzBRSGd4Z0EKZ25nc3FteUVkekJ1Ci0tLS0tRU5EIENFUlRJRklDQVRFLS0tLS0K",
              "cluster_endpoint": "https://722507FDF1BD415792E6A516E0F29048.gr7.ap-southeast-1.eks.amazonaws.com",
              "cluster_name": "demo-eks-cluster",
              "cluster_service_cidr": "172.20.0.0/16",
              "cluster_version": "1.32"
            }
          },
          "sensitive_attributes": [],
          "identity_schema_version": 0,
          "dependencies": [
            "module.eks.aws_cloudwatch_log_group.this",
            "module.eks.aws_eks_cluster.this",
            "module.eks.aws_iam_policy.cni_ipv6_policy",
            "module.eks.aws_iam_role.eks_auto",
            "module.eks.aws_iam_role.this",
            "module.eks.aws_iam_role_policy_attachment.this",
            "module.eks.aws_security_group.cluster",
            "module.eks.aws_security_group.node",
            "module.eks.aws_security_group_rule.cluster",
            "module.eks.aws_security_group_rule.node",
            "module.eks.data.aws_caller_identity.current",
            "module.eks.data.aws_iam_policy_document.assume_role_policy",
            "module.eks.data.aws_iam_policy_document.cni_ipv6_policy",
            "module.eks.data.aws_iam_policy_document.node_assume_role_policy",
            "module.eks.data.aws_iam_session_context.current",
            "module.eks.data.aws_partition.current",
            "module.eks.module.kms.aws_kms_external_key.this",
            "module.eks.module.kms.aws_kms_key.this",
            "module.eks.module.kms.aws_kms_replica_external_key.this",
            "module.eks.module.kms.aws_kms_replica_key.this",
            "module.eks.module.kms.data.aws_caller_identity.current",
            "module.eks.module.kms.data.aws_iam_policy_document.this",
            "module.eks.module.kms.data.aws_partition.current",
            "module.vpc.aws_subnet.private",
            "module.vpc.aws_vpc.this",
            "module.vpc.aws_vpc_ipv4_cidr_block_association.this"
          ],
          "create_before_destroy": true
        }
      ]
    },
    {
      "module": "module.eks.module.eks_managed_node_group[\"core\"]",
      "mode": "data",
      "type": "aws_caller_identity",
      "name": "current",
      "provider": "provider[\"registry.terraform.io/hashicorp/aws\"]",
      "instances": [
        {
          "schema_version": 0,
          "attributes": {
            "account_id": "656732270450",
            "arn": "arn:aws:iam::656732270450:user/Duchuy",
            "id": "656732270450",
            "user_id": "AIDAZR2CLF5ZCFPL4QPPA"
          },
          "sensitive_attributes": [],
          "identity_schema_version": 0
        }
      ]
    },
    {
      "module": "module.eks.module.eks_managed_node_group[\"core\"]",
      "mode": "data",
      "type": "aws_iam_policy_document",
      "name": "assume_role_policy",
      "provider": "provider[\"registry.terraform.io/hashicorp/aws\"]",
      "instances": [
        {
          "index_key": 0,
          "schema_version": 0,
          "attributes": {
            "id": "2560088296",
            "json": "{\n  \"Version\": \"2012-10-17\",\n  \"Statement\": [\n    {\n      \"Sid\": \"EKSNodeAssumeRole\",\n      \"Effect\": \"Allow\",\n      \"Action\": \"sts:AssumeRole\",\n      \"Principal\": {\n        \"Service\": \"ec2.amazonaws.com\"\n      }\n    }\n  ]\n}",
            "minified_json": "{\"Version\":\"2012-10-17\",\"Statement\":[{\"Sid\":\"EKSNodeAssumeRole\",\"Effect\":\"Allow\",\"Action\":\"sts:AssumeRole\",\"Principal\":{\"Service\":\"ec2.amazonaws.com\"}}]}",
            "override_json": null,
            "override_policy_documents": null,
            "policy_id": null,
            "source_json": null,
            "source_policy_documents": null,
            "statement": [
              {
                "actions": [
                  "sts:AssumeRole"
                ],
                "condition": [],
                "effect": "Allow",
                "not_actions": [],
                "not_principals": [],
                "not_resources": [],
                "principals": [
                  {
                    "identifiers": [
                      "ec2.amazonaws.com"
                    ],
                    "type": "Service"
                  }
                ],
                "resources": [],
                "sid": "EKSNodeAssumeRole"
              }
            ],
            "version": "2012-10-17"
          },
          "sensitive_attributes": [],
          "identity_schema_version": 0
        }
      ]
    },
    {
      "module": "module.eks.module.eks_managed_node_group[\"core\"]",
      "mode": "data",
      "type": "aws_partition",
      "name": "current",
      "provider": "provider[\"registry.terraform.io/hashicorp/aws\"]",
      "instances": [
        {
          "schema_version": 0,
          "attributes": {
            "dns_suffix": "amazonaws.com",
            "id": "aws",
            "partition": "aws",
            "reverse_dns_prefix": "com.amazonaws"
          },
          "sensitive_attributes": [],
          "identity_schema_version": 0
        }
      ]
    },
    {
      "module": "module.eks.module.eks_managed_node_group[\"core\"]",
      "mode": "managed",
      "type": "aws_eks_node_group",
      "name": "this",
      "provider": "provider[\"registry.terraform.io/hashicorp/aws\"]",
      "instances": [
        {
          "index_key": 0,
          "schema_version": 0,
          "attributes": {
            "ami_type": "AL2023_x86_64_STANDARD",
            "arn": "arn:aws:eks:ap-southeast-1:656732270450:nodegroup/demo-eks-cluster/core-20260603013805714400000026/a0cf4590-b704-4043-78ea-9fe4115b4584",
            "capacity_type": "ON_DEMAND",
            "cluster_name": "demo-eks-cluster",
            "disk_size": 0,
            "force_update_version": null,
            "id": "demo-eks-cluster:core-20260603013805714400000026",
            "instance_types": [
              "t3.large"
            ],
            "labels": {
              "role": "core"
            },
            "launch_template": [
              {
                "id": "lt-045beaeed3c1cd8c1",
                "name": "core-20260603013759728200000022",
                "version": "1"
              }
            ],
            "node_group_name": "core-20260603013805714400000026",
            "node_group_name_prefix": "core-",
            "node_repair_config": [],
            "node_role_arn": "arn:aws:iam::656732270450:role/core-eks-node-group-20260603012839791300000004",
            "release_version": "1.32.13-20260527",
            "remote_access": [],
            "resources": [
              {
                "autoscaling_groups": [
                  {
                    "name": "eks-core-20260603013805714400000026-a0cf4590-b704-4043-78ea-9fe4115b4584"
                  }
                ],
                "remote_access_security_group_id": ""
              }
            ],
            "scaling_config": [
              {
                "desired_size": 1,
                "max_size": 5,
                "min_size": 1
              }
            ],
            "status": "ACTIVE",
            "subnet_ids": [
              "subnet-097e274d1ff088e79",
              "subnet-0cd7e8f28942a0ec5"
            ],
            "tags": {
              "Name": "core",
              "karpenter.sh/discovery": "demo-eks-cluster"
            },
            "tags_all": {
              "Name": "core",
              "karpenter.sh/discovery": "demo-eks-cluster"
            },
            "taint": [],
            "timeouts": {
              "create": null,
              "delete": null,
              "update": null
            },
            "update_config": [
              {
                "max_unavailable": 0,
                "max_unavailable_percentage": 33
              }
            ],
            "version": "1.32"
          },
          "sensitive_attributes": [],
          "identity_schema_version": 0,
          "private": "eyJlMmJmYjczMC1lY2FhLTExZTYtOGY4OC0zNDM2M2JjN2M0YzAiOnsiY3JlYXRlIjozNjAwMDAwMDAwMDAwLCJkZWxldGUiOjM2MDAwMDAwMDAwMDAsInVwZGF0ZSI6MzYwMDAwMDAwMDAwMH19",
          "dependencies": [
            "module.eks.aws_cloudwatch_log_group.this",
            "module.eks.aws_eks_cluster.this",
            "module.eks.aws_iam_policy.cni_ipv6_policy",
            "module.eks.aws_iam_role.eks_auto",
            "module.eks.aws_iam_role.this",
            "module.eks.aws_iam_role_policy_attachment.this",
            "module.eks.aws_security_group.cluster",
            "module.eks.aws_security_group.node",
            "module.eks.aws_security_group_rule.cluster",
            "module.eks.aws_security_group_rule.node",
            "module.eks.data.aws_caller_identity.current",
            "module.eks.data.aws_iam_policy_document.assume_role_policy",
            "module.eks.data.aws_iam_policy_document.cni_ipv6_policy",
            "module.eks.data.aws_iam_policy_document.node_assume_role_policy",
            "module.eks.data.aws_iam_session_context.current",
            "module.eks.data.aws_partition.current",
            "module.eks.module.eks_managed_node_group.aws_iam_role.this",
            "module.eks.module.eks_managed_node_group.aws_iam_role_policy_attachment.additional",
            "module.eks.module.eks_managed_node_group.aws_iam_role_policy_attachment.this",
            "module.eks.module.eks_managed_node_group.aws_launch_template.this",
            "module.eks.module.eks_managed_node_group.aws_placement_group.this",
            "module.eks.module.eks_managed_node_group.data.aws_caller_identity.current",
            "module.eks.module.eks_managed_node_group.data.aws_ec2_instance_type.this",
            "module.eks.module.eks_managed_node_group.data.aws_ec2_instance_type_offerings.this",
            "module.eks.module.eks_managed_node_group.data.aws_iam_policy_document.assume_role_policy",
            "module.eks.module.eks_managed_node_group.data.aws_partition.current",
            "module.eks.module.eks_managed_node_group.data.aws_ssm_parameter.ami",
            "module.eks.module.eks_managed_node_group.data.aws_subnets.placement_group",
            "module.eks.module.eks_managed_node_group.module.user_data.data.cloudinit_config.al2023_eks_managed_node_group",
            "module.eks.module.eks_managed_node_group.module.user_data.data.cloudinit_config.linux_eks_managed_node_group",
            "module.eks.module.kms.aws_kms_external_key.this",
            "module.eks.module.kms.aws_kms_key.this",
            "module.eks.module.kms.aws_kms_replica_external_key.this",
            "module.eks.module.kms.aws_kms_replica_key.this",
            "module.eks.module.kms.data.aws_caller_identity.current",
            "module.eks.module.kms.data.aws_iam_policy_document.this",
            "module.eks.module.kms.data.aws_partition.current",
            "module.eks.time_sleep.this",
            "module.vpc.aws_subnet.private",
            "module.vpc.aws_vpc.this",
            "module.vpc.aws_vpc_ipv4_cidr_block_association.this"
          ],
          "create_before_destroy": true
        }
      ]
    },
    {
      "module": "module.eks.module.eks_managed_node_group[\"core\"]",
      "mode": "managed",
      "type": "aws_iam_role",
      "name": "this",
      "provider": "provider[\"registry.terraform.io/hashicorp/aws\"]",
      "instances": [
        {
          "index_key": 0,
          "schema_version": 0,
          "attributes": {
            "arn": "arn:aws:iam::656732270450:role/core-eks-node-group-20260603012839791300000004",
            "assume_role_policy": "{\"Statement\":[{\"Action\":\"sts:AssumeRole\",\"Effect\":\"Allow\",\"Principal\":{\"Service\":\"ec2.amazonaws.com\"},\"Sid\":\"EKSNodeAssumeRole\"}],\"Version\":\"2012-10-17\"}",
            "create_date": "2026-06-03T01:28:39Z",
            "description": "EKS managed node group IAM role",
            "force_detach_policies": true,
            "id": "core-eks-node-group-20260603012839791300000004",
            "inline_policy": [],
            "managed_policy_arns": [],
            "max_session_duration": 3600,
            "name": "core-eks-node-group-20260603012839791300000004",
            "name_prefix": "core-eks-node-group-",
            "path": "/",
            "permissions_boundary": "",
            "tags": {
              "karpenter.sh/discovery": "demo-eks-cluster"
            },
            "tags_all": {
              "karpenter.sh/discovery": "demo-eks-cluster"
            },
            "unique_id": "AROAZR2CLF5ZCJUF5UZPL"
          },
          "sensitive_attributes": [],
          "identity_schema_version": 0,
          "private": "bnVsbA==",
          "dependencies": [
            "module.eks.module.eks_managed_node_group.data.aws_iam_policy_document.assume_role_policy"
          ],
          "create_before_destroy": true
        }
      ]
    },
    {
      "module": "module.eks.module.eks_managed_node_group[\"core\"]",
      "mode": "managed",
      "type": "aws_iam_role_policy_attachment",
      "name": "this",
      "provider": "provider[\"registry.terraform.io/hashicorp/aws\"]",
      "instances": [
        {
          "index_key": "AmazonEC2ContainerRegistryReadOnly",
          "schema_version": 0,
          "attributes": {
            "id": "core-eks-node-group-20260603012839791300000004-2026060301284219010000000a",
            "policy_arn": "arn:aws:iam::aws:policy/AmazonEC2ContainerRegistryReadOnly",
            "role": "core-eks-node-group-20260603012839791300000004"
          },
          "sensitive_attributes": [],
          "identity_schema_version": 0,
          "private": "bnVsbA==",
          "dependencies": [
            "module.eks.module.eks_managed_node_group.aws_iam_role.this",
            "module.eks.module.eks_managed_node_group.data.aws_caller_identity.current",
            "module.eks.module.eks_managed_node_group.data.aws_iam_policy_document.assume_role_policy",
            "module.eks.module.eks_managed_node_group.data.aws_partition.current"
          ],
          "create_before_destroy": true
        },
        {
          "index_key": "AmazonEKSWorkerNodePolicy",
          "schema_version": 0,
          "attributes": {
            "id": "core-eks-node-group-20260603012839791300000004-20260603012842119800000006",
            "policy_arn": "arn:aws:iam::aws:policy/AmazonEKSWorkerNodePolicy",
            "role": "core-eks-node-group-20260603012839791300000004"
          },
          "sensitive_attributes": [],
          "identity_schema_version": 0,
          "private": "bnVsbA==",
          "dependencies": [
            "module.eks.module.eks_managed_node_group.aws_iam_role.this",
            "module.eks.module.eks_managed_node_group.data.aws_caller_identity.current",
            "module.eks.module.eks_managed_node_group.data.aws_iam_policy_document.assume_role_policy",
            "module.eks.module.eks_managed_node_group.data.aws_partition.current"
          ],
          "create_before_destroy": true
        },
        {
          "index_key": "AmazonEKS_CNI_Policy",
          "schema_version": 0,
          "attributes": {
            "id": "core-eks-node-group-20260603012839791300000004-20260603012842129700000008",
            "policy_arn": "arn:aws:iam::aws:policy/AmazonEKS_CNI_Policy",
            "role": "core-eks-node-group-20260603012839791300000004"
          },
          "sensitive_attributes": [],
          "identity_schema_version": 0,
          "private": "bnVsbA==",
          "dependencies": [
            "module.eks.module.eks_managed_node_group.aws_iam_role.this",
            "module.eks.module.eks_managed_node_group.data.aws_caller_identity.current",
            "module.eks.module.eks_managed_node_group.data.aws_iam_policy_document.assume_role_policy",
            "module.eks.module.eks_managed_node_group.data.aws_partition.current"
          ],
          "create_before_destroy": true
        }
      ]
    },
    {
      "module": "module.eks.module.eks_managed_node_group[\"core\"]",
      "mode": "managed",
      "type": "aws_launch_template",
      "name": "this",
      "provider": "provider[\"registry.terraform.io/hashicorp/aws\"]",
      "instances": [
        {
          "index_key": 0,
          "schema_version": 0,
          "attributes": {
            "arn": "arn:aws:ec2:ap-southeast-1:656732270450:launch-template/lt-045beaeed3c1cd8c1",
            "block_device_mappings": [],
            "capacity_reservation_specification": [],
            "cpu_options": [],
            "credit_specification": [],
            "default_version": 1,
            "description": "Custom launch template for core EKS managed node group",
            "disable_api_stop": false,
            "disable_api_termination": false,
            "ebs_optimized": "",
            "elastic_gpu_specifications": [],
            "elastic_inference_accelerator": [],
            "enclave_options": [],
            "hibernation_options": [],
            "iam_instance_profile": [],
            "id": "lt-045beaeed3c1cd8c1",
            "image_id": "",
            "instance_initiated_shutdown_behavior": "",
            "instance_market_options": [],
            "instance_requirements": [],
            "instance_type": "",
            "kernel_id": "",
            "key_name": "",
            "latest_version": 1,
            "license_specification": [],
            "maintenance_options": [],
            "metadata_options": [
              {
                "http_endpoint": "enabled",
                "http_protocol_ipv6": "",
                "http_put_response_hop_limit": 2,
                "http_tokens": "required",
                "instance_metadata_tags": ""
              }
            ],
            "monitoring": [
              {
                "enabled": true
              }
            ],
            "name": "core-20260603013759728200000022",
            "name_prefix": "core-",
            "network_interfaces": [],
            "placement": [],
            "private_dns_name_options": [],
            "ram_disk_id": "",
            "security_group_names": null,
            "tag_specifications": [
              {
                "resource_type": "instance",
                "tags": {
                  "Name": "core",
                  "karpenter.sh/discovery": "demo-eks-cluster"
                }
              },
              {
                "resource_type": "network-interface",
                "tags": {
                  "Name": "core",
                  "karpenter.sh/discovery": "demo-eks-cluster"
                }
              },
              {
                "resource_type": "volume",
                "tags": {
                  "Name": "core",
                  "karpenter.sh/discovery": "demo-eks-cluster"
                }
              }
            ],
            "tags": {
              "karpenter.sh/discovery": "demo-eks-cluster"
            },
            "tags_all": {
              "karpenter.sh/discovery": "demo-eks-cluster"
            },
            "update_default_version": true,
            "user_data": "",
            "vpc_security_group_ids": [
              "sg-0a3585ca094631928"
            ]
          },
          "sensitive_attributes": [],
          "identity_schema_version": 0,
          "private": "bnVsbA==",
          "dependencies": [
            "module.eks.aws_cloudwatch_log_group.this",
            "module.eks.aws_eks_cluster.this",
            "module.eks.aws_iam_policy.cni_ipv6_policy",
            "module.eks.aws_iam_role.eks_auto",
            "module.eks.aws_iam_role.this",
            "module.eks.aws_iam_role_policy_attachment.this",
            "module.eks.aws_security_group.cluster",
            "module.eks.aws_security_group.node",
            "module.eks.aws_security_group_rule.cluster",
            "module.eks.aws_security_group_rule.node",
            "module.eks.data.aws_caller_identity.current",
            "module.eks.data.aws_iam_policy_document.assume_role_policy",
            "module.eks.data.aws_iam_policy_document.cni_ipv6_policy",
            "module.eks.data.aws_iam_policy_document.node_assume_role_policy",
            "module.eks.data.aws_iam_session_context.current",
            "module.eks.data.aws_partition.current",
            "module.eks.module.eks_managed_node_group.aws_iam_role.this",
            "module.eks.module.eks_managed_node_group.aws_iam_role_policy_attachment.additional",
            "module.eks.module.eks_managed_node_group.aws_iam_role_policy_attachment.this",
            "module.eks.module.eks_managed_node_group.aws_placement_group.this",
            "module.eks.module.eks_managed_node_group.data.aws_caller_identity.current",
            "module.eks.module.eks_managed_node_group.data.aws_ec2_instance_type.this",
            "module.eks.module.eks_managed_node_group.data.aws_iam_policy_document.assume_role_policy",
            "module.eks.module.eks_managed_node_group.data.aws_partition.current",
            "module.eks.module.eks_managed_node_group.module.user_data.data.cloudinit_config.al2023_eks_managed_node_group",
            "module.eks.module.eks_managed_node_group.module.user_data.data.cloudinit_config.linux_eks_managed_node_group",
            "module.eks.module.kms.aws_kms_external_key.this",
            "module.eks.module.kms.aws_kms_key.this",
            "module.eks.module.kms.aws_kms_replica_external_key.this",
            "module.eks.module.kms.aws_kms_replica_key.this",
            "module.eks.module.kms.data.aws_caller_identity.current",
            "module.eks.module.kms.data.aws_iam_policy_document.this",
            "module.eks.module.kms.data.aws_partition.current",
            "module.eks.time_sleep.this",
            "module.vpc.aws_subnet.private",
            "module.vpc.aws_vpc.this",
            "module.vpc.aws_vpc_ipv4_cidr_block_association.this"
          ],
          "create_before_destroy": true
        }
      ]
    },
    {
      "module": "module.eks.module.eks_managed_node_group[\"core\"].module.user_data",
      "mode": "managed",
      "type": "null_resource",
      "name": "validate_cluster_service_cidr",
      "provider": "provider[\"registry.terraform.io/hashicorp/null\"]",
      "instances": [
        {
          "schema_version": 0,
          "attributes": {
            "id": "3240162988119463736",
            "triggers": null
          },
          "sensitive_attributes": [],
          "identity_schema_version": 0,
          "dependencies": [
            "module.eks.aws_cloudwatch_log_group.this",
            "module.eks.aws_eks_cluster.this",
            "module.eks.aws_iam_policy.cni_ipv6_policy",
            "module.eks.aws_iam_role.eks_auto",
            "module.eks.aws_iam_role.this",
            "module.eks.aws_iam_role_policy_attachment.this",
            "module.eks.aws_security_group.cluster",
            "module.eks.aws_security_group.node",
            "module.eks.aws_security_group_rule.cluster",
            "module.eks.aws_security_group_rule.node",
            "module.eks.data.aws_caller_identity.current",
            "module.eks.data.aws_iam_policy_document.assume_role_policy",
            "module.eks.data.aws_iam_policy_document.cni_ipv6_policy",
            "module.eks.data.aws_iam_policy_document.node_assume_role_policy",
            "module.eks.data.aws_iam_session_context.current",
            "module.eks.data.aws_partition.current",
            "module.eks.module.kms.aws_kms_external_key.this",
            "module.eks.module.kms.aws_kms_key.this",
            "module.eks.module.kms.aws_kms_replica_external_key.this",
            "module.eks.module.kms.aws_kms_replica_key.this",
            "module.eks.module.kms.data.aws_caller_identity.current",
            "module.eks.module.kms.data.aws_iam_policy_document.this",
            "module.eks.module.kms.data.aws_partition.current",
            "module.eks.time_sleep.this",
            "module.vpc.aws_subnet.private",
            "module.vpc.aws_vpc.this",
            "module.vpc.aws_vpc_ipv4_cidr_block_association.this"
          ]
        }
      ]
    },
    {
      "module": "module.eks.module.eks_managed_node_group[\"spot\"]",
      "mode": "data",
      "type": "aws_caller_identity",
      "name": "current",
      "provider": "provider[\"registry.terraform.io/hashicorp/aws\"]",
      "instances": [
        {
          "schema_version": 0,
          "attributes": {
            "account_id": "656732270450",
            "arn": "arn:aws:iam::656732270450:user/Duchuy",
            "id": "656732270450",
            "user_id": "AIDAZR2CLF5ZCFPL4QPPA"
          },
          "sensitive_attributes": [],
          "identity_schema_version": 0
        }
      ]
    },
    {
      "module": "module.eks.module.eks_managed_node_group[\"spot\"]",
      "mode": "data",
      "type": "aws_iam_policy_document",
      "name": "assume_role_policy",
      "provider": "provider[\"registry.terraform.io/hashicorp/aws\"]",
      "instances": [
        {
          "index_key": 0,
          "schema_version": 0,
          "attributes": {
            "id": "2560088296",
            "json": "{\n  \"Version\": \"2012-10-17\",\n  \"Statement\": [\n    {\n      \"Sid\": \"EKSNodeAssumeRole\",\n      \"Effect\": \"Allow\",\n      \"Action\": \"sts:AssumeRole\",\n      \"Principal\": {\n        \"Service\": \"ec2.amazonaws.com\"\n      }\n    }\n  ]\n}",
            "minified_json": "{\"Version\":\"2012-10-17\",\"Statement\":[{\"Sid\":\"EKSNodeAssumeRole\",\"Effect\":\"Allow\",\"Action\":\"sts:AssumeRole\",\"Principal\":{\"Service\":\"ec2.amazonaws.com\"}}]}",
            "override_json": null,
            "override_policy_documents": null,
            "policy_id": null,
            "source_json": null,
            "source_policy_documents": null,
            "statement": [
              {
                "actions": [
                  "sts:AssumeRole"
                ],
                "condition": [],
                "effect": "Allow",
                "not_actions": [],
                "not_principals": [],
                "not_resources": [],
                "principals": [
                  {
                    "identifiers": [
                      "ec2.amazonaws.com"
                    ],
                    "type": "Service"
                  }
                ],
                "resources": [],
                "sid": "EKSNodeAssumeRole"
              }
            ],
            "version": "2012-10-17"
          },
          "sensitive_attributes": [],
          "identity_schema_version": 0
        }
      ]
    },
    {
      "module": "module.eks.module.eks_managed_node_group[\"spot\"]",
      "mode": "data",
      "type": "aws_partition",
      "name": "current",
      "provider": "provider[\"registry.terraform.io/hashicorp/aws\"]",
      "instances": [
        {
          "schema_version": 0,
          "attributes": {
            "dns_suffix": "amazonaws.com",
            "id": "aws",
            "partition": "aws",
            "reverse_dns_prefix": "com.amazonaws"
          },
          "sensitive_attributes": [],
          "identity_schema_version": 0
        }
      ]
    },
    {
      "module": "module.eks.module.eks_managed_node_group[\"spot\"]",
      "mode": "managed",
      "type": "aws_eks_node_group",
      "name": "this",
      "provider": "provider[\"registry.terraform.io/hashicorp/aws\"]",
      "instances": [
        {
          "index_key": 0,
          "schema_version": 0,
          "attributes": {
            "ami_type": "AL2023_x86_64_STANDARD",
            "arn": "arn:aws:eks:ap-southeast-1:656732270450:nodegroup/demo-eks-cluster/spot-20260603013805714400000028/fecf4590-b707-a25c-2873-ae888758d4a6",
            "capacity_type": "SPOT",
            "cluster_name": "demo-eks-cluster",
            "disk_size": 0,
            "force_update_version": null,
            "id": "demo-eks-cluster:spot-20260603013805714400000028",
            "instance_types": [
              "t3.large",
              "t3.xlarge",
              "t3a.large"
            ],
            "labels": {
              "role": "spot"
            },
            "launch_template": [
              {
                "id": "lt-0b1858c74f62c4f8a",
                "name": "spot-20260603013759730600000024",
                "version": "1"
              }
            ],
            "node_group_name": "spot-20260603013805714400000028",
            "node_group_name_prefix": "spot-",
            "node_repair_config": [],
            "node_role_arn": "arn:aws:iam::656732270450:role/spot-eks-node-group-20260603012839791300000002",
            "release_version": "1.32.13-20260527",
            "remote_access": [],
            "resources": [
              {
                "autoscaling_groups": [
                  {
                    "name": "eks-spot-20260603013805714400000028-fecf4590-b707-a25c-2873-ae888758d4a6"
                  }
                ],
                "remote_access_security_group_id": ""
              }
            ],
            "scaling_config": [
              {
                "desired_size": 0,
                "max_size": 5,
                "min_size": 0
              }
            ],
            "status": "ACTIVE",
            "subnet_ids": [
              "subnet-097e274d1ff088e79",
              "subnet-0cd7e8f28942a0ec5"
            ],
            "tags": {
              "Name": "spot",
              "karpenter.sh/discovery": "demo-eks-cluster"
            },
            "tags_all": {
              "Name": "spot",
              "karpenter.sh/discovery": "demo-eks-cluster"
            },
            "taint": [
              {
                "effect": "NO_SCHEDULE",
                "key": "spot",
                "value": "true"
              }
            ],
            "timeouts": {
              "create": null,
              "delete": null,
              "update": null
            },
            "update_config": [
              {
                "max_unavailable": 0,
                "max_unavailable_percentage": 33
              }
            ],
            "version": "1.32"
          },
          "sensitive_attributes": [],
          "identity_schema_version": 0,
          "private": "eyJlMmJmYjczMC1lY2FhLTExZTYtOGY4OC0zNDM2M2JjN2M0YzAiOnsiY3JlYXRlIjozNjAwMDAwMDAwMDAwLCJkZWxldGUiOjM2MDAwMDAwMDAwMDAsInVwZGF0ZSI6MzYwMDAwMDAwMDAwMH19",
          "dependencies": [
            "module.eks.aws_cloudwatch_log_group.this",
            "module.eks.aws_eks_cluster.this",
            "module.eks.aws_iam_policy.cni_ipv6_policy",
            "module.eks.aws_iam_role.eks_auto",
            "module.eks.aws_iam_role.this",
            "module.eks.aws_iam_role_policy_attachment.this",
            "module.eks.aws_security_group.cluster",
            "module.eks.aws_security_group.node",
            "module.eks.aws_security_group_rule.cluster",
            "module.eks.aws_security_group_rule.node",
            "module.eks.data.aws_caller_identity.current",
            "module.eks.data.aws_iam_policy_document.assume_role_policy",
            "module.eks.data.aws_iam_policy_document.cni_ipv6_policy",
            "module.eks.data.aws_iam_policy_document.node_assume_role_policy",
            "module.eks.data.aws_iam_session_context.current",
            "module.eks.data.aws_partition.current",
            "module.eks.module.eks_managed_node_group.aws_iam_role.this",
            "module.eks.module.eks_managed_node_group.aws_iam_role_policy_attachment.additional",
            "module.eks.module.eks_managed_node_group.aws_iam_role_policy_attachment.this",
            "module.eks.module.eks_managed_node_group.aws_launch_template.this",
            "module.eks.module.eks_managed_node_group.aws_placement_group.this",
            "module.eks.module.eks_managed_node_group.data.aws_caller_identity.current",
            "module.eks.module.eks_managed_node_group.data.aws_ec2_instance_type.this",
            "module.eks.module.eks_managed_node_group.data.aws_ec2_instance_type_offerings.this",
            "module.eks.module.eks_managed_node_group.data.aws_iam_policy_document.assume_role_policy",
            "module.eks.module.eks_managed_node_group.data.aws_partition.current",
            "module.eks.module.eks_managed_node_group.data.aws_ssm_parameter.ami",
            "module.eks.module.eks_managed_node_group.data.aws_subnets.placement_group",
            "module.eks.module.eks_managed_node_group.module.user_data.data.cloudinit_config.al2023_eks_managed_node_group",
            "module.eks.module.eks_managed_node_group.module.user_data.data.cloudinit_config.linux_eks_managed_node_group",
            "module.eks.module.kms.aws_kms_external_key.this",
            "module.eks.module.kms.aws_kms_key.this",
            "module.eks.module.kms.aws_kms_replica_external_key.this",
            "module.eks.module.kms.aws_kms_replica_key.this",
            "module.eks.module.kms.data.aws_caller_identity.current",
            "module.eks.module.kms.data.aws_iam_policy_document.this",
            "module.eks.module.kms.data.aws_partition.current",
            "module.eks.time_sleep.this",
            "module.vpc.aws_subnet.private",
            "module.vpc.aws_vpc.this",
            "module.vpc.aws_vpc_ipv4_cidr_block_association.this"
          ],
          "create_before_destroy": true
        }
      ]
    },
    {
      "module": "module.eks.module.eks_managed_node_group[\"spot\"]",
      "mode": "managed",
      "type": "aws_iam_role",
      "name": "this",
      "provider": "provider[\"registry.terraform.io/hashicorp/aws\"]",
      "instances": [
        {
          "index_key": 0,
          "schema_version": 0,
          "attributes": {
            "arn": "arn:aws:iam::656732270450:role/spot-eks-node-group-20260603012839791300000002",
            "assume_role_policy": "{\"Statement\":[{\"Action\":\"sts:AssumeRole\",\"Effect\":\"Allow\",\"Principal\":{\"Service\":\"ec2.amazonaws.com\"},\"Sid\":\"EKSNodeAssumeRole\"}],\"Version\":\"2012-10-17\"}",
            "create_date": "2026-06-03T01:28:39Z",
            "description": "EKS managed node group IAM role",
            "force_detach_policies": true,
            "id": "spot-eks-node-group-20260603012839791300000002",
            "inline_policy": [],
            "managed_policy_arns": [],
            "max_session_duration": 3600,
            "name": "spot-eks-node-group-20260603012839791300000002",
            "name_prefix": "spot-eks-node-group-",
            "path": "/",
            "permissions_boundary": "",
            "tags": {
              "karpenter.sh/discovery": "demo-eks-cluster"
            },
            "tags_all": {
              "karpenter.sh/discovery": "demo-eks-cluster"
            },
            "unique_id": "AROAZR2CLF5ZPKHSNBT6N"
          },
          "sensitive_attributes": [],
          "identity_schema_version": 0,
          "private": "bnVsbA==",
          "dependencies": [
            "module.eks.module.eks_managed_node_group.data.aws_iam_policy_document.assume_role_policy"
          ],
          "create_before_destroy": true
        }
      ]
    },
    {
      "module": "module.eks.module.eks_managed_node_group[\"spot\"]",
      "mode": "managed",
      "type": "aws_iam_role_policy_attachment",
      "name": "this",
      "provider": "provider[\"registry.terraform.io/hashicorp/aws\"]",
      "instances": [
        {
          "index_key": "AmazonEC2ContainerRegistryReadOnly",
          "schema_version": 0,
          "attributes": {
            "id": "spot-eks-node-group-20260603012839791300000002-2026060301284242110000000b",
            "policy_arn": "arn:aws:iam::aws:policy/AmazonEC2ContainerRegistryReadOnly",
            "role": "spot-eks-node-group-20260603012839791300000002"
          },
          "sensitive_attributes": [],
          "identity_schema_version": 0,
          "private": "bnVsbA==",
          "dependencies": [
            "module.eks.module.eks_managed_node_group.aws_iam_role.this",
            "module.eks.module.eks_managed_node_group.data.aws_caller_identity.current",
            "module.eks.module.eks_managed_node_group.data.aws_iam_policy_document.assume_role_policy",
            "module.eks.module.eks_managed_node_group.data.aws_partition.current"
          ],
          "create_before_destroy": true
        },
        {
          "index_key": "AmazonEKSWorkerNodePolicy",
          "schema_version": 0,
          "attributes": {
            "id": "spot-eks-node-group-20260603012839791300000002-20260603012842144200000009",
            "policy_arn": "arn:aws:iam::aws:policy/AmazonEKSWorkerNodePolicy",
            "role": "spot-eks-node-group-20260603012839791300000002"
          },
          "sensitive_attributes": [],
          "identity_schema_version": 0,
          "private": "bnVsbA==",
          "dependencies": [
            "module.eks.module.eks_managed_node_group.aws_iam_role.this",
            "module.eks.module.eks_managed_node_group.data.aws_caller_identity.current",
            "module.eks.module.eks_managed_node_group.data.aws_iam_policy_document.assume_role_policy",
            "module.eks.module.eks_managed_node_group.data.aws_partition.current"
          ],
          "create_before_destroy": true
        },
        {
          "index_key": "AmazonEKS_CNI_Policy",
          "schema_version": 0,
          "attributes": {
            "id": "spot-eks-node-group-20260603012839791300000002-20260603012842122000000007",
            "policy_arn": "arn:aws:iam::aws:policy/AmazonEKS_CNI_Policy",
            "role": "spot-eks-node-group-20260603012839791300000002"
          },
          "sensitive_attributes": [],
          "identity_schema_version": 0,
          "private": "bnVsbA==",
          "dependencies": [
            "module.eks.module.eks_managed_node_group.aws_iam_role.this",
            "module.eks.module.eks_managed_node_group.data.aws_caller_identity.current",
            "module.eks.module.eks_managed_node_group.data.aws_iam_policy_document.assume_role_policy",
            "module.eks.module.eks_managed_node_group.data.aws_partition.current"
          ],
          "create_before_destroy": true
        }
      ]
    },
    {
      "module": "module.eks.module.eks_managed_node_group[\"spot\"]",
      "mode": "managed",
      "type": "aws_launch_template",
      "name": "this",
      "provider": "provider[\"registry.terraform.io/hashicorp/aws\"]",
      "instances": [
        {
          "index_key": 0,
          "schema_version": 0,
          "attributes": {
            "arn": "arn:aws:ec2:ap-southeast-1:656732270450:launch-template/lt-0b1858c74f62c4f8a",
            "block_device_mappings": [],
            "capacity_reservation_specification": [],
            "cpu_options": [],
            "credit_specification": [],
            "default_version": 1,
            "description": "Custom launch template for spot EKS managed node group",
            "disable_api_stop": false,
            "disable_api_termination": false,
            "ebs_optimized": "",
            "elastic_gpu_specifications": [],
            "elastic_inference_accelerator": [],
            "enclave_options": [],
            "hibernation_options": [],
            "iam_instance_profile": [],
            "id": "lt-0b1858c74f62c4f8a",
            "image_id": "",
            "instance_initiated_shutdown_behavior": "",
            "instance_market_options": [],
            "instance_requirements": [],
            "instance_type": "",
            "kernel_id": "",
            "key_name": "",
            "latest_version": 1,
            "license_specification": [],
            "maintenance_options": [],
            "metadata_options": [
              {
                "http_endpoint": "enabled",
                "http_protocol_ipv6": "",
                "http_put_response_hop_limit": 2,
                "http_tokens": "required",
                "instance_metadata_tags": ""
              }
            ],
            "monitoring": [
              {
                "enabled": true
              }
            ],
            "name": "spot-20260603013759730600000024",
            "name_prefix": "spot-",
            "network_interfaces": [],
            "placement": [],
            "private_dns_name_options": [],
            "ram_disk_id": "",
            "security_group_names": null,
            "tag_specifications": [
              {
                "resource_type": "instance",
                "tags": {
                  "Name": "spot",
                  "karpenter.sh/discovery": "demo-eks-cluster"
                }
              },
              {
                "resource_type": "network-interface",
                "tags": {
                  "Name": "spot",
                  "karpenter.sh/discovery": "demo-eks-cluster"
                }
              },
              {
                "resource_type": "volume",
                "tags": {
                  "Name": "spot",
                  "karpenter.sh/discovery": "demo-eks-cluster"
                }
              }
            ],
            "tags": {
              "karpenter.sh/discovery": "demo-eks-cluster"
            },
            "tags_all": {
              "karpenter.sh/discovery": "demo-eks-cluster"
            },
            "update_default_version": true,
            "user_data": "",
            "vpc_security_group_ids": [
              "sg-0a3585ca094631928"
            ]
          },
          "sensitive_attributes": [],
          "identity_schema_version": 0,
          "private": "bnVsbA==",
          "dependencies": [
            "module.eks.aws_cloudwatch_log_group.this",
            "module.eks.aws_eks_cluster.this",
            "module.eks.aws_iam_policy.cni_ipv6_policy",
            "module.eks.aws_iam_role.eks_auto",
            "module.eks.aws_iam_role.this",
            "module.eks.aws_iam_role_policy_attachment.this",
            "module.eks.aws_security_group.cluster",
            "module.eks.aws_security_group.node",
            "module.eks.aws_security_group_rule.cluster",
            "module.eks.aws_security_group_rule.node",
            "module.eks.data.aws_caller_identity.current",
            "module.eks.data.aws_iam_policy_document.assume_role_policy",
            "module.eks.data.aws_iam_policy_document.cni_ipv6_policy",
            "module.eks.data.aws_iam_policy_document.node_assume_role_policy",
            "module.eks.data.aws_iam_session_context.current",
            "module.eks.data.aws_partition.current",
            "module.eks.module.eks_managed_node_group.aws_iam_role.this",
            "module.eks.module.eks_managed_node_group.aws_iam_role_policy_attachment.additional",
            "module.eks.module.eks_managed_node_group.aws_iam_role_policy_attachment.this",
            "module.eks.module.eks_managed_node_group.aws_placement_group.this",
            "module.eks.module.eks_managed_node_group.data.aws_caller_identity.current",
            "module.eks.module.eks_managed_node_group.data.aws_ec2_instance_type.this",
            "module.eks.module.eks_managed_node_group.data.aws_iam_policy_document.assume_role_policy",
            "module.eks.module.eks_managed_node_group.data.aws_partition.current",
            "module.eks.module.eks_managed_node_group.module.user_data.data.cloudinit_config.al2023_eks_managed_node_group",
            "module.eks.module.eks_managed_node_group.module.user_data.data.cloudinit_config.linux_eks_managed_node_group",
            "module.eks.module.kms.aws_kms_external_key.this",
            "module.eks.module.kms.aws_kms_key.this",
            "module.eks.module.kms.aws_kms_replica_external_key.this",
            "module.eks.module.kms.aws_kms_replica_key.this",
            "module.eks.module.kms.data.aws_caller_identity.current",
            "module.eks.module.kms.data.aws_iam_policy_document.this",
            "module.eks.module.kms.data.aws_partition.current",
            "module.eks.time_sleep.this",
            "module.vpc.aws_subnet.private",
            "module.vpc.aws_vpc.this",
            "module.vpc.aws_vpc_ipv4_cidr_block_association.this"
          ],
          "create_before_destroy": true
        }
      ]
    },
    {
      "module": "module.eks.module.eks_managed_node_group[\"spot\"].module.user_data",
      "mode": "managed",
      "type": "null_resource",
      "name": "validate_cluster_service_cidr",
      "provider": "provider[\"registry.terraform.io/hashicorp/null\"]",
      "instances": [
        {
          "schema_version": 0,
          "attributes": {
            "id": "6076972397988764681",
            "triggers": null
          },
          "sensitive_attributes": [],
          "identity_schema_version": 0,
          "dependencies": [
            "module.eks.aws_cloudwatch_log_group.this",
            "module.eks.aws_eks_cluster.this",
            "module.eks.aws_iam_policy.cni_ipv6_policy",
            "module.eks.aws_iam_role.eks_auto",
            "module.eks.aws_iam_role.this",
            "module.eks.aws_iam_role_policy_attachment.this",
            "module.eks.aws_security_group.cluster",
            "module.eks.aws_security_group.node",
            "module.eks.aws_security_group_rule.cluster",
            "module.eks.aws_security_group_rule.node",
            "module.eks.data.aws_caller_identity.current",
            "module.eks.data.aws_iam_policy_document.assume_role_policy",
            "module.eks.data.aws_iam_policy_document.cni_ipv6_policy",
            "module.eks.data.aws_iam_policy_document.node_assume_role_policy",
            "module.eks.data.aws_iam_session_context.current",
            "module.eks.data.aws_partition.current",
            "module.eks.module.kms.aws_kms_external_key.this",
            "module.eks.module.kms.aws_kms_key.this",
            "module.eks.module.kms.aws_kms_replica_external_key.this",
            "module.eks.module.kms.aws_kms_replica_key.this",
            "module.eks.module.kms.data.aws_caller_identity.current",
            "module.eks.module.kms.data.aws_iam_policy_document.this",
            "module.eks.module.kms.data.aws_partition.current",
            "module.eks.time_sleep.this",
            "module.vpc.aws_subnet.private",
            "module.vpc.aws_vpc.this",
            "module.vpc.aws_vpc_ipv4_cidr_block_association.this"
          ]
        }
      ]
    },
    {
      "module": "module.eks.module.kms",
      "mode": "data",
      "type": "aws_caller_identity",
      "name": "current",
      "provider": "provider[\"registry.terraform.io/hashicorp/aws\"]",
      "instances": [
        {
          "index_key": 0,
          "schema_version": 0,
          "attributes": {
            "account_id": "656732270450",
            "arn": "arn:aws:iam::656732270450:user/Duchuy",
            "id": "656732270450",
            "user_id": "AIDAZR2CLF5ZCFPL4QPPA"
          },
          "sensitive_attributes": [],
          "identity_schema_version": 0
        }
      ]
    },
    {
      "module": "module.eks.module.kms",
      "mode": "data",
      "type": "aws_iam_policy_document",
      "name": "this",
      "provider": "provider[\"registry.terraform.io/hashicorp/aws\"]",
      "instances": [
        {
          "index_key": 0,
          "schema_version": 0,
          "attributes": {
            "id": "3672901206",
            "json": "{\n  \"Version\": \"2012-10-17\",\n  \"Statement\": [\n    {\n      \"Sid\": \"Default\",\n      \"Effect\": \"Allow\",\n      \"Action\": \"kms:*\",\n      \"Resource\": \"*\",\n      \"Principal\": {\n        \"AWS\": \"arn:aws:iam::656732270450:root\"\n      }\n    },\n    {\n      \"Sid\": \"KeyAdministration\",\n      \"Effect\": \"Allow\",\n      \"Action\": [\n        \"kms:Update*\",\n        \"kms:UntagResource\",\n        \"kms:TagResource\",\n        \"kms:ScheduleKeyDeletion\",\n        \"kms:Revoke*\",\n        \"kms:ReplicateKey\",\n        \"kms:Put*\",\n        \"kms:List*\",\n        \"kms:ImportKeyMaterial\",\n        \"kms:Get*\",\n        \"kms:Enable*\",\n        \"kms:Disable*\",\n        \"kms:Describe*\",\n        \"kms:Delete*\",\n        \"kms:Create*\",\n        \"kms:CancelKeyDeletion\"\n      ],\n      \"Resource\": \"*\",\n      \"Principal\": {\n        \"AWS\": \"arn:aws:iam::656732270450:user/Duchuy\"\n      }\n    },\n    {\n      \"Sid\": \"KeyUsage\",\n      \"Effect\": \"Allow\",\n      \"Action\": [\n        \"kms:ReEncrypt*\",\n        \"kms:GenerateDataKey*\",\n        \"kms:Encrypt\",\n        \"kms:DescribeKey\",\n        \"kms:Decrypt\"\n      ],\n      \"Resource\": \"*\",\n      \"Principal\": {\n        \"AWS\": \"arn:aws:iam::656732270450:role/demo-eks-cluster-cluster-20260603012839791300000001\"\n      }\n    }\n  ]\n}",
            "minified_json": "{\"Version\":\"2012-10-17\",\"Statement\":[{\"Sid\":\"Default\",\"Effect\":\"Allow\",\"Action\":\"kms:*\",\"Resource\":\"*\",\"Principal\":{\"AWS\":\"arn:aws:iam::656732270450:root\"}},{\"Sid\":\"KeyAdministration\",\"Effect\":\"Allow\",\"Action\":[\"kms:Update*\",\"kms:UntagResource\",\"kms:TagResource\",\"kms:ScheduleKeyDeletion\",\"kms:Revoke*\",\"kms:ReplicateKey\",\"kms:Put*\",\"kms:List*\",\"kms:ImportKeyMaterial\",\"kms:Get*\",\"kms:Enable*\",\"kms:Disable*\",\"kms:Describe*\",\"kms:Delete*\",\"kms:Create*\",\"kms:CancelKeyDeletion\"],\"Resource\":\"*\",\"Principal\":{\"AWS\":\"arn:aws:iam::656732270450:user/Duchuy\"}},{\"Sid\":\"KeyUsage\",\"Effect\":\"Allow\",\"Action\":[\"kms:ReEncrypt*\",\"kms:GenerateDataKey*\",\"kms:Encrypt\",\"kms:DescribeKey\",\"kms:Decrypt\"],\"Resource\":\"*\",\"Principal\":{\"AWS\":\"arn:aws:iam::656732270450:role/demo-eks-cluster-cluster-20260603012839791300000001\"}}]}",
            "override_json": null,
            "override_policy_documents": null,
            "policy_id": null,
            "source_json": null,
            "source_policy_documents": null,
            "statement": [
              {
                "actions": [
                  "kms:*"
                ],
                "condition": [],
                "effect": "Allow",
                "not_actions": [],
                "not_principals": [],
                "not_resources": [],
                "principals": [
                  {
                    "identifiers": [
                      "arn:aws:iam::656732270450:root"
                    ],
                    "type": "AWS"
                  }
                ],
                "resources": [
                  "*"
                ],
                "sid": "Default"
              },
              {
                "actions": [
                  "kms:CancelKeyDeletion",
                  "kms:Create*",
                  "kms:Delete*",
                  "kms:Describe*",
                  "kms:Disable*",
                  "kms:Enable*",
                  "kms:Get*",
                  "kms:ImportKeyMaterial",
                  "kms:List*",
                  "kms:Put*",
                  "kms:ReplicateKey",
                  "kms:Revoke*",
                  "kms:ScheduleKeyDeletion",
                  "kms:TagResource",
                  "kms:UntagResource",
                  "kms:Update*"
                ],
                "condition": [],
                "effect": "Allow",
                "not_actions": [],
                "not_principals": [],
                "not_resources": [],
                "principals": [
                  {
                    "identifiers": [
                      "arn:aws:iam::656732270450:user/Duchuy"
                    ],
                    "type": "AWS"
                  }
                ],
                "resources": [
                  "*"
                ],
                "sid": "KeyAdministration"
              },
              {
                "actions": [
                  "kms:Decrypt",
                  "kms:DescribeKey",
                  "kms:Encrypt",
                  "kms:GenerateDataKey*",
                  "kms:ReEncrypt*"
                ],
                "condition": [],
                "effect": "Allow",
                "not_actions": [],
                "not_principals": [],
                "not_resources": [],
                "principals": [
                  {
                    "identifiers": [
                      "arn:aws:iam::656732270450:role/demo-eks-cluster-cluster-20260603012839791300000001"
                    ],
                    "type": "AWS"
                  }
                ],
                "resources": [
                  "*"
                ],
                "sid": "KeyUsage"
              }
            ],
            "version": "2012-10-17"
          },
          "sensitive_attributes": [],
          "identity_schema_version": 0
        }
      ]
    },
    {
      "module": "module.eks.module.kms",
      "mode": "data",
      "type": "aws_partition",
      "name": "current",
      "provider": "provider[\"registry.terraform.io/hashicorp/aws\"]",
      "instances": [
        {
          "index_key": 0,
          "schema_version": 0,
          "attributes": {
            "dns_suffix": "amazonaws.com",
            "id": "aws",
            "partition": "aws",
            "reverse_dns_prefix": "com.amazonaws"
          },
          "sensitive_attributes": [],
          "identity_schema_version": 0
        }
      ]
    },
    {
      "module": "module.eks.module.kms",
      "mode": "managed",
      "type": "aws_kms_alias",
      "name": "this",
      "provider": "provider[\"registry.terraform.io/hashicorp/aws\"]",
      "instances": [
        {
          "index_key": "cluster",
          "schema_version": 0,
          "attributes": {
            "arn": "arn:aws:kms:ap-southeast-1:656732270450:alias/eks/demo-eks-cluster",
            "id": "alias/eks/demo-eks-cluster",
            "name": "alias/eks/demo-eks-cluster",
            "name_prefix": "",
            "target_key_arn": "arn:aws:kms:ap-southeast-1:656732270450:key/11fb11e3-76c7-4a77-bcb6-e68cdf50da74",
            "target_key_id": "11fb11e3-76c7-4a77-bcb6-e68cdf50da74"
          },
          "sensitive_attributes": [],
          "identity_schema_version": 0,
          "private": "bnVsbA==",
          "dependencies": [
            "module.eks.aws_iam_role.this",
            "module.eks.data.aws_caller_identity.current",
            "module.eks.data.aws_iam_policy_document.assume_role_policy",
            "module.eks.data.aws_iam_session_context.current",
            "module.eks.module.kms.aws_kms_external_key.this",
            "module.eks.module.kms.aws_kms_key.this",
            "module.eks.module.kms.aws_kms_replica_external_key.this",
            "module.eks.module.kms.aws_kms_replica_key.this",
            "module.eks.module.kms.data.aws_caller_identity.current",
            "module.eks.module.kms.data.aws_iam_policy_document.this",
            "module.eks.module.kms.data.aws_partition.current"
          ]
        }
      ]
    },
    {
      "module": "module.eks.module.kms",
      "mode": "managed",
      "type": "aws_kms_key",
      "name": "this",
      "provider": "provider[\"registry.terraform.io/hashicorp/aws\"]",
      "instances": [
        {
          "index_key": 0,
          "schema_version": 0,
          "attributes": {
            "arn": "arn:aws:kms:ap-southeast-1:656732270450:key/11fb11e3-76c7-4a77-bcb6-e68cdf50da74",
            "bypass_policy_lockout_safety_check": false,
            "custom_key_store_id": "",
            "customer_master_key_spec": "SYMMETRIC_DEFAULT",
            "deletion_window_in_days": null,
            "description": "demo-eks-cluster cluster encryption key",
            "enable_key_rotation": true,
            "id": "11fb11e3-76c7-4a77-bcb6-e68cdf50da74",
            "is_enabled": true,
            "key_id": "11fb11e3-76c7-4a77-bcb6-e68cdf50da74",
            "key_usage": "ENCRYPT_DECRYPT",
            "multi_region": false,
            "policy": "{\"Statement\":[{\"Action\":\"kms:*\",\"Effect\":\"Allow\",\"Principal\":{\"AWS\":\"arn:aws:iam::656732270450:root\"},\"Resource\":\"*\",\"Sid\":\"Default\"},{\"Action\":[\"kms:Update*\",\"kms:UntagResource\",\"kms:TagResource\",\"kms:ScheduleKeyDeletion\",\"kms:Revoke*\",\"kms:ReplicateKey\",\"kms:Put*\",\"kms:List*\",\"kms:ImportKeyMaterial\",\"kms:Get*\",\"kms:Enable*\",\"kms:Disable*\",\"kms:Describe*\",\"kms:Delete*\",\"kms:Create*\",\"kms:CancelKeyDeletion\"],\"Effect\":\"Allow\",\"Principal\":{\"AWS\":\"arn:aws:iam::656732270450:user/Duchuy\"},\"Resource\":\"*\",\"Sid\":\"KeyAdministration\"},{\"Action\":[\"kms:ReEncrypt*\",\"kms:GenerateDataKey*\",\"kms:Encrypt\",\"kms:DescribeKey\",\"kms:Decrypt\"],\"Effect\":\"Allow\",\"Principal\":{\"AWS\":\"arn:aws:iam::656732270450:role/demo-eks-cluster-cluster-20260603012839791300000001\"},\"Resource\":\"*\",\"Sid\":\"KeyUsage\"}],\"Version\":\"2012-10-17\"}",
            "rotation_period_in_days": 365,
            "tags": {
              "karpenter.sh/discovery": "demo-eks-cluster",
              "terraform-aws-modules": "eks"
            },
            "tags_all": {
              "karpenter.sh/discovery": "demo-eks-cluster",
              "terraform-aws-modules": "eks"
            },
            "timeouts": null,
            "xks_key_id": ""
          },
          "sensitive_attributes": [],
          "identity_schema_version": 0,
          "private": "eyJlMmJmYjczMC1lY2FhLTExZTYtOGY4OC0zNDM2M2JjN2M0YzAiOnsiY3JlYXRlIjoxMjAwMDAwMDAwMDB9fQ==",
          "dependencies": [
            "module.eks.aws_iam_role.this",
            "module.eks.data.aws_caller_identity.current",
            "module.eks.data.aws_iam_policy_document.assume_role_policy",
            "module.eks.data.aws_iam_session_context.current",
            "module.eks.module.kms.data.aws_caller_identity.current",
            "module.eks.module.kms.data.aws_iam_policy_document.this",
            "module.eks.module.kms.data.aws_partition.current"
          ],
          "create_before_destroy": true
        }
      ]
    },
    {
      "module": "module.karpenter",
      "mode": "data",
      "type": "aws_caller_identity",
      "name": "current",
      "provider": "provider[\"registry.terraform.io/hashicorp/aws\"]",
      "instances": [
        {
          "schema_version": 0,
          "attributes": {
            "account_id": "656732270450",
            "arn": "arn:aws:iam::656732270450:user/Duchuy",
            "id": "656732270450",
            "user_id": "AIDAZR2CLF5ZCFPL4QPPA"
          },
          "sensitive_attributes": [],
          "identity_schema_version": 0
        }
      ]
    },
    {
      "module": "module.karpenter",
      "mode": "data",
      "type": "aws_iam_policy_document",
      "name": "controller",
      "provider": "provider[\"registry.terraform.io/hashicorp/aws\"]",
      "instances": [
        {
          "index_key": 0,
          "schema_version": 0,
          "attributes": {
            "id": "2362698832",
            "json": "{\n  \"Version\": \"2012-10-17\",\n  \"Statement\": [\n    {\n      \"Sid\": \"AllowScopedEC2InstanceAccessActions\",\n      \"Effect\": \"Allow\",\n      \"Action\": [\n        \"ec2:RunInstances\",\n        \"ec2:CreateFleet\"\n      ],\n      \"Resource\": [\n        \"arn:aws:ec2:ap-southeast-1::snapshot/*\",\n        \"arn:aws:ec2:ap-southeast-1::image/*\",\n        \"arn:aws:ec2:ap-southeast-1:*:subnet/*\",\n        \"arn:aws:ec2:ap-southeast-1:*:security-group/*\",\n        \"arn:aws:ec2:ap-southeast-1:*:capacity-reservation/*\"\n      ]\n    },\n    {\n      \"Sid\": \"AllowScopedEC2LaunchTemplateAccessActions\",\n      \"Effect\": \"Allow\",\n      \"Action\": [\n        \"ec2:RunInstances\",\n        \"ec2:CreateFleet\"\n      ],\n      \"Resource\": \"arn:aws:ec2:ap-southeast-1:*:launch-template/*\",\n      \"Condition\": {\n        \"StringEquals\": {\n          \"aws:ResourceTag/kubernetes.io/cluster/demo-eks-cluster\": \"owned\"\n        },\n        \"StringLike\": {\n          \"aws:ResourceTag/karpenter.sh/nodepool\": \"*\"\n        }\n      }\n    },\n    {\n      \"Sid\": \"AllowScopedEC2InstanceActionsWithTags\",\n      \"Effect\": \"Allow\",\n      \"Action\": [\n        \"ec2:RunInstances\",\n        \"ec2:CreateLaunchTemplate\",\n        \"ec2:CreateFleet\"\n      ],\n      \"Resource\": [\n        \"arn:aws:ec2:ap-southeast-1:*:volume/*\",\n        \"arn:aws:ec2:ap-southeast-1:*:spot-instances-request/*\",\n        \"arn:aws:ec2:ap-southeast-1:*:network-interface/*\",\n        \"arn:aws:ec2:ap-southeast-1:*:launch-template/*\",\n        \"arn:aws:ec2:ap-southeast-1:*:instance/*\",\n        \"arn:aws:ec2:ap-southeast-1:*:fleet/*\"\n      ],\n      \"Condition\": {\n        \"StringEquals\": {\n          \"aws:RequestTag/eks:eks-cluster-name\": \"demo-eks-cluster\",\n          \"aws:RequestTag/kubernetes.io/cluster/demo-eks-cluster\": \"owned\"\n        },\n        \"StringLike\": {\n          \"aws:RequestTag/karpenter.sh/nodepool\": \"*\"\n        }\n      }\n    },\n    {\n      \"Sid\": \"AllowScopedResourceCreationTagging\",\n      \"Effect\": \"Allow\",\n      \"Action\": \"ec2:CreateTags\",\n      \"Resource\": [\n        \"arn:aws:ec2:ap-southeast-1:*:volume/*\",\n        \"arn:aws:ec2:ap-southeast-1:*:spot-instances-request/*\",\n        \"arn:aws:ec2:ap-southeast-1:*:network-interface/*\",\n        \"arn:aws:ec2:ap-southeast-1:*:launch-template/*\",\n        \"arn:aws:ec2:ap-southeast-1:*:instance/*\",\n        \"arn:aws:ec2:ap-southeast-1:*:fleet/*\"\n      ],\n      \"Condition\": {\n        \"StringEquals\": {\n          \"aws:RequestTag/eks:eks-cluster-name\": \"demo-eks-cluster\",\n          \"aws:RequestTag/kubernetes.io/cluster/demo-eks-cluster\": \"owned\",\n          \"ec2:CreateAction\": [\n            \"RunInstances\",\n            \"CreateFleet\",\n            \"CreateLaunchTemplate\"\n          ]\n        },\n        \"StringLike\": {\n          \"aws:RequestTag/karpenter.sh/nodepool\": \"*\"\n        }\n      }\n    },\n    {\n      \"Sid\": \"AllowScopedResourceTagging\",\n      \"Effect\": \"Allow\",\n      \"Action\": \"ec2:CreateTags\",\n      \"Resource\": \"arn:aws:ec2:ap-southeast-1:*:instance/*\",\n      \"Condition\": {\n        \"ForAllValues:StringEquals\": {\n          \"aws:TagKeys\": [\n            \"eks:eks-cluster-name\",\n            \"karpenter.sh/nodeclaim\",\n            \"Name\"\n          ]\n        },\n        \"StringEquals\": {\n          \"aws:ResourceTag/kubernetes.io/cluster/demo-eks-cluster\": \"owned\"\n        },\n        \"StringEqualsIfExists\": {\n          \"aws:RequestTag/eks:eks-cluster-name\": \"demo-eks-cluster\"\n        },\n        \"StringLike\": {\n          \"aws:ResourceTag/karpenter.sh/nodepool\": \"*\"\n        }\n      }\n    },\n    {\n      \"Sid\": \"AllowScopedDeletion\",\n      \"Effect\": \"Allow\",\n      \"Action\": [\n        \"ec2:TerminateInstances\",\n        \"ec2:DeleteLaunchTemplate\"\n      ],\n      \"Resource\": [\n        \"arn:aws:ec2:ap-southeast-1:*:launch-template/*\",\n        \"arn:aws:ec2:ap-southeast-1:*:instance/*\"\n      ],\n      \"Condition\": {\n        \"StringEquals\": {\n          \"aws:ResourceTag/kubernetes.io/cluster/demo-eks-cluster\": \"owned\"\n        },\n        \"StringLike\": {\n          \"aws:ResourceTag/karpenter.sh/nodepool\": \"*\"\n        }\n      }\n    },\n    {\n      \"Sid\": \"AllowRegionalReadActions\",\n      \"Effect\": \"Allow\",\n      \"Action\": [\n        \"ec2:DescribeSubnets\",\n        \"ec2:DescribeSpotPriceHistory\",\n        \"ec2:DescribeSecurityGroups\",\n        \"ec2:DescribeLaunchTemplates\",\n        \"ec2:DescribeInstances\",\n        \"ec2:DescribeInstanceTypes\",\n        \"ec2:DescribeInstanceTypeOfferings\",\n        \"ec2:DescribeImages\",\n        \"ec2:DescribeAvailabilityZones\"\n      ],\n      \"Resource\": \"*\",\n      \"Condition\": {\n        \"StringEquals\": {\n          \"aws:RequestedRegion\": \"ap-southeast-1\"\n        }\n      }\n    },\n    {\n      \"Sid\": \"AllowSSMReadActions\",\n      \"Effect\": \"Allow\",\n      \"Action\": \"ssm:GetParameter\",\n      \"Resource\": \"arn:aws:ssm:ap-southeast-1::parameter/aws/service/*\"\n    },\n    {\n      \"Sid\": \"AllowPricingReadActions\",\n      \"Effect\": \"Allow\",\n      \"Action\": \"pricing:GetProducts\",\n      \"Resource\": \"*\"\n    },\n    {\n      \"Sid\": \"AllowInterruptionQueueActions\",\n      \"Effect\": \"Allow\",\n      \"Action\": [\n        \"sqs:ReceiveMessage\",\n        \"sqs:GetQueueUrl\",\n        \"sqs:DeleteMessage\"\n      ],\n      \"Resource\": \"arn:aws:sqs:ap-southeast-1:656732270450:Karpenter-demo-eks-cluster\"\n    },\n    {\n      \"Sid\": \"AllowPassingInstanceRole\",\n      \"Effect\": \"Allow\",\n      \"Action\": \"iam:PassRole\",\n      \"Resource\": \"arn:aws:iam::656732270450:role/Karpenter-demo-eks-cluster-2026060301372965340000001a\",\n      \"Condition\": {\n        \"StringEquals\": {\n          \"iam:PassedToService\": \"ec2.amazonaws.com\"\n        }\n      }\n    },\n    {\n      \"Sid\": \"AllowScopedInstanceProfileCreationActions\",\n      \"Effect\": \"Allow\",\n      \"Action\": \"iam:CreateInstanceProfile\",\n      \"Resource\": \"arn:aws:iam::656732270450:instance-profile/*\",\n      \"Condition\": {\n        \"StringEquals\": {\n          \"aws:RequestTag/eks:eks-cluster-name\": \"demo-eks-cluster\",\n          \"aws:RequestTag/kubernetes.io/cluster/demo-eks-cluster\": \"owned\",\n          \"aws:RequestTag/topology.kubernetes.io/region\": \"ap-southeast-1\"\n        },\n        \"StringLike\": {\n          \"aws:RequestTag/karpenter.k8s.aws/ec2nodeclass\": \"*\"\n        }\n      }\n    },\n    {\n      \"Sid\": \"AllowScopedInstanceProfileTagActions\",\n      \"Effect\": \"Allow\",\n      \"Action\": \"iam:TagInstanceProfile\",\n      \"Resource\": \"arn:aws:iam::656732270450:instance-profile/*\",\n      \"Condition\": {\n        \"StringEquals\": {\n          \"aws:RequestTag/eks:eks-cluster-name\": \"demo-eks-cluster\",\n          \"aws:RequestTag/kubernetes.io/cluster/demo-eks-cluster\": \"owned\",\n          \"aws:RequestTag/topology.kubernetes.io/region\": \"ap-southeast-1\",\n          \"aws:ResourceTag/kubernetes.io/cluster/demo-eks-cluster\": \"owned\",\n          \"aws:ResourceTag/topology.kubernetes.io/region\": \"ap-southeast-1\"\n        },\n        \"StringLike\": {\n          \"aws:RequestTag/karpenter.k8s.aws/ec2nodeclass\": \"*\",\n          \"aws:ResourceTag/karpenter.k8s.aws/ec2nodeclass\": \"*\"\n        }\n      }\n    },\n    {\n      \"Sid\": \"AllowScopedInstanceProfileActions\",\n      \"Effect\": \"Allow\",\n      \"Action\": [\n        \"iam:RemoveRoleFromInstanceProfile\",\n        \"iam:DeleteInstanceProfile\",\n        \"iam:AddRoleToInstanceProfile\"\n      ],\n      \"Resource\": \"arn:aws:iam::656732270450:instance-profile/*\",\n      \"Condition\": {\n        \"StringEquals\": {\n          \"aws:ResourceTag/kubernetes.io/cluster/demo-eks-cluster\": \"owned\",\n          \"aws:ResourceTag/topology.kubernetes.io/region\": \"ap-southeast-1\"\n        },\n        \"StringLike\": {\n          \"aws:ResourceTag/karpenter.k8s.aws/ec2nodeclass\": \"*\"\n        }\n      }\n    },\n    {\n      \"Sid\": \"AllowInstanceProfileReadActions\",\n      \"Effect\": \"Allow\",\n      \"Action\": \"iam:GetInstanceProfile\",\n      \"Resource\": \"arn:aws:iam::656732270450:instance-profile/*\"\n    },\n    {\n      \"Sid\": \"AllowAPIServerEndpointDiscovery\",\n      \"Effect\": \"Allow\",\n      \"Action\": \"eks:DescribeCluster\",\n      \"Resource\": \"arn:aws:eks:ap-southeast-1:656732270450:cluster/demo-eks-cluster\"\n    }\n  ]\n}",
            "minified_json": "{\"Version\":\"2012-10-17\",\"Statement\":[{\"Sid\":\"AllowScopedEC2InstanceAccessActions\",\"Effect\":\"Allow\",\"Action\":[\"ec2:RunInstances\",\"ec2:CreateFleet\"],\"Resource\":[\"arn:aws:ec2:ap-southeast-1::snapshot/*\",\"arn:aws:ec2:ap-southeast-1::image/*\",\"arn:aws:ec2:ap-southeast-1:*:subnet/*\",\"arn:aws:ec2:ap-southeast-1:*:security-group/*\",\"arn:aws:ec2:ap-southeast-1:*:capacity-reservation/*\"]},{\"Sid\":\"AllowScopedEC2LaunchTemplateAccessActions\",\"Effect\":\"Allow\",\"Action\":[\"ec2:RunInstances\",\"ec2:CreateFleet\"],\"Resource\":\"arn:aws:ec2:ap-southeast-1:*:launch-template/*\",\"Condition\":{\"StringEquals\":{\"aws:ResourceTag/kubernetes.io/cluster/demo-eks-cluster\":\"owned\"},\"StringLike\":{\"aws:ResourceTag/karpenter.sh/nodepool\":\"*\"}}},{\"Sid\":\"AllowScopedEC2InstanceActionsWithTags\",\"Effect\":\"Allow\",\"Action\":[\"ec2:RunInstances\",\"ec2:CreateLaunchTemplate\",\"ec2:CreateFleet\"],\"Resource\":[\"arn:aws:ec2:ap-southeast-1:*:volume/*\",\"arn:aws:ec2:ap-southeast-1:*:spot-instances-request/*\",\"arn:aws:ec2:ap-southeast-1:*:network-interface/*\",\"arn:aws:ec2:ap-southeast-1:*:launch-template/*\",\"arn:aws:ec2:ap-southeast-1:*:instance/*\",\"arn:aws:ec2:ap-southeast-1:*:fleet/*\"],\"Condition\":{\"StringEquals\":{\"aws:RequestTag/eks:eks-cluster-name\":\"demo-eks-cluster\",\"aws:RequestTag/kubernetes.io/cluster/demo-eks-cluster\":\"owned\"},\"StringLike\":{\"aws:RequestTag/karpenter.sh/nodepool\":\"*\"}}},{\"Sid\":\"AllowScopedResourceCreationTagging\",\"Effect\":\"Allow\",\"Action\":\"ec2:CreateTags\",\"Resource\":[\"arn:aws:ec2:ap-southeast-1:*:volume/*\",\"arn:aws:ec2:ap-southeast-1:*:spot-instances-request/*\",\"arn:aws:ec2:ap-southeast-1:*:network-interface/*\",\"arn:aws:ec2:ap-southeast-1:*:launch-template/*\",\"arn:aws:ec2:ap-southeast-1:*:instance/*\",\"arn:aws:ec2:ap-southeast-1:*:fleet/*\"],\"Condition\":{\"StringEquals\":{\"aws:RequestTag/eks:eks-cluster-name\":\"demo-eks-cluster\",\"aws:RequestTag/kubernetes.io/cluster/demo-eks-cluster\":\"owned\",\"ec2:CreateAction\":[\"RunInstances\",\"CreateFleet\",\"CreateLaunchTemplate\"]},\"StringLike\":{\"aws:RequestTag/karpenter.sh/nodepool\":\"*\"}}},{\"Sid\":\"AllowScopedResourceTagging\",\"Effect\":\"Allow\",\"Action\":\"ec2:CreateTags\",\"Resource\":\"arn:aws:ec2:ap-southeast-1:*:instance/*\",\"Condition\":{\"ForAllValues:StringEquals\":{\"aws:TagKeys\":[\"eks:eks-cluster-name\",\"karpenter.sh/nodeclaim\",\"Name\"]},\"StringEquals\":{\"aws:ResourceTag/kubernetes.io/cluster/demo-eks-cluster\":\"owned\"},\"StringEqualsIfExists\":{\"aws:RequestTag/eks:eks-cluster-name\":\"demo-eks-cluster\"},\"StringLike\":{\"aws:ResourceTag/karpenter.sh/nodepool\":\"*\"}}},{\"Sid\":\"AllowScopedDeletion\",\"Effect\":\"Allow\",\"Action\":[\"ec2:TerminateInstances\",\"ec2:DeleteLaunchTemplate\"],\"Resource\":[\"arn:aws:ec2:ap-southeast-1:*:launch-template/*\",\"arn:aws:ec2:ap-southeast-1:*:instance/*\"],\"Condition\":{\"StringEquals\":{\"aws:ResourceTag/kubernetes.io/cluster/demo-eks-cluster\":\"owned\"},\"StringLike\":{\"aws:ResourceTag/karpenter.sh/nodepool\":\"*\"}}},{\"Sid\":\"AllowRegionalReadActions\",\"Effect\":\"Allow\",\"Action\":[\"ec2:DescribeSubnets\",\"ec2:DescribeSpotPriceHistory\",\"ec2:DescribeSecurityGroups\",\"ec2:DescribeLaunchTemplates\",\"ec2:DescribeInstances\",\"ec2:DescribeInstanceTypes\",\"ec2:DescribeInstanceTypeOfferings\",\"ec2:DescribeImages\",\"ec2:DescribeAvailabilityZones\"],\"Resource\":\"*\",\"Condition\":{\"StringEquals\":{\"aws:RequestedRegion\":\"ap-southeast-1\"}}},{\"Sid\":\"AllowSSMReadActions\",\"Effect\":\"Allow\",\"Action\":\"ssm:GetParameter\",\"Resource\":\"arn:aws:ssm:ap-southeast-1::parameter/aws/service/*\"},{\"Sid\":\"AllowPricingReadActions\",\"Effect\":\"Allow\",\"Action\":\"pricing:GetProducts\",\"Resource\":\"*\"},{\"Sid\":\"AllowInterruptionQueueActions\",\"Effect\":\"Allow\",\"Action\":[\"sqs:ReceiveMessage\",\"sqs:GetQueueUrl\",\"sqs:DeleteMessage\"],\"Resource\":\"arn:aws:sqs:ap-southeast-1:656732270450:Karpenter-demo-eks-cluster\"},{\"Sid\":\"AllowPassingInstanceRole\",\"Effect\":\"Allow\",\"Action\":\"iam:PassRole\",\"Resource\":\"arn:aws:iam::656732270450:role/Karpenter-demo-eks-cluster-2026060301372965340000001a\",\"Condition\":{\"StringEquals\":{\"iam:PassedToService\":\"ec2.amazonaws.com\"}}},{\"Sid\":\"AllowScopedInstanceProfileCreationActions\",\"Effect\":\"Allow\",\"Action\":\"iam:CreateInstanceProfile\",\"Resource\":\"arn:aws:iam::656732270450:instance-profile/*\",\"Condition\":{\"StringEquals\":{\"aws:RequestTag/eks:eks-cluster-name\":\"demo-eks-cluster\",\"aws:RequestTag/kubernetes.io/cluster/demo-eks-cluster\":\"owned\",\"aws:RequestTag/topology.kubernetes.io/region\":\"ap-southeast-1\"},\"StringLike\":{\"aws:RequestTag/karpenter.k8s.aws/ec2nodeclass\":\"*\"}}},{\"Sid\":\"AllowScopedInstanceProfileTagActions\",\"Effect\":\"Allow\",\"Action\":\"iam:TagInstanceProfile\",\"Resource\":\"arn:aws:iam::656732270450:instance-profile/*\",\"Condition\":{\"StringEquals\":{\"aws:RequestTag/eks:eks-cluster-name\":\"demo-eks-cluster\",\"aws:RequestTag/kubernetes.io/cluster/demo-eks-cluster\":\"owned\",\"aws:RequestTag/topology.kubernetes.io/region\":\"ap-southeast-1\",\"aws:ResourceTag/kubernetes.io/cluster/demo-eks-cluster\":\"owned\",\"aws:ResourceTag/topology.kubernetes.io/region\":\"ap-southeast-1\"},\"StringLike\":{\"aws:RequestTag/karpenter.k8s.aws/ec2nodeclass\":\"*\",\"aws:ResourceTag/karpenter.k8s.aws/ec2nodeclass\":\"*\"}}},{\"Sid\":\"AllowScopedInstanceProfileActions\",\"Effect\":\"Allow\",\"Action\":[\"iam:RemoveRoleFromInstanceProfile\",\"iam:DeleteInstanceProfile\",\"iam:AddRoleToInstanceProfile\"],\"Resource\":\"arn:aws:iam::656732270450:instance-profile/*\",\"Condition\":{\"StringEquals\":{\"aws:ResourceTag/kubernetes.io/cluster/demo-eks-cluster\":\"owned\",\"aws:ResourceTag/topology.kubernetes.io/region\":\"ap-southeast-1\"},\"StringLike\":{\"aws:ResourceTag/karpenter.k8s.aws/ec2nodeclass\":\"*\"}}},{\"Sid\":\"AllowInstanceProfileReadActions\",\"Effect\":\"Allow\",\"Action\":\"iam:GetInstanceProfile\",\"Resource\":\"arn:aws:iam::656732270450:instance-profile/*\"},{\"Sid\":\"AllowAPIServerEndpointDiscovery\",\"Effect\":\"Allow\",\"Action\":\"eks:DescribeCluster\",\"Resource\":\"arn:aws:eks:ap-southeast-1:656732270450:cluster/demo-eks-cluster\"}]}",
            "override_json": null,
            "override_policy_documents": null,
            "policy_id": null,
            "source_json": null,
            "source_policy_documents": [
              "{\n  \"Version\": \"2012-10-17\",\n  \"Statement\": [\n    {\n      \"Sid\": \"AllowScopedEC2InstanceAccessActions\",\n      \"Effect\": \"Allow\",\n      \"Action\": [\n        \"ec2:RunInstances\",\n        \"ec2:CreateFleet\"\n      ],\n      \"Resource\": [\n        \"arn:aws:ec2:ap-southeast-1::snapshot/*\",\n        \"arn:aws:ec2:ap-southeast-1::image/*\",\n        \"arn:aws:ec2:ap-southeast-1:*:subnet/*\",\n        \"arn:aws:ec2:ap-southeast-1:*:security-group/*\",\n        \"arn:aws:ec2:ap-southeast-1:*:capacity-reservation/*\"\n      ]\n    },\n    {\n      \"Sid\": \"AllowScopedEC2LaunchTemplateAccessActions\",\n      \"Effect\": \"Allow\",\n      \"Action\": [\n        \"ec2:RunInstances\",\n        \"ec2:CreateFleet\"\n      ],\n      \"Resource\": \"arn:aws:ec2:ap-southeast-1:*:launch-template/*\",\n      \"Condition\": {\n        \"StringEquals\": {\n          \"aws:ResourceTag/kubernetes.io/cluster/demo-eks-cluster\": \"owned\"\n        },\n        \"StringLike\": {\n          \"aws:ResourceTag/karpenter.sh/nodepool\": \"*\"\n        }\n      }\n    },\n    {\n      \"Sid\": \"AllowScopedEC2InstanceActionsWithTags\",\n      \"Effect\": \"Allow\",\n      \"Action\": [\n        \"ec2:RunInstances\",\n        \"ec2:CreateLaunchTemplate\",\n        \"ec2:CreateFleet\"\n      ],\n      \"Resource\": [\n        \"arn:aws:ec2:ap-southeast-1:*:volume/*\",\n        \"arn:aws:ec2:ap-southeast-1:*:spot-instances-request/*\",\n        \"arn:aws:ec2:ap-southeast-1:*:network-interface/*\",\n        \"arn:aws:ec2:ap-southeast-1:*:launch-template/*\",\n        \"arn:aws:ec2:ap-southeast-1:*:instance/*\",\n        \"arn:aws:ec2:ap-southeast-1:*:fleet/*\"\n      ],\n      \"Condition\": {\n        \"StringEquals\": {\n          \"aws:RequestTag/eks:eks-cluster-name\": \"demo-eks-cluster\",\n          \"aws:RequestTag/kubernetes.io/cluster/demo-eks-cluster\": \"owned\"\n        },\n        \"StringLike\": {\n          \"aws:RequestTag/karpenter.sh/nodepool\": \"*\"\n        }\n      }\n    },\n    {\n      \"Sid\": \"AllowScopedResourceCreationTagging\",\n      \"Effect\": \"Allow\",\n      \"Action\": \"ec2:CreateTags\",\n      \"Resource\": [\n        \"arn:aws:ec2:ap-southeast-1:*:volume/*\",\n        \"arn:aws:ec2:ap-southeast-1:*:spot-instances-request/*\",\n        \"arn:aws:ec2:ap-southeast-1:*:network-interface/*\",\n        \"arn:aws:ec2:ap-southeast-1:*:launch-template/*\",\n        \"arn:aws:ec2:ap-southeast-1:*:instance/*\",\n        \"arn:aws:ec2:ap-southeast-1:*:fleet/*\"\n      ],\n      \"Condition\": {\n        \"StringEquals\": {\n          \"aws:RequestTag/eks:eks-cluster-name\": \"demo-eks-cluster\",\n          \"aws:RequestTag/kubernetes.io/cluster/demo-eks-cluster\": \"owned\",\n          \"ec2:CreateAction\": [\n            \"RunInstances\",\n            \"CreateFleet\",\n            \"CreateLaunchTemplate\"\n          ]\n        },\n        \"StringLike\": {\n          \"aws:RequestTag/karpenter.sh/nodepool\": \"*\"\n        }\n      }\n    },\n    {\n      \"Sid\": \"AllowScopedResourceTagging\",\n      \"Effect\": \"Allow\",\n      \"Action\": \"ec2:CreateTags\",\n      \"Resource\": \"arn:aws:ec2:ap-southeast-1:*:instance/*\",\n      \"Condition\": {\n        \"ForAllValues:StringEquals\": {\n          \"aws:TagKeys\": [\n            \"eks:eks-cluster-name\",\n            \"karpenter.sh/nodeclaim\",\n            \"Name\"\n          ]\n        },\n        \"StringEquals\": {\n          \"aws:ResourceTag/kubernetes.io/cluster/demo-eks-cluster\": \"owned\"\n        },\n        \"StringEqualsIfExists\": {\n          \"aws:RequestTag/eks:eks-cluster-name\": \"demo-eks-cluster\"\n        },\n        \"StringLike\": {\n          \"aws:ResourceTag/karpenter.sh/nodepool\": \"*\"\n        }\n      }\n    },\n    {\n      \"Sid\": \"AllowScopedDeletion\",\n      \"Effect\": \"Allow\",\n      \"Action\": [\n        \"ec2:TerminateInstances\",\n        \"ec2:DeleteLaunchTemplate\"\n      ],\n      \"Resource\": [\n        \"arn:aws:ec2:ap-southeast-1:*:launch-template/*\",\n        \"arn:aws:ec2:ap-southeast-1:*:instance/*\"\n      ],\n      \"Condition\": {\n        \"StringEquals\": {\n          \"aws:ResourceTag/kubernetes.io/cluster/demo-eks-cluster\": \"owned\"\n        },\n        \"StringLike\": {\n          \"aws:ResourceTag/karpenter.sh/nodepool\": \"*\"\n        }\n      }\n    },\n    {\n      \"Sid\": \"AllowRegionalReadActions\",\n      \"Effect\": \"Allow\",\n      \"Action\": [\n        \"ec2:DescribeSubnets\",\n        \"ec2:DescribeSpotPriceHistory\",\n        \"ec2:DescribeSecurityGroups\",\n        \"ec2:DescribeLaunchTemplates\",\n        \"ec2:DescribeInstances\",\n        \"ec2:DescribeInstanceTypes\",\n        \"ec2:DescribeInstanceTypeOfferings\",\n        \"ec2:DescribeImages\",\n        \"ec2:DescribeAvailabilityZones\"\n      ],\n      \"Resource\": \"*\",\n      \"Condition\": {\n        \"StringEquals\": {\n          \"aws:RequestedRegion\": \"ap-southeast-1\"\n        }\n      }\n    },\n    {\n      \"Sid\": \"AllowSSMReadActions\",\n      \"Effect\": \"Allow\",\n      \"Action\": \"ssm:GetParameter\",\n      \"Resource\": \"arn:aws:ssm:ap-southeast-1::parameter/aws/service/*\"\n    },\n    {\n      \"Sid\": \"AllowPricingReadActions\",\n      \"Effect\": \"Allow\",\n      \"Action\": \"pricing:GetProducts\",\n      \"Resource\": \"*\"\n    },\n    {\n      \"Sid\": \"AllowInterruptionQueueActions\",\n      \"Effect\": \"Allow\",\n      \"Action\": [\n        \"sqs:ReceiveMessage\",\n        \"sqs:GetQueueUrl\",\n        \"sqs:DeleteMessage\"\n      ],\n      \"Resource\": \"arn:aws:sqs:ap-southeast-1:656732270450:Karpenter-demo-eks-cluster\"\n    },\n    {\n      \"Sid\": \"AllowPassingInstanceRole\",\n      \"Effect\": \"Allow\",\n      \"Action\": \"iam:PassRole\",\n      \"Resource\": \"arn:aws:iam::656732270450:role/Karpenter-demo-eks-cluster-2026060301372965340000001a\",\n      \"Condition\": {\n        \"StringEquals\": {\n          \"iam:PassedToService\": \"ec2.amazonaws.com\"\n        }\n      }\n    },\n    {\n      \"Sid\": \"AllowScopedInstanceProfileCreationActions\",\n      \"Effect\": \"Allow\",\n      \"Action\": \"iam:CreateInstanceProfile\",\n      \"Resource\": \"arn:aws:iam::656732270450:instance-profile/*\",\n      \"Condition\": {\n        \"StringEquals\": {\n          \"aws:RequestTag/eks:eks-cluster-name\": \"demo-eks-cluster\",\n          \"aws:RequestTag/kubernetes.io/cluster/demo-eks-cluster\": \"owned\",\n          \"aws:RequestTag/topology.kubernetes.io/region\": \"ap-southeast-1\"\n        },\n        \"StringLike\": {\n          \"aws:RequestTag/karpenter.k8s.aws/ec2nodeclass\": \"*\"\n        }\n      }\n    },\n    {\n      \"Sid\": \"AllowScopedInstanceProfileTagActions\",\n      \"Effect\": \"Allow\",\n      \"Action\": \"iam:TagInstanceProfile\",\n      \"Resource\": \"arn:aws:iam::656732270450:instance-profile/*\",\n      \"Condition\": {\n        \"StringEquals\": {\n          \"aws:RequestTag/eks:eks-cluster-name\": \"demo-eks-cluster\",\n          \"aws:RequestTag/kubernetes.io/cluster/demo-eks-cluster\": \"owned\",\n          \"aws:RequestTag/topology.kubernetes.io/region\": \"ap-southeast-1\",\n          \"aws:ResourceTag/kubernetes.io/cluster/demo-eks-cluster\": \"owned\",\n          \"aws:ResourceTag/topology.kubernetes.io/region\": \"ap-southeast-1\"\n        },\n        \"StringLike\": {\n          \"aws:RequestTag/karpenter.k8s.aws/ec2nodeclass\": \"*\",\n          \"aws:ResourceTag/karpenter.k8s.aws/ec2nodeclass\": \"*\"\n        }\n      }\n    },\n    {\n      \"Sid\": \"AllowScopedInstanceProfileActions\",\n      \"Effect\": \"Allow\",\n      \"Action\": [\n        \"iam:RemoveRoleFromInstanceProfile\",\n        \"iam:DeleteInstanceProfile\",\n        \"iam:AddRoleToInstanceProfile\"\n      ],\n      \"Resource\": \"arn:aws:iam::656732270450:instance-profile/*\",\n      \"Condition\": {\n        \"StringEquals\": {\n          \"aws:ResourceTag/kubernetes.io/cluster/demo-eks-cluster\": \"owned\",\n          \"aws:ResourceTag/topology.kubernetes.io/region\": \"ap-southeast-1\"\n        },\n        \"StringLike\": {\n          \"aws:ResourceTag/karpenter.k8s.aws/ec2nodeclass\": \"*\"\n        }\n      }\n    },\n    {\n      \"Sid\": \"AllowInstanceProfileReadActions\",\n      \"Effect\": \"Allow\",\n      \"Action\": \"iam:GetInstanceProfile\",\n      \"Resource\": \"arn:aws:iam::656732270450:instance-profile/*\"\n    },\n    {\n      \"Sid\": \"AllowAPIServerEndpointDiscovery\",\n      \"Effect\": \"Allow\",\n      \"Action\": \"eks:DescribeCluster\",\n      \"Resource\": \"arn:aws:eks:ap-southeast-1:656732270450:cluster/demo-eks-cluster\"\n    }\n  ]\n}"
            ],
            "statement": null,
            "version": "2012-10-17"
          },
          "sensitive_attributes": [],
          "identity_schema_version": 0
        }
      ]
    },
    {
      "module": "module.karpenter",
      "mode": "data",
      "type": "aws_iam_policy_document",
      "name": "controller_assume_role",
      "provider": "provider[\"registry.terraform.io/hashicorp/aws\"]",
      "instances": [
        {
          "index_key": 0,
          "schema_version": 0,
          "attributes": {
            "id": "819195744",
            "json": "{\n  \"Version\": \"2012-10-17\",\n  \"Statement\": [\n    {\n      \"Effect\": \"Allow\",\n      \"Action\": [\n        \"sts:TagSession\",\n        \"sts:AssumeRole\"\n      ],\n      \"Principal\": {\n        \"Service\": \"pods.eks.amazonaws.com\"\n      }\n    }\n  ]\n}",
            "minified_json": "{\"Version\":\"2012-10-17\",\"Statement\":[{\"Effect\":\"Allow\",\"Action\":[\"sts:TagSession\",\"sts:AssumeRole\"],\"Principal\":{\"Service\":\"pods.eks.amazonaws.com\"}}]}",
            "override_json": null,
            "override_policy_documents": null,
            "policy_id": null,
            "source_json": null,
            "source_policy_documents": null,
            "statement": [
              {
                "actions": [
                  "sts:AssumeRole",
                  "sts:TagSession"
                ],
                "condition": [],
                "effect": "Allow",
                "not_actions": [],
                "not_principals": [],
                "not_resources": [],
                "principals": [
                  {
                    "identifiers": [
                      "pods.eks.amazonaws.com"
                    ],
                    "type": "Service"
                  }
                ],
                "resources": [],
                "sid": ""
              }
            ],
            "version": "2012-10-17"
          },
          "sensitive_attributes": [],
          "identity_schema_version": 0
        }
      ]
    },
    {
      "module": "module.karpenter",
      "mode": "data",
      "type": "aws_iam_policy_document",
      "name": "node_assume_role",
      "provider": "provider[\"registry.terraform.io/hashicorp/aws\"]",
      "instances": [
        {
          "index_key": 0,
          "schema_version": 0,
          "attributes": {
            "id": "2560088296",
            "json": "{\n  \"Version\": \"2012-10-17\",\n  \"Statement\": [\n    {\n      \"Sid\": \"EKSNodeAssumeRole\",\n      \"Effect\": \"Allow\",\n      \"Action\": \"sts:AssumeRole\",\n      \"Principal\": {\n        \"Service\": \"ec2.amazonaws.com\"\n      }\n    }\n  ]\n}",
            "minified_json": "{\"Version\":\"2012-10-17\",\"Statement\":[{\"Sid\":\"EKSNodeAssumeRole\",\"Effect\":\"Allow\",\"Action\":\"sts:AssumeRole\",\"Principal\":{\"Service\":\"ec2.amazonaws.com\"}}]}",
            "override_json": null,
            "override_policy_documents": null,
            "policy_id": null,
            "source_json": null,
            "source_policy_documents": null,
            "statement": [
              {
                "actions": [
                  "sts:AssumeRole"
                ],
                "condition": [],
                "effect": "Allow",
                "not_actions": [],
                "not_principals": [],
                "not_resources": [],
                "principals": [
                  {
                    "identifiers": [
                      "ec2.amazonaws.com"
                    ],
                    "type": "Service"
                  }
                ],
                "resources": [],
                "sid": "EKSNodeAssumeRole"
              }
            ],
            "version": "2012-10-17"
          },
          "sensitive_attributes": [],
          "identity_schema_version": 0
        }
      ]
    },
    {
      "module": "module.karpenter",
      "mode": "data",
      "type": "aws_iam_policy_document",
      "name": "queue",
      "provider": "provider[\"registry.terraform.io/hashicorp/aws\"]",
      "instances": [
        {
          "index_key": 0,
          "schema_version": 0,
          "attributes": {
            "id": "3825338496",
            "json": "{\n  \"Version\": \"2012-10-17\",\n  \"Statement\": [\n    {\n      \"Sid\": \"SqsWrite\",\n      \"Effect\": \"Allow\",\n      \"Action\": \"sqs:SendMessage\",\n      \"Resource\": \"arn:aws:sqs:ap-southeast-1:656732270450:Karpenter-demo-eks-cluster\",\n      \"Principal\": {\n        \"Service\": [\n          \"sqs.amazonaws.com\",\n          \"events.amazonaws.com\"\n        ]\n      }\n    },\n    {\n      \"Sid\": \"DenyHTTP\",\n      \"Effect\": \"Deny\",\n      \"Action\": \"sqs:*\",\n      \"Resource\": \"arn:aws:sqs:ap-southeast-1:656732270450:Karpenter-demo-eks-cluster\",\n      \"Principal\": \"*\",\n      \"Condition\": {\n        \"StringEquals\": {\n          \"aws:SecureTransport\": \"false\"\n        }\n      }\n    }\n  ]\n}",
            "minified_json": "{\"Version\":\"2012-10-17\",\"Statement\":[{\"Sid\":\"SqsWrite\",\"Effect\":\"Allow\",\"Action\":\"sqs:SendMessage\",\"Resource\":\"arn:aws:sqs:ap-southeast-1:656732270450:Karpenter-demo-eks-cluster\",\"Principal\":{\"Service\":[\"sqs.amazonaws.com\",\"events.amazonaws.com\"]}},{\"Sid\":\"DenyHTTP\",\"Effect\":\"Deny\",\"Action\":\"sqs:*\",\"Resource\":\"arn:aws:sqs:ap-southeast-1:656732270450:Karpenter-demo-eks-cluster\",\"Principal\":\"*\",\"Condition\":{\"StringEquals\":{\"aws:SecureTransport\":\"false\"}}}]}",
            "override_json": null,
            "override_policy_documents": null,
            "policy_id": null,
            "source_json": null,
            "source_policy_documents": null,
            "statement": [
              {
                "actions": [
                  "sqs:SendMessage"
                ],
                "condition": [],
                "effect": "Allow",
                "not_actions": [],
                "not_principals": [],
                "not_resources": [],
                "principals": [
                  {
                    "identifiers": [
                      "events.amazonaws.com",
                      "sqs.amazonaws.com"
                    ],
                    "type": "Service"
                  }
                ],
                "resources": [
                  "arn:aws:sqs:ap-southeast-1:656732270450:Karpenter-demo-eks-cluster"
                ],
                "sid": "SqsWrite"
              },
              {
                "actions": [
                  "sqs:*"
                ],
                "condition": [
                  {
                    "test": "StringEquals",
                    "values": [
                      "false"
                    ],
                    "variable": "aws:SecureTransport"
                  }
                ],
                "effect": "Deny",
                "not_actions": [],
                "not_principals": [],
                "not_resources": [],
                "principals": [
                  {
                    "identifiers": [
                      "*"
                    ],
                    "type": "*"
                  }
                ],
                "resources": [
                  "arn:aws:sqs:ap-southeast-1:656732270450:Karpenter-demo-eks-cluster"
                ],
                "sid": "DenyHTTP"
              }
            ],
            "version": "2012-10-17"
          },
          "sensitive_attributes": [],
          "identity_schema_version": 0
        }
      ]
    },
    {
      "module": "module.karpenter",
      "mode": "data",
      "type": "aws_iam_policy_document",
      "name": "v033",
      "provider": "provider[\"registry.terraform.io/hashicorp/aws\"]",
      "instances": [
        {
          "index_key": 0,
          "schema_version": 0,
          "attributes": {
            "id": "2822106803",
            "json": "{\n  \"Version\": \"2012-10-17\",\n  \"Statement\": [\n    {\n      \"Sid\": \"AllowScopedEC2InstanceActions\",\n      \"Effect\": \"Allow\",\n      \"Action\": [\n        \"ec2:RunInstances\",\n        \"ec2:CreateFleet\"\n      ],\n      \"Resource\": [\n        \"arn:aws:ec2:*::snapshot/*\",\n        \"arn:aws:ec2:*::image/*\",\n        \"arn:aws:ec2:*:*:subnet/*\",\n        \"arn:aws:ec2:*:*:spot-instances-request/*\",\n        \"arn:aws:ec2:*:*:security-group/*\",\n        \"arn:aws:ec2:*:*:launch-template/*\"\n      ]\n    },\n    {\n      \"Sid\": \"AllowScopedEC2InstanceActionsWithTags\",\n      \"Effect\": \"Allow\",\n      \"Action\": [\n        \"ec2:RunInstances\",\n        \"ec2:CreateLaunchTemplate\",\n        \"ec2:CreateFleet\"\n      ],\n      \"Resource\": [\n        \"arn:aws:ec2:*:*:volume/*\",\n        \"arn:aws:ec2:*:*:spot-instances-request/*\",\n        \"arn:aws:ec2:*:*:network-interface/*\",\n        \"arn:aws:ec2:*:*:launch-template/*\",\n        \"arn:aws:ec2:*:*:instance/*\",\n        \"arn:aws:ec2:*:*:fleet/*\"\n      ],\n      \"Condition\": {\n        \"StringEquals\": {\n          \"aws:RequestTag/kubernetes.io/cluster/demo-eks-cluster\": \"owned\"\n        },\n        \"StringLike\": {\n          \"aws:RequestTag/karpenter.sh/nodepool\": \"*\"\n        }\n      }\n    },\n    {\n      \"Sid\": \"AllowScopedResourceCreationTagging\",\n      \"Effect\": \"Allow\",\n      \"Action\": \"ec2:CreateTags\",\n      \"Resource\": [\n        \"arn:aws:ec2:*:*:volume/*\",\n        \"arn:aws:ec2:*:*:spot-instances-request/*\",\n        \"arn:aws:ec2:*:*:network-interface/*\",\n        \"arn:aws:ec2:*:*:launch-template/*\",\n        \"arn:aws:ec2:*:*:instance/*\",\n        \"arn:aws:ec2:*:*:fleet/*\"\n      ],\n      \"Condition\": {\n        \"StringEquals\": {\n          \"aws:RequestTag/kubernetes.io/cluster/demo-eks-cluster\": \"owned\",\n          \"ec2:CreateAction\": [\n            \"RunInstances\",\n            \"CreateFleet\",\n            \"CreateLaunchTemplate\"\n          ]\n        },\n        \"StringLike\": {\n          \"aws:RequestTag/karpenter.sh/nodepool\": \"*\"\n        }\n      }\n    },\n    {\n      \"Sid\": \"AllowScopedResourceTagging\",\n      \"Effect\": \"Allow\",\n      \"Action\": \"ec2:CreateTags\",\n      \"Resource\": \"arn:aws:ec2:*:*:instance/*\",\n      \"Condition\": {\n        \"ForAllValues:StringEquals\": {\n          \"aws:TagKeys\": [\n            \"karpenter.sh/nodeclaim\",\n            \"Name\"\n          ]\n        },\n        \"StringEquals\": {\n          \"aws:ResourceTag/kubernetes.io/cluster/demo-eks-cluster\": \"owned\"\n        },\n        \"StringLike\": {\n          \"aws:ResourceTag/karpenter.sh/nodepool\": \"*\"\n        }\n      }\n    },\n    {\n      \"Sid\": \"AllowScopedDeletion\",\n      \"Effect\": \"Allow\",\n      \"Action\": [\n        \"ec2:TerminateInstances\",\n        \"ec2:DeleteLaunchTemplate\"\n      ],\n      \"Resource\": [\n        \"arn:aws:ec2:*:*:launch-template/*\",\n        \"arn:aws:ec2:*:*:instance/*\"\n      ],\n      \"Condition\": {\n        \"StringEquals\": {\n          \"aws:ResourceTag/kubernetes.io/cluster/demo-eks-cluster\": \"owned\"\n        },\n        \"StringLike\": {\n          \"aws:ResourceTag/karpenter.sh/nodepool\": \"*\"\n        }\n      }\n    },\n    {\n      \"Sid\": \"AllowRegionalReadActions\",\n      \"Effect\": \"Allow\",\n      \"Action\": [\n        \"ec2:DescribeSubnets\",\n        \"ec2:DescribeSpotPriceHistory\",\n        \"ec2:DescribeSecurityGroups\",\n        \"ec2:DescribeLaunchTemplates\",\n        \"ec2:DescribeInstances\",\n        \"ec2:DescribeInstanceTypes\",\n        \"ec2:DescribeInstanceTypeOfferings\",\n        \"ec2:DescribeImages\",\n        \"ec2:DescribeAvailabilityZones\"\n      ],\n      \"Resource\": \"*\",\n      \"Condition\": {\n        \"StringEquals\": {\n          \"aws:RequestedRegion\": \"ap-southeast-1\"\n        }\n      }\n    },\n    {\n      \"Sid\": \"AllowSSMReadActions\",\n      \"Effect\": \"Allow\",\n      \"Action\": \"ssm:GetParameter\",\n      \"Resource\": \"arn:aws:ssm:ap-southeast-1::parameter/aws/service/*\"\n    },\n    {\n      \"Sid\": \"AllowPricingReadActions\",\n      \"Effect\": \"Allow\",\n      \"Action\": \"pricing:GetProducts\",\n      \"Resource\": \"*\"\n    },\n    {\n      \"Sid\": \"AllowInterruptionQueueActions\",\n      \"Effect\": \"Allow\",\n      \"Action\": [\n        \"sqs:ReceiveMessage\",\n        \"sqs:GetQueueUrl\",\n        \"sqs:GetQueueAttributes\",\n        \"sqs:DeleteMessage\"\n      ],\n      \"Resource\": \"arn:aws:sqs:ap-southeast-1:656732270450:Karpenter-demo-eks-cluster\"\n    },\n    {\n      \"Sid\": \"AllowPassingInstanceRole\",\n      \"Effect\": \"Allow\",\n      \"Action\": \"iam:PassRole\",\n      \"Resource\": \"arn:aws:iam::656732270450:role/Karpenter-demo-eks-cluster-2026060301372965340000001a\",\n      \"Condition\": {\n        \"StringEquals\": {\n          \"iam:PassedToService\": \"ec2.amazonaws.com\"\n        }\n      }\n    },\n    {\n      \"Sid\": \"AllowScopedInstanceProfileCreationActions\",\n      \"Effect\": \"Allow\",\n      \"Action\": \"iam:CreateInstanceProfile\",\n      \"Resource\": \"*\",\n      \"Condition\": {\n        \"StringEquals\": {\n          \"aws:RequestTag/kubernetes.io/cluster/demo-eks-cluster\": \"owned\",\n          \"aws:RequestTag/topology.kubernetes.io/region\": \"ap-southeast-1\"\n        },\n        \"StringLike\": {\n          \"aws:RequestTag/karpenter.k8s.aws/ec2nodeclass\": \"*\"\n        }\n      }\n    },\n    {\n      \"Sid\": \"AllowScopedInstanceProfileTagActions\",\n      \"Effect\": \"Allow\",\n      \"Action\": \"iam:TagInstanceProfile\",\n      \"Resource\": \"*\",\n      \"Condition\": {\n        \"StringEquals\": {\n          \"aws:RequestTag/kubernetes.io/cluster/demo-eks-cluster\": \"owned\",\n          \"aws:ResourceTag/kubernetes.io/cluster/demo-eks-cluster\": \"owned\",\n          \"aws:ResourceTag/topology.kubernetes.io/region\": \"ap-southeast-1\"\n        },\n        \"StringLike\": {\n          \"aws:RequestTag/karpenter.k8s.aws/ec2nodeclass\": \"*\",\n          \"aws:ResourceTag/karpenter.k8s.aws/ec2nodeclass\": \"*\"\n        }\n      }\n    },\n    {\n      \"Sid\": \"AllowScopedInstanceProfileActions\",\n      \"Effect\": \"Allow\",\n      \"Action\": [\n        \"iam:RemoveRoleFromInstanceProfile\",\n        \"iam:DeleteInstanceProfile\",\n        \"iam:AddRoleToInstanceProfile\"\n      ],\n      \"Resource\": \"*\",\n      \"Condition\": {\n        \"StringEquals\": {\n          \"aws:ResourceTag/kubernetes.io/cluster/demo-eks-cluster\": \"owned\",\n          \"aws:ResourceTag/topology.kubernetes.io/region\": \"ap-southeast-1\"\n        },\n        \"StringLike\": {\n          \"aws:ResourceTag/karpenter.k8s.aws/ec2nodeclass\": \"*\"\n        }\n      }\n    },\n    {\n      \"Sid\": \"AllowInstanceProfileReadActions\",\n      \"Effect\": \"Allow\",\n      \"Action\": \"iam:GetInstanceProfile\",\n      \"Resource\": \"*\"\n    },\n    {\n      \"Sid\": \"AllowAPIServerEndpointDiscovery\",\n      \"Effect\": \"Allow\",\n      \"Action\": \"eks:DescribeCluster\",\n      \"Resource\": \"arn:aws:eks:ap-southeast-1:656732270450:cluster/demo-eks-cluster\"\n    }\n  ]\n}",
            "minified_json": "{\"Version\":\"2012-10-17\",\"Statement\":[{\"Sid\":\"AllowScopedEC2InstanceActions\",\"Effect\":\"Allow\",\"Action\":[\"ec2:RunInstances\",\"ec2:CreateFleet\"],\"Resource\":[\"arn:aws:ec2:*::snapshot/*\",\"arn:aws:ec2:*::image/*\",\"arn:aws:ec2:*:*:subnet/*\",\"arn:aws:ec2:*:*:spot-instances-request/*\",\"arn:aws:ec2:*:*:security-group/*\",\"arn:aws:ec2:*:*:launch-template/*\"]},{\"Sid\":\"AllowScopedEC2InstanceActionsWithTags\",\"Effect\":\"Allow\",\"Action\":[\"ec2:RunInstances\",\"ec2:CreateLaunchTemplate\",\"ec2:CreateFleet\"],\"Resource\":[\"arn:aws:ec2:*:*:volume/*\",\"arn:aws:ec2:*:*:spot-instances-request/*\",\"arn:aws:ec2:*:*:network-interface/*\",\"arn:aws:ec2:*:*:launch-template/*\",\"arn:aws:ec2:*:*:instance/*\",\"arn:aws:ec2:*:*:fleet/*\"],\"Condition\":{\"StringEquals\":{\"aws:RequestTag/kubernetes.io/cluster/demo-eks-cluster\":\"owned\"},\"StringLike\":{\"aws:RequestTag/karpenter.sh/nodepool\":\"*\"}}},{\"Sid\":\"AllowScopedResourceCreationTagging\",\"Effect\":\"Allow\",\"Action\":\"ec2:CreateTags\",\"Resource\":[\"arn:aws:ec2:*:*:volume/*\",\"arn:aws:ec2:*:*:spot-instances-request/*\",\"arn:aws:ec2:*:*:network-interface/*\",\"arn:aws:ec2:*:*:launch-template/*\",\"arn:aws:ec2:*:*:instance/*\",\"arn:aws:ec2:*:*:fleet/*\"],\"Condition\":{\"StringEquals\":{\"aws:RequestTag/kubernetes.io/cluster/demo-eks-cluster\":\"owned\",\"ec2:CreateAction\":[\"RunInstances\",\"CreateFleet\",\"CreateLaunchTemplate\"]},\"StringLike\":{\"aws:RequestTag/karpenter.sh/nodepool\":\"*\"}}},{\"Sid\":\"AllowScopedResourceTagging\",\"Effect\":\"Allow\",\"Action\":\"ec2:CreateTags\",\"Resource\":\"arn:aws:ec2:*:*:instance/*\",\"Condition\":{\"ForAllValues:StringEquals\":{\"aws:TagKeys\":[\"karpenter.sh/nodeclaim\",\"Name\"]},\"StringEquals\":{\"aws:ResourceTag/kubernetes.io/cluster/demo-eks-cluster\":\"owned\"},\"StringLike\":{\"aws:ResourceTag/karpenter.sh/nodepool\":\"*\"}}},{\"Sid\":\"AllowScopedDeletion\",\"Effect\":\"Allow\",\"Action\":[\"ec2:TerminateInstances\",\"ec2:DeleteLaunchTemplate\"],\"Resource\":[\"arn:aws:ec2:*:*:launch-template/*\",\"arn:aws:ec2:*:*:instance/*\"],\"Condition\":{\"StringEquals\":{\"aws:ResourceTag/kubernetes.io/cluster/demo-eks-cluster\":\"owned\"},\"StringLike\":{\"aws:ResourceTag/karpenter.sh/nodepool\":\"*\"}}},{\"Sid\":\"AllowRegionalReadActions\",\"Effect\":\"Allow\",\"Action\":[\"ec2:DescribeSubnets\",\"ec2:DescribeSpotPriceHistory\",\"ec2:DescribeSecurityGroups\",\"ec2:DescribeLaunchTemplates\",\"ec2:DescribeInstances\",\"ec2:DescribeInstanceTypes\",\"ec2:DescribeInstanceTypeOfferings\",\"ec2:DescribeImages\",\"ec2:DescribeAvailabilityZones\"],\"Resource\":\"*\",\"Condition\":{\"StringEquals\":{\"aws:RequestedRegion\":\"ap-southeast-1\"}}},{\"Sid\":\"AllowSSMReadActions\",\"Effect\":\"Allow\",\"Action\":\"ssm:GetParameter\",\"Resource\":\"arn:aws:ssm:ap-southeast-1::parameter/aws/service/*\"},{\"Sid\":\"AllowPricingReadActions\",\"Effect\":\"Allow\",\"Action\":\"pricing:GetProducts\",\"Resource\":\"*\"},{\"Sid\":\"AllowInterruptionQueueActions\",\"Effect\":\"Allow\",\"Action\":[\"sqs:ReceiveMessage\",\"sqs:GetQueueUrl\",\"sqs:GetQueueAttributes\",\"sqs:DeleteMessage\"],\"Resource\":\"arn:aws:sqs:ap-southeast-1:656732270450:Karpenter-demo-eks-cluster\"},{\"Sid\":\"AllowPassingInstanceRole\",\"Effect\":\"Allow\",\"Action\":\"iam:PassRole\",\"Resource\":\"arn:aws:iam::656732270450:role/Karpenter-demo-eks-cluster-2026060301372965340000001a\",\"Condition\":{\"StringEquals\":{\"iam:PassedToService\":\"ec2.amazonaws.com\"}}},{\"Sid\":\"AllowScopedInstanceProfileCreationActions\",\"Effect\":\"Allow\",\"Action\":\"iam:CreateInstanceProfile\",\"Resource\":\"*\",\"Condition\":{\"StringEquals\":{\"aws:RequestTag/kubernetes.io/cluster/demo-eks-cluster\":\"owned\",\"aws:RequestTag/topology.kubernetes.io/region\":\"ap-southeast-1\"},\"StringLike\":{\"aws:RequestTag/karpenter.k8s.aws/ec2nodeclass\":\"*\"}}},{\"Sid\":\"AllowScopedInstanceProfileTagActions\",\"Effect\":\"Allow\",\"Action\":\"iam:TagInstanceProfile\",\"Resource\":\"*\",\"Condition\":{\"StringEquals\":{\"aws:RequestTag/kubernetes.io/cluster/demo-eks-cluster\":\"owned\",\"aws:ResourceTag/kubernetes.io/cluster/demo-eks-cluster\":\"owned\",\"aws:ResourceTag/topology.kubernetes.io/region\":\"ap-southeast-1\"},\"StringLike\":{\"aws:RequestTag/karpenter.k8s.aws/ec2nodeclass\":\"*\",\"aws:ResourceTag/karpenter.k8s.aws/ec2nodeclass\":\"*\"}}},{\"Sid\":\"AllowScopedInstanceProfileActions\",\"Effect\":\"Allow\",\"Action\":[\"iam:RemoveRoleFromInstanceProfile\",\"iam:DeleteInstanceProfile\",\"iam:AddRoleToInstanceProfile\"],\"Resource\":\"*\",\"Condition\":{\"StringEquals\":{\"aws:ResourceTag/kubernetes.io/cluster/demo-eks-cluster\":\"owned\",\"aws:ResourceTag/topology.kubernetes.io/region\":\"ap-southeast-1\"},\"StringLike\":{\"aws:ResourceTag/karpenter.k8s.aws/ec2nodeclass\":\"*\"}}},{\"Sid\":\"AllowInstanceProfileReadActions\",\"Effect\":\"Allow\",\"Action\":\"iam:GetInstanceProfile\",\"Resource\":\"*\"},{\"Sid\":\"AllowAPIServerEndpointDiscovery\",\"Effect\":\"Allow\",\"Action\":\"eks:DescribeCluster\",\"Resource\":\"arn:aws:eks:ap-southeast-1:656732270450:cluster/demo-eks-cluster\"}]}",
            "override_json": null,
            "override_policy_documents": null,
            "policy_id": null,
            "source_json": null,
            "source_policy_documents": null,
            "statement": [
              {
                "actions": [
                  "ec2:CreateFleet",
                  "ec2:RunInstances"
                ],
                "condition": [],
                "effect": "Allow",
                "not_actions": [],
                "not_principals": [],
                "not_resources": [],
                "principals": [],
                "resources": [
                  "arn:aws:ec2:*:*:launch-template/*",
                  "arn:aws:ec2:*:*:security-group/*",
                  "arn:aws:ec2:*:*:spot-instances-request/*",
                  "arn:aws:ec2:*:*:subnet/*",
                  "arn:aws:ec2:*::image/*",
                  "arn:aws:ec2:*::snapshot/*"
                ],
                "sid": "AllowScopedEC2InstanceActions"
              },
              {
                "actions": [
                  "ec2:CreateFleet",
                  "ec2:CreateLaunchTemplate",
                  "ec2:RunInstances"
                ],
                "condition": [
                  {
                    "test": "StringEquals",
                    "values": [
                      "owned"
                    ],
                    "variable": "aws:RequestTag/kubernetes.io/cluster/demo-eks-cluster"
                  },
                  {
                    "test": "StringLike",
                    "values": [
                      "*"
                    ],
                    "variable": "aws:RequestTag/karpenter.sh/nodepool"
                  }
                ],
                "effect": "Allow",
                "not_actions": [],
                "not_principals": [],
                "not_resources": [],
                "principals": [],
                "resources": [
                  "arn:aws:ec2:*:*:fleet/*",
                  "arn:aws:ec2:*:*:instance/*",
                  "arn:aws:ec2:*:*:launch-template/*",
                  "arn:aws:ec2:*:*:network-interface/*",
                  "arn:aws:ec2:*:*:spot-instances-request/*",
                  "arn:aws:ec2:*:*:volume/*"
                ],
                "sid": "AllowScopedEC2InstanceActionsWithTags"
              },
              {
                "actions": [
                  "ec2:CreateTags"
                ],
                "condition": [
                  {
                    "test": "StringEquals",
                    "values": [
                      "RunInstances",
                      "CreateFleet",
                      "CreateLaunchTemplate"
                    ],
                    "variable": "ec2:CreateAction"
                  },
                  {
                    "test": "StringEquals",
                    "values": [
                      "owned"
                    ],
                    "variable": "aws:RequestTag/kubernetes.io/cluster/demo-eks-cluster"
                  },
                  {
                    "test": "StringLike",
                    "values": [
                      "*"
                    ],
                    "variable": "aws:RequestTag/karpenter.sh/nodepool"
                  }
                ],
                "effect": "Allow",
                "not_actions": [],
                "not_principals": [],
                "not_resources": [],
                "principals": [],
                "resources": [
                  "arn:aws:ec2:*:*:fleet/*",
                  "arn:aws:ec2:*:*:instance/*",
                  "arn:aws:ec2:*:*:launch-template/*",
                  "arn:aws:ec2:*:*:network-interface/*",
                  "arn:aws:ec2:*:*:spot-instances-request/*",
                  "arn:aws:ec2:*:*:volume/*"
                ],
                "sid": "AllowScopedResourceCreationTagging"
              },
              {
                "actions": [
                  "ec2:CreateTags"
                ],
                "condition": [
                  {
                    "test": "ForAllValues:StringEquals",
                    "values": [
                      "karpenter.sh/nodeclaim",
                      "Name"
                    ],
                    "variable": "aws:TagKeys"
                  },
                  {
                    "test": "StringEquals",
                    "values": [
                      "owned"
                    ],
                    "variable": "aws:ResourceTag/kubernetes.io/cluster/demo-eks-cluster"
                  },
                  {
                    "test": "StringLike",
                    "values": [
                      "*"
                    ],
                    "variable": "aws:ResourceTag/karpenter.sh/nodepool"
                  }
                ],
                "effect": "Allow",
                "not_actions": [],
                "not_principals": [],
                "not_resources": [],
                "principals": [],
                "resources": [
                  "arn:aws:ec2:*:*:instance/*"
                ],
                "sid": "AllowScopedResourceTagging"
              },
              {
                "actions": [
                  "ec2:DeleteLaunchTemplate",
                  "ec2:TerminateInstances"
                ],
                "condition": [
                  {
                    "test": "StringEquals",
                    "values": [
                      "owned"
                    ],
                    "variable": "aws:ResourceTag/kubernetes.io/cluster/demo-eks-cluster"
                  },
                  {
                    "test": "StringLike",
                    "values": [
                      "*"
                    ],
                    "variable": "aws:ResourceTag/karpenter.sh/nodepool"
                  }
                ],
                "effect": "Allow",
                "not_actions": [],
                "not_principals": [],
                "not_resources": [],
                "principals": [],
                "resources": [
                  "arn:aws:ec2:*:*:instance/*",
                  "arn:aws:ec2:*:*:launch-template/*"
                ],
                "sid": "AllowScopedDeletion"
              },
              {
                "actions": [
                  "ec2:DescribeAvailabilityZones",
                  "ec2:DescribeImages",
                  "ec2:DescribeInstanceTypeOfferings",
                  "ec2:DescribeInstanceTypes",
                  "ec2:DescribeInstances",
                  "ec2:DescribeLaunchTemplates",
                  "ec2:DescribeSecurityGroups",
                  "ec2:DescribeSpotPriceHistory",
                  "ec2:DescribeSubnets"
                ],
                "condition": [
                  {
                    "test": "StringEquals",
                    "values": [
                      "ap-southeast-1"
                    ],
                    "variable": "aws:RequestedRegion"
                  }
                ],
                "effect": "Allow",
                "not_actions": [],
                "not_principals": [],
                "not_resources": [],
                "principals": [],
                "resources": [
                  "*"
                ],
                "sid": "AllowRegionalReadActions"
              },
              {
                "actions": [
                  "ssm:GetParameter"
                ],
                "condition": [],
                "effect": "Allow",
                "not_actions": [],
                "not_principals": [],
                "not_resources": [],
                "principals": [],
                "resources": [
                  "arn:aws:ssm:ap-southeast-1::parameter/aws/service/*"
                ],
                "sid": "AllowSSMReadActions"
              },
              {
                "actions": [
                  "pricing:GetProducts"
                ],
                "condition": [],
                "effect": "Allow",
                "not_actions": [],
                "not_principals": [],
                "not_resources": [],
                "principals": [],
                "resources": [
                  "*"
                ],
                "sid": "AllowPricingReadActions"
              },
              {
                "actions": [
                  "sqs:DeleteMessage",
                  "sqs:GetQueueAttributes",
                  "sqs:GetQueueUrl",
                  "sqs:ReceiveMessage"
                ],
                "condition": [],
                "effect": "Allow",
                "not_actions": [],
                "not_principals": [],
                "not_resources": [],
                "principals": [],
                "resources": [
                  "arn:aws:sqs:ap-southeast-1:656732270450:Karpenter-demo-eks-cluster"
                ],
                "sid": "AllowInterruptionQueueActions"
              },
              {
                "actions": [
                  "iam:PassRole"
                ],
                "condition": [
                  {
                    "test": "StringEquals",
                    "values": [
                      "ec2.amazonaws.com"
                    ],
                    "variable": "iam:PassedToService"
                  }
                ],
                "effect": "Allow",
                "not_actions": [],
                "not_principals": [],
                "not_resources": [],
                "principals": [],
                "resources": [
                  "arn:aws:iam::656732270450:role/Karpenter-demo-eks-cluster-2026060301372965340000001a"
                ],
                "sid": "AllowPassingInstanceRole"
              },
              {
                "actions": [
                  "iam:CreateInstanceProfile"
                ],
                "condition": [
                  {
                    "test": "StringEquals",
                    "values": [
                      "ap-southeast-1"
                    ],
                    "variable": "aws:RequestTag/topology.kubernetes.io/region"
                  },
                  {
                    "test": "StringEquals",
                    "values": [
                      "owned"
                    ],
                    "variable": "aws:RequestTag/kubernetes.io/cluster/demo-eks-cluster"
                  },
                  {
                    "test": "StringLike",
                    "values": [
                      "*"
                    ],
                    "variable": "aws:RequestTag/karpenter.k8s.aws/ec2nodeclass"
                  }
                ],
                "effect": "Allow",
                "not_actions": [],
                "not_principals": [],
                "not_resources": [],
                "principals": [],
                "resources": [
                  "*"
                ],
                "sid": "AllowScopedInstanceProfileCreationActions"
              },
              {
                "actions": [
                  "iam:TagInstanceProfile"
                ],
                "condition": [
                  {
                    "test": "StringEquals",
                    "values": [
                      "ap-southeast-1"
                    ],
                    "variable": "aws:ResourceTag/topology.kubernetes.io/region"
                  },
                  {
                    "test": "StringEquals",
                    "values": [
                      "owned"
                    ],
                    "variable": "aws:RequestTag/kubernetes.io/cluster/demo-eks-cluster"
                  },
                  {
                    "test": "StringEquals",
                    "values": [
                      "owned"
                    ],
                    "variable": "aws:ResourceTag/kubernetes.io/cluster/demo-eks-cluster"
                  },
                  {
                    "test": "StringLike",
                    "values": [
                      "*"
                    ],
                    "variable": "aws:RequestTag/karpenter.k8s.aws/ec2nodeclass"
                  },
                  {
                    "test": "StringLike",
                    "values": [
                      "*"
                    ],
                    "variable": "aws:ResourceTag/karpenter.k8s.aws/ec2nodeclass"
                  }
                ],
                "effect": "Allow",
                "not_actions": [],
                "not_principals": [],
                "not_resources": [],
                "principals": [],
                "resources": [
                  "*"
                ],
                "sid": "AllowScopedInstanceProfileTagActions"
              },
              {
                "actions": [
                  "iam:AddRoleToInstanceProfile",
                  "iam:DeleteInstanceProfile",
                  "iam:RemoveRoleFromInstanceProfile"
                ],
                "condition": [
                  {
                    "test": "StringEquals",
                    "values": [
                      "ap-southeast-1"
                    ],
                    "variable": "aws:ResourceTag/topology.kubernetes.io/region"
                  },
                  {
                    "test": "StringEquals",
                    "values": [
                      "owned"
                    ],
                    "variable": "aws:ResourceTag/kubernetes.io/cluster/demo-eks-cluster"
                  },
                  {
                    "test": "StringLike",
                    "values": [
                      "*"
                    ],
                    "variable": "aws:ResourceTag/karpenter.k8s.aws/ec2nodeclass"
                  }
                ],
                "effect": "Allow",
                "not_actions": [],
                "not_principals": [],
                "not_resources": [],
                "principals": [],
                "resources": [
                  "*"
                ],
                "sid": "AllowScopedInstanceProfileActions"
              },
              {
                "actions": [
                  "iam:GetInstanceProfile"
                ],
                "condition": [],
                "effect": "Allow",
                "not_actions": [],
                "not_principals": [],
                "not_resources": [],
                "principals": [],
                "resources": [
                  "*"
                ],
                "sid": "AllowInstanceProfileReadActions"
              },
              {
                "actions": [
                  "eks:DescribeCluster"
                ],
                "condition": [],
                "effect": "Allow",
                "not_actions": [],
                "not_principals": [],
                "not_resources": [],
                "principals": [],
                "resources": [
                  "arn:aws:eks:ap-southeast-1:656732270450:cluster/demo-eks-cluster"
                ],
                "sid": "AllowAPIServerEndpointDiscovery"
              }
            ],
            "version": "2012-10-17"
          },
          "sensitive_attributes": [],
          "identity_schema_version": 0
        }
      ]
    },
    {
      "module": "module.karpenter",
      "mode": "data",
      "type": "aws_iam_policy_document",
      "name": "v1",
      "provider": "provider[\"registry.terraform.io/hashicorp/aws\"]",
      "instances": [
        {
          "index_key": 0,
          "schema_version": 0,
          "attributes": {
            "id": "2362698832",
            "json": "{\n  \"Version\": \"2012-10-17\",\n  \"Statement\": [\n    {\n      \"Sid\": \"AllowScopedEC2InstanceAccessActions\",\n      \"Effect\": \"Allow\",\n      \"Action\": [\n        \"ec2:RunInstances\",\n        \"ec2:CreateFleet\"\n      ],\n      \"Resource\": [\n        \"arn:aws:ec2:ap-southeast-1::snapshot/*\",\n        \"arn:aws:ec2:ap-southeast-1::image/*\",\n        \"arn:aws:ec2:ap-southeast-1:*:subnet/*\",\n        \"arn:aws:ec2:ap-southeast-1:*:security-group/*\",\n        \"arn:aws:ec2:ap-southeast-1:*:capacity-reservation/*\"\n      ]\n    },\n    {\n      \"Sid\": \"AllowScopedEC2LaunchTemplateAccessActions\",\n      \"Effect\": \"Allow\",\n      \"Action\": [\n        \"ec2:RunInstances\",\n        \"ec2:CreateFleet\"\n      ],\n      \"Resource\": \"arn:aws:ec2:ap-southeast-1:*:launch-template/*\",\n      \"Condition\": {\n        \"StringEquals\": {\n          \"aws:ResourceTag/kubernetes.io/cluster/demo-eks-cluster\": \"owned\"\n        },\n        \"StringLike\": {\n          \"aws:ResourceTag/karpenter.sh/nodepool\": \"*\"\n        }\n      }\n    },\n    {\n      \"Sid\": \"AllowScopedEC2InstanceActionsWithTags\",\n      \"Effect\": \"Allow\",\n      \"Action\": [\n        \"ec2:RunInstances\",\n        \"ec2:CreateLaunchTemplate\",\n        \"ec2:CreateFleet\"\n      ],\n      \"Resource\": [\n        \"arn:aws:ec2:ap-southeast-1:*:volume/*\",\n        \"arn:aws:ec2:ap-southeast-1:*:spot-instances-request/*\",\n        \"arn:aws:ec2:ap-southeast-1:*:network-interface/*\",\n        \"arn:aws:ec2:ap-southeast-1:*:launch-template/*\",\n        \"arn:aws:ec2:ap-southeast-1:*:instance/*\",\n        \"arn:aws:ec2:ap-southeast-1:*:fleet/*\"\n      ],\n      \"Condition\": {\n        \"StringEquals\": {\n          \"aws:RequestTag/eks:eks-cluster-name\": \"demo-eks-cluster\",\n          \"aws:RequestTag/kubernetes.io/cluster/demo-eks-cluster\": \"owned\"\n        },\n        \"StringLike\": {\n          \"aws:RequestTag/karpenter.sh/nodepool\": \"*\"\n        }\n      }\n    },\n    {\n      \"Sid\": \"AllowScopedResourceCreationTagging\",\n      \"Effect\": \"Allow\",\n      \"Action\": \"ec2:CreateTags\",\n      \"Resource\": [\n        \"arn:aws:ec2:ap-southeast-1:*:volume/*\",\n        \"arn:aws:ec2:ap-southeast-1:*:spot-instances-request/*\",\n        \"arn:aws:ec2:ap-southeast-1:*:network-interface/*\",\n        \"arn:aws:ec2:ap-southeast-1:*:launch-template/*\",\n        \"arn:aws:ec2:ap-southeast-1:*:instance/*\",\n        \"arn:aws:ec2:ap-southeast-1:*:fleet/*\"\n      ],\n      \"Condition\": {\n        \"StringEquals\": {\n          \"aws:RequestTag/eks:eks-cluster-name\": \"demo-eks-cluster\",\n          \"aws:RequestTag/kubernetes.io/cluster/demo-eks-cluster\": \"owned\",\n          \"ec2:CreateAction\": [\n            \"RunInstances\",\n            \"CreateFleet\",\n            \"CreateLaunchTemplate\"\n          ]\n        },\n        \"StringLike\": {\n          \"aws:RequestTag/karpenter.sh/nodepool\": \"*\"\n        }\n      }\n    },\n    {\n      \"Sid\": \"AllowScopedResourceTagging\",\n      \"Effect\": \"Allow\",\n      \"Action\": \"ec2:CreateTags\",\n      \"Resource\": \"arn:aws:ec2:ap-southeast-1:*:instance/*\",\n      \"Condition\": {\n        \"ForAllValues:StringEquals\": {\n          \"aws:TagKeys\": [\n            \"eks:eks-cluster-name\",\n            \"karpenter.sh/nodeclaim\",\n            \"Name\"\n          ]\n        },\n        \"StringEquals\": {\n          \"aws:ResourceTag/kubernetes.io/cluster/demo-eks-cluster\": \"owned\"\n        },\n        \"StringEqualsIfExists\": {\n          \"aws:RequestTag/eks:eks-cluster-name\": \"demo-eks-cluster\"\n        },\n        \"StringLike\": {\n          \"aws:ResourceTag/karpenter.sh/nodepool\": \"*\"\n        }\n      }\n    },\n    {\n      \"Sid\": \"AllowScopedDeletion\",\n      \"Effect\": \"Allow\",\n      \"Action\": [\n        \"ec2:TerminateInstances\",\n        \"ec2:DeleteLaunchTemplate\"\n      ],\n      \"Resource\": [\n        \"arn:aws:ec2:ap-southeast-1:*:launch-template/*\",\n        \"arn:aws:ec2:ap-southeast-1:*:instance/*\"\n      ],\n      \"Condition\": {\n        \"StringEquals\": {\n          \"aws:ResourceTag/kubernetes.io/cluster/demo-eks-cluster\": \"owned\"\n        },\n        \"StringLike\": {\n          \"aws:ResourceTag/karpenter.sh/nodepool\": \"*\"\n        }\n      }\n    },\n    {\n      \"Sid\": \"AllowRegionalReadActions\",\n      \"Effect\": \"Allow\",\n      \"Action\": [\n        \"ec2:DescribeSubnets\",\n        \"ec2:DescribeSpotPriceHistory\",\n        \"ec2:DescribeSecurityGroups\",\n        \"ec2:DescribeLaunchTemplates\",\n        \"ec2:DescribeInstances\",\n        \"ec2:DescribeInstanceTypes\",\n        \"ec2:DescribeInstanceTypeOfferings\",\n        \"ec2:DescribeImages\",\n        \"ec2:DescribeAvailabilityZones\"\n      ],\n      \"Resource\": \"*\",\n      \"Condition\": {\n        \"StringEquals\": {\n          \"aws:RequestedRegion\": \"ap-southeast-1\"\n        }\n      }\n    },\n    {\n      \"Sid\": \"AllowSSMReadActions\",\n      \"Effect\": \"Allow\",\n      \"Action\": \"ssm:GetParameter\",\n      \"Resource\": \"arn:aws:ssm:ap-southeast-1::parameter/aws/service/*\"\n    },\n    {\n      \"Sid\": \"AllowPricingReadActions\",\n      \"Effect\": \"Allow\",\n      \"Action\": \"pricing:GetProducts\",\n      \"Resource\": \"*\"\n    },\n    {\n      \"Sid\": \"AllowInterruptionQueueActions\",\n      \"Effect\": \"Allow\",\n      \"Action\": [\n        \"sqs:ReceiveMessage\",\n        \"sqs:GetQueueUrl\",\n        \"sqs:DeleteMessage\"\n      ],\n      \"Resource\": \"arn:aws:sqs:ap-southeast-1:656732270450:Karpenter-demo-eks-cluster\"\n    },\n    {\n      \"Sid\": \"AllowPassingInstanceRole\",\n      \"Effect\": \"Allow\",\n      \"Action\": \"iam:PassRole\",\n      \"Resource\": \"arn:aws:iam::656732270450:role/Karpenter-demo-eks-cluster-2026060301372965340000001a\",\n      \"Condition\": {\n        \"StringEquals\": {\n          \"iam:PassedToService\": \"ec2.amazonaws.com\"\n        }\n      }\n    },\n    {\n      \"Sid\": \"AllowScopedInstanceProfileCreationActions\",\n      \"Effect\": \"Allow\",\n      \"Action\": \"iam:CreateInstanceProfile\",\n      \"Resource\": \"arn:aws:iam::656732270450:instance-profile/*\",\n      \"Condition\": {\n        \"StringEquals\": {\n          \"aws:RequestTag/eks:eks-cluster-name\": \"demo-eks-cluster\",\n          \"aws:RequestTag/kubernetes.io/cluster/demo-eks-cluster\": \"owned\",\n          \"aws:RequestTag/topology.kubernetes.io/region\": \"ap-southeast-1\"\n        },\n        \"StringLike\": {\n          \"aws:RequestTag/karpenter.k8s.aws/ec2nodeclass\": \"*\"\n        }\n      }\n    },\n    {\n      \"Sid\": \"AllowScopedInstanceProfileTagActions\",\n      \"Effect\": \"Allow\",\n      \"Action\": \"iam:TagInstanceProfile\",\n      \"Resource\": \"arn:aws:iam::656732270450:instance-profile/*\",\n      \"Condition\": {\n        \"StringEquals\": {\n          \"aws:RequestTag/eks:eks-cluster-name\": \"demo-eks-cluster\",\n          \"aws:RequestTag/kubernetes.io/cluster/demo-eks-cluster\": \"owned\",\n          \"aws:RequestTag/topology.kubernetes.io/region\": \"ap-southeast-1\",\n          \"aws:ResourceTag/kubernetes.io/cluster/demo-eks-cluster\": \"owned\",\n          \"aws:ResourceTag/topology.kubernetes.io/region\": \"ap-southeast-1\"\n        },\n        \"StringLike\": {\n          \"aws:RequestTag/karpenter.k8s.aws/ec2nodeclass\": \"*\",\n          \"aws:ResourceTag/karpenter.k8s.aws/ec2nodeclass\": \"*\"\n        }\n      }\n    },\n    {\n      \"Sid\": \"AllowScopedInstanceProfileActions\",\n      \"Effect\": \"Allow\",\n      \"Action\": [\n        \"iam:RemoveRoleFromInstanceProfile\",\n        \"iam:DeleteInstanceProfile\",\n        \"iam:AddRoleToInstanceProfile\"\n      ],\n      \"Resource\": \"arn:aws:iam::656732270450:instance-profile/*\",\n      \"Condition\": {\n        \"StringEquals\": {\n          \"aws:ResourceTag/kubernetes.io/cluster/demo-eks-cluster\": \"owned\",\n          \"aws:ResourceTag/topology.kubernetes.io/region\": \"ap-southeast-1\"\n        },\n        \"StringLike\": {\n          \"aws:ResourceTag/karpenter.k8s.aws/ec2nodeclass\": \"*\"\n        }\n      }\n    },\n    {\n      \"Sid\": \"AllowInstanceProfileReadActions\",\n      \"Effect\": \"Allow\",\n      \"Action\": \"iam:GetInstanceProfile\",\n      \"Resource\": \"arn:aws:iam::656732270450:instance-profile/*\"\n    },\n    {\n      \"Sid\": \"AllowAPIServerEndpointDiscovery\",\n      \"Effect\": \"Allow\",\n      \"Action\": \"eks:DescribeCluster\",\n      \"Resource\": \"arn:aws:eks:ap-southeast-1:656732270450:cluster/demo-eks-cluster\"\n    }\n  ]\n}",
            "minified_json": "{\"Version\":\"2012-10-17\",\"Statement\":[{\"Sid\":\"AllowScopedEC2InstanceAccessActions\",\"Effect\":\"Allow\",\"Action\":[\"ec2:RunInstances\",\"ec2:CreateFleet\"],\"Resource\":[\"arn:aws:ec2:ap-southeast-1::snapshot/*\",\"arn:aws:ec2:ap-southeast-1::image/*\",\"arn:aws:ec2:ap-southeast-1:*:subnet/*\",\"arn:aws:ec2:ap-southeast-1:*:security-group/*\",\"arn:aws:ec2:ap-southeast-1:*:capacity-reservation/*\"]},{\"Sid\":\"AllowScopedEC2LaunchTemplateAccessActions\",\"Effect\":\"Allow\",\"Action\":[\"ec2:RunInstances\",\"ec2:CreateFleet\"],\"Resource\":\"arn:aws:ec2:ap-southeast-1:*:launch-template/*\",\"Condition\":{\"StringEquals\":{\"aws:ResourceTag/kubernetes.io/cluster/demo-eks-cluster\":\"owned\"},\"StringLike\":{\"aws:ResourceTag/karpenter.sh/nodepool\":\"*\"}}},{\"Sid\":\"AllowScopedEC2InstanceActionsWithTags\",\"Effect\":\"Allow\",\"Action\":[\"ec2:RunInstances\",\"ec2:CreateLaunchTemplate\",\"ec2:CreateFleet\"],\"Resource\":[\"arn:aws:ec2:ap-southeast-1:*:volume/*\",\"arn:aws:ec2:ap-southeast-1:*:spot-instances-request/*\",\"arn:aws:ec2:ap-southeast-1:*:network-interface/*\",\"arn:aws:ec2:ap-southeast-1:*:launch-template/*\",\"arn:aws:ec2:ap-southeast-1:*:instance/*\",\"arn:aws:ec2:ap-southeast-1:*:fleet/*\"],\"Condition\":{\"StringEquals\":{\"aws:RequestTag/eks:eks-cluster-name\":\"demo-eks-cluster\",\"aws:RequestTag/kubernetes.io/cluster/demo-eks-cluster\":\"owned\"},\"StringLike\":{\"aws:RequestTag/karpenter.sh/nodepool\":\"*\"}}},{\"Sid\":\"AllowScopedResourceCreationTagging\",\"Effect\":\"Allow\",\"Action\":\"ec2:CreateTags\",\"Resource\":[\"arn:aws:ec2:ap-southeast-1:*:volume/*\",\"arn:aws:ec2:ap-southeast-1:*:spot-instances-request/*\",\"arn:aws:ec2:ap-southeast-1:*:network-interface/*\",\"arn:aws:ec2:ap-southeast-1:*:launch-template/*\",\"arn:aws:ec2:ap-southeast-1:*:instance/*\",\"arn:aws:ec2:ap-southeast-1:*:fleet/*\"],\"Condition\":{\"StringEquals\":{\"aws:RequestTag/eks:eks-cluster-name\":\"demo-eks-cluster\",\"aws:RequestTag/kubernetes.io/cluster/demo-eks-cluster\":\"owned\",\"ec2:CreateAction\":[\"RunInstances\",\"CreateFleet\",\"CreateLaunchTemplate\"]},\"StringLike\":{\"aws:RequestTag/karpenter.sh/nodepool\":\"*\"}}},{\"Sid\":\"AllowScopedResourceTagging\",\"Effect\":\"Allow\",\"Action\":\"ec2:CreateTags\",\"Resource\":\"arn:aws:ec2:ap-southeast-1:*:instance/*\",\"Condition\":{\"ForAllValues:StringEquals\":{\"aws:TagKeys\":[\"eks:eks-cluster-name\",\"karpenter.sh/nodeclaim\",\"Name\"]},\"StringEquals\":{\"aws:ResourceTag/kubernetes.io/cluster/demo-eks-cluster\":\"owned\"},\"StringEqualsIfExists\":{\"aws:RequestTag/eks:eks-cluster-name\":\"demo-eks-cluster\"},\"StringLike\":{\"aws:ResourceTag/karpenter.sh/nodepool\":\"*\"}}},{\"Sid\":\"AllowScopedDeletion\",\"Effect\":\"Allow\",\"Action\":[\"ec2:TerminateInstances\",\"ec2:DeleteLaunchTemplate\"],\"Resource\":[\"arn:aws:ec2:ap-southeast-1:*:launch-template/*\",\"arn:aws:ec2:ap-southeast-1:*:instance/*\"],\"Condition\":{\"StringEquals\":{\"aws:ResourceTag/kubernetes.io/cluster/demo-eks-cluster\":\"owned\"},\"StringLike\":{\"aws:ResourceTag/karpenter.sh/nodepool\":\"*\"}}},{\"Sid\":\"AllowRegionalReadActions\",\"Effect\":\"Allow\",\"Action\":[\"ec2:DescribeSubnets\",\"ec2:DescribeSpotPriceHistory\",\"ec2:DescribeSecurityGroups\",\"ec2:DescribeLaunchTemplates\",\"ec2:DescribeInstances\",\"ec2:DescribeInstanceTypes\",\"ec2:DescribeInstanceTypeOfferings\",\"ec2:DescribeImages\",\"ec2:DescribeAvailabilityZones\"],\"Resource\":\"*\",\"Condition\":{\"StringEquals\":{\"aws:RequestedRegion\":\"ap-southeast-1\"}}},{\"Sid\":\"AllowSSMReadActions\",\"Effect\":\"Allow\",\"Action\":\"ssm:GetParameter\",\"Resource\":\"arn:aws:ssm:ap-southeast-1::parameter/aws/service/*\"},{\"Sid\":\"AllowPricingReadActions\",\"Effect\":\"Allow\",\"Action\":\"pricing:GetProducts\",\"Resource\":\"*\"},{\"Sid\":\"AllowInterruptionQueueActions\",\"Effect\":\"Allow\",\"Action\":[\"sqs:ReceiveMessage\",\"sqs:GetQueueUrl\",\"sqs:DeleteMessage\"],\"Resource\":\"arn:aws:sqs:ap-southeast-1:656732270450:Karpenter-demo-eks-cluster\"},{\"Sid\":\"AllowPassingInstanceRole\",\"Effect\":\"Allow\",\"Action\":\"iam:PassRole\",\"Resource\":\"arn:aws:iam::656732270450:role/Karpenter-demo-eks-cluster-2026060301372965340000001a\",\"Condition\":{\"StringEquals\":{\"iam:PassedToService\":\"ec2.amazonaws.com\"}}},{\"Sid\":\"AllowScopedInstanceProfileCreationActions\",\"Effect\":\"Allow\",\"Action\":\"iam:CreateInstanceProfile\",\"Resource\":\"arn:aws:iam::656732270450:instance-profile/*\",\"Condition\":{\"StringEquals\":{\"aws:RequestTag/eks:eks-cluster-name\":\"demo-eks-cluster\",\"aws:RequestTag/kubernetes.io/cluster/demo-eks-cluster\":\"owned\",\"aws:RequestTag/topology.kubernetes.io/region\":\"ap-southeast-1\"},\"StringLike\":{\"aws:RequestTag/karpenter.k8s.aws/ec2nodeclass\":\"*\"}}},{\"Sid\":\"AllowScopedInstanceProfileTagActions\",\"Effect\":\"Allow\",\"Action\":\"iam:TagInstanceProfile\",\"Resource\":\"arn:aws:iam::656732270450:instance-profile/*\",\"Condition\":{\"StringEquals\":{\"aws:RequestTag/eks:eks-cluster-name\":\"demo-eks-cluster\",\"aws:RequestTag/kubernetes.io/cluster/demo-eks-cluster\":\"owned\",\"aws:RequestTag/topology.kubernetes.io/region\":\"ap-southeast-1\",\"aws:ResourceTag/kubernetes.io/cluster/demo-eks-cluster\":\"owned\",\"aws:ResourceTag/topology.kubernetes.io/region\":\"ap-southeast-1\"},\"StringLike\":{\"aws:RequestTag/karpenter.k8s.aws/ec2nodeclass\":\"*\",\"aws:ResourceTag/karpenter.k8s.aws/ec2nodeclass\":\"*\"}}},{\"Sid\":\"AllowScopedInstanceProfileActions\",\"Effect\":\"Allow\",\"Action\":[\"iam:RemoveRoleFromInstanceProfile\",\"iam:DeleteInstanceProfile\",\"iam:AddRoleToInstanceProfile\"],\"Resource\":\"arn:aws:iam::656732270450:instance-profile/*\",\"Condition\":{\"StringEquals\":{\"aws:ResourceTag/kubernetes.io/cluster/demo-eks-cluster\":\"owned\",\"aws:ResourceTag/topology.kubernetes.io/region\":\"ap-southeast-1\"},\"StringLike\":{\"aws:ResourceTag/karpenter.k8s.aws/ec2nodeclass\":\"*\"}}},{\"Sid\":\"AllowInstanceProfileReadActions\",\"Effect\":\"Allow\",\"Action\":\"iam:GetInstanceProfile\",\"Resource\":\"arn:aws:iam::656732270450:instance-profile/*\"},{\"Sid\":\"AllowAPIServerEndpointDiscovery\",\"Effect\":\"Allow\",\"Action\":\"eks:DescribeCluster\",\"Resource\":\"arn:aws:eks:ap-southeast-1:656732270450:cluster/demo-eks-cluster\"}]}",
            "override_json": null,
            "override_policy_documents": null,
            "policy_id": null,
            "source_json": null,
            "source_policy_documents": null,
            "statement": [
              {
                "actions": [
                  "ec2:CreateFleet",
                  "ec2:RunInstances"
                ],
                "condition": [],
                "effect": "Allow",
                "not_actions": [],
                "not_principals": [],
                "not_resources": [],
                "principals": [],
                "resources": [
                  "arn:aws:ec2:ap-southeast-1:*:capacity-reservation/*",
                  "arn:aws:ec2:ap-southeast-1:*:security-group/*",
                  "arn:aws:ec2:ap-southeast-1:*:subnet/*",
                  "arn:aws:ec2:ap-southeast-1::image/*",
                  "arn:aws:ec2:ap-southeast-1::snapshot/*"
                ],
                "sid": "AllowScopedEC2InstanceAccessActions"
              },
              {
                "actions": [
                  "ec2:CreateFleet",
                  "ec2:RunInstances"
                ],
                "condition": [
                  {
                    "test": "StringEquals",
                    "values": [
                      "owned"
                    ],
                    "variable": "aws:ResourceTag/kubernetes.io/cluster/demo-eks-cluster"
                  },
                  {
                    "test": "StringLike",
                    "values": [
                      "*"
                    ],
                    "variable": "aws:ResourceTag/karpenter.sh/nodepool"
                  }
                ],
                "effect": "Allow",
                "not_actions": [],
                "not_principals": [],
                "not_resources": [],
                "principals": [],
                "resources": [
                  "arn:aws:ec2:ap-southeast-1:*:launch-template/*"
                ],
                "sid": "AllowScopedEC2LaunchTemplateAccessActions"
              },
              {
                "actions": [
                  "ec2:CreateFleet",
                  "ec2:CreateLaunchTemplate",
                  "ec2:RunInstances"
                ],
                "condition": [
                  {
                    "test": "StringEquals",
                    "values": [
                      "demo-eks-cluster"
                    ],
                    "variable": "aws:RequestTag/eks:eks-cluster-name"
                  },
                  {
                    "test": "StringEquals",
                    "values": [
                      "owned"
                    ],
                    "variable": "aws:RequestTag/kubernetes.io/cluster/demo-eks-cluster"
                  },
                  {
                    "test": "StringLike",
                    "values": [
                      "*"
                    ],
                    "variable": "aws:RequestTag/karpenter.sh/nodepool"
                  }
                ],
                "effect": "Allow",
                "not_actions": [],
                "not_principals": [],
                "not_resources": [],
                "principals": [],
                "resources": [
                  "arn:aws:ec2:ap-southeast-1:*:fleet/*",
                  "arn:aws:ec2:ap-southeast-1:*:instance/*",
                  "arn:aws:ec2:ap-southeast-1:*:launch-template/*",
                  "arn:aws:ec2:ap-southeast-1:*:network-interface/*",
                  "arn:aws:ec2:ap-southeast-1:*:spot-instances-request/*",
                  "arn:aws:ec2:ap-southeast-1:*:volume/*"
                ],
                "sid": "AllowScopedEC2InstanceActionsWithTags"
              },
              {
                "actions": [
                  "ec2:CreateTags"
                ],
                "condition": [
                  {
                    "test": "StringEquals",
                    "values": [
                      "RunInstances",
                      "CreateFleet",
                      "CreateLaunchTemplate"
                    ],
                    "variable": "ec2:CreateAction"
                  },
                  {
                    "test": "StringEquals",
                    "values": [
                      "demo-eks-cluster"
                    ],
                    "variable": "aws:RequestTag/eks:eks-cluster-name"
                  },
                  {
                    "test": "StringEquals",
                    "values": [
                      "owned"
                    ],
                    "variable": "aws:RequestTag/kubernetes.io/cluster/demo-eks-cluster"
                  },
                  {
                    "test": "StringLike",
                    "values": [
                      "*"
                    ],
                    "variable": "aws:RequestTag/karpenter.sh/nodepool"
                  }
                ],
                "effect": "Allow",
                "not_actions": [],
                "not_principals": [],
                "not_resources": [],
                "principals": [],
                "resources": [
                  "arn:aws:ec2:ap-southeast-1:*:fleet/*",
                  "arn:aws:ec2:ap-southeast-1:*:instance/*",
                  "arn:aws:ec2:ap-southeast-1:*:launch-template/*",
                  "arn:aws:ec2:ap-southeast-1:*:network-interface/*",
                  "arn:aws:ec2:ap-southeast-1:*:spot-instances-request/*",
                  "arn:aws:ec2:ap-southeast-1:*:volume/*"
                ],
                "sid": "AllowScopedResourceCreationTagging"
              },
              {
                "actions": [
                  "ec2:CreateTags"
                ],
                "condition": [
                  {
                    "test": "ForAllValues:StringEquals",
                    "values": [
                      "eks:eks-cluster-name",
                      "karpenter.sh/nodeclaim",
                      "Name"
                    ],
                    "variable": "aws:TagKeys"
                  },
                  {
                    "test": "StringEquals",
                    "values": [
                      "owned"
                    ],
                    "variable": "aws:ResourceTag/kubernetes.io/cluster/demo-eks-cluster"
                  },
                  {
                    "test": "StringEqualsIfExists",
                    "values": [
                      "demo-eks-cluster"
                    ],
                    "variable": "aws:RequestTag/eks:eks-cluster-name"
                  },
                  {
                    "test": "StringLike",
                    "values": [
                      "*"
                    ],
                    "variable": "aws:ResourceTag/karpenter.sh/nodepool"
                  }
                ],
                "effect": "Allow",
                "not_actions": [],
                "not_principals": [],
                "not_resources": [],
                "principals": [],
                "resources": [
                  "arn:aws:ec2:ap-southeast-1:*:instance/*"
                ],
                "sid": "AllowScopedResourceTagging"
              },
              {
                "actions": [
                  "ec2:DeleteLaunchTemplate",
                  "ec2:TerminateInstances"
                ],
                "condition": [
                  {
                    "test": "StringEquals",
                    "values": [
                      "owned"
                    ],
                    "variable": "aws:ResourceTag/kubernetes.io/cluster/demo-eks-cluster"
                  },
                  {
                    "test": "StringLike",
                    "values": [
                      "*"
                    ],
                    "variable": "aws:ResourceTag/karpenter.sh/nodepool"
                  }
                ],
                "effect": "Allow",
                "not_actions": [],
                "not_principals": [],
                "not_resources": [],
                "principals": [],
                "resources": [
                  "arn:aws:ec2:ap-southeast-1:*:instance/*",
                  "arn:aws:ec2:ap-southeast-1:*:launch-template/*"
                ],
                "sid": "AllowScopedDeletion"
              },
              {
                "actions": [
                  "ec2:DescribeAvailabilityZones",
                  "ec2:DescribeImages",
                  "ec2:DescribeInstanceTypeOfferings",
                  "ec2:DescribeInstanceTypes",
                  "ec2:DescribeInstances",
                  "ec2:DescribeLaunchTemplates",
                  "ec2:DescribeSecurityGroups",
                  "ec2:DescribeSpotPriceHistory",
                  "ec2:DescribeSubnets"
                ],
                "condition": [
                  {
                    "test": "StringEquals",
                    "values": [
                      "ap-southeast-1"
                    ],
                    "variable": "aws:RequestedRegion"
                  }
                ],
                "effect": "Allow",
                "not_actions": [],
                "not_principals": [],
                "not_resources": [],
                "principals": [],
                "resources": [
                  "*"
                ],
                "sid": "AllowRegionalReadActions"
              },
              {
                "actions": [
                  "ssm:GetParameter"
                ],
                "condition": [],
                "effect": "Allow",
                "not_actions": [],
                "not_principals": [],
                "not_resources": [],
                "principals": [],
                "resources": [
                  "arn:aws:ssm:ap-southeast-1::parameter/aws/service/*"
                ],
                "sid": "AllowSSMReadActions"
              },
              {
                "actions": [
                  "pricing:GetProducts"
                ],
                "condition": [],
                "effect": "Allow",
                "not_actions": [],
                "not_principals": [],
                "not_resources": [],
                "principals": [],
                "resources": [
                  "*"
                ],
                "sid": "AllowPricingReadActions"
              },
              {
                "actions": [
                  "sqs:DeleteMessage",
                  "sqs:GetQueueUrl",
                  "sqs:ReceiveMessage"
                ],
                "condition": [],
                "effect": "Allow",
                "not_actions": [],
                "not_principals": [],
                "not_resources": [],
                "principals": [],
                "resources": [
                  "arn:aws:sqs:ap-southeast-1:656732270450:Karpenter-demo-eks-cluster"
                ],
                "sid": "AllowInterruptionQueueActions"
              },
              {
                "actions": [
                  "iam:PassRole"
                ],
                "condition": [
                  {
                    "test": "StringEquals",
                    "values": [
                      "ec2.amazonaws.com"
                    ],
                    "variable": "iam:PassedToService"
                  }
                ],
                "effect": "Allow",
                "not_actions": [],
                "not_principals": [],
                "not_resources": [],
                "principals": [],
                "resources": [
                  "arn:aws:iam::656732270450:role/Karpenter-demo-eks-cluster-2026060301372965340000001a"
                ],
                "sid": "AllowPassingInstanceRole"
              },
              {
                "actions": [
                  "iam:CreateInstanceProfile"
                ],
                "condition": [
                  {
                    "test": "StringEquals",
                    "values": [
                      "ap-southeast-1"
                    ],
                    "variable": "aws:RequestTag/topology.kubernetes.io/region"
                  },
                  {
                    "test": "StringEquals",
                    "values": [
                      "demo-eks-cluster"
                    ],
                    "variable": "aws:RequestTag/eks:eks-cluster-name"
                  },
                  {
                    "test": "StringEquals",
                    "values": [
                      "owned"
                    ],
                    "variable": "aws:RequestTag/kubernetes.io/cluster/demo-eks-cluster"
                  },
                  {
                    "test": "StringLike",
                    "values": [
                      "*"
                    ],
                    "variable": "aws:RequestTag/karpenter.k8s.aws/ec2nodeclass"
                  }
                ],
                "effect": "Allow",
                "not_actions": [],
                "not_principals": [],
                "not_resources": [],
                "principals": [],
                "resources": [
                  "arn:aws:iam::656732270450:instance-profile/*"
                ],
                "sid": "AllowScopedInstanceProfileCreationActions"
              },
              {
                "actions": [
                  "iam:TagInstanceProfile"
                ],
                "condition": [
                  {
                    "test": "StringEquals",
                    "values": [
                      "ap-southeast-1"
                    ],
                    "variable": "aws:RequestTag/topology.kubernetes.io/region"
                  },
                  {
                    "test": "StringEquals",
                    "values": [
                      "ap-southeast-1"
                    ],
                    "variable": "aws:ResourceTag/topology.kubernetes.io/region"
                  },
                  {
                    "test": "StringEquals",
                    "values": [
                      "demo-eks-cluster"
                    ],
                    "variable": "aws:RequestTag/eks:eks-cluster-name"
                  },
                  {
                    "test": "StringEquals",
                    "values": [
                      "owned"
                    ],
                    "variable": "aws:RequestTag/kubernetes.io/cluster/demo-eks-cluster"
                  },
                  {
                    "test": "StringEquals",
                    "values": [
                      "owned"
                    ],
                    "variable": "aws:ResourceTag/kubernetes.io/cluster/demo-eks-cluster"
                  },
                  {
                    "test": "StringLike",
                    "values": [
                      "*"
                    ],
                    "variable": "aws:RequestTag/karpenter.k8s.aws/ec2nodeclass"
                  },
                  {
                    "test": "StringLike",
                    "values": [
                      "*"
                    ],
                    "variable": "aws:ResourceTag/karpenter.k8s.aws/ec2nodeclass"
                  }
                ],
                "effect": "Allow",
                "not_actions": [],
                "not_principals": [],
                "not_resources": [],
                "principals": [],
                "resources": [
                  "arn:aws:iam::656732270450:instance-profile/*"
                ],
                "sid": "AllowScopedInstanceProfileTagActions"
              },
              {
                "actions": [
                  "iam:AddRoleToInstanceProfile",
                  "iam:DeleteInstanceProfile",
                  "iam:RemoveRoleFromInstanceProfile"
                ],
                "condition": [
                  {
                    "test": "StringEquals",
                    "values": [
                      "ap-southeast-1"
                    ],
                    "variable": "aws:ResourceTag/topology.kubernetes.io/region"
                  },
                  {
                    "test": "StringEquals",
                    "values": [
                      "owned"
                    ],
                    "variable": "aws:ResourceTag/kubernetes.io/cluster/demo-eks-cluster"
                  },
                  {
                    "test": "StringLike",
                    "values": [
                      "*"
                    ],
                    "variable": "aws:ResourceTag/karpenter.k8s.aws/ec2nodeclass"
                  }
                ],
                "effect": "Allow",
                "not_actions": [],
                "not_principals": [],
                "not_resources": [],
                "principals": [],
                "resources": [
                  "arn:aws:iam::656732270450:instance-profile/*"
                ],
                "sid": "AllowScopedInstanceProfileActions"
              },
              {
                "actions": [
                  "iam:GetInstanceProfile"
                ],
                "condition": [],
                "effect": "Allow",
                "not_actions": [],
                "not_principals": [],
                "not_resources": [],
                "principals": [],
                "resources": [
                  "arn:aws:iam::656732270450:instance-profile/*"
                ],
                "sid": "AllowInstanceProfileReadActions"
              },
              {
                "actions": [
                  "eks:DescribeCluster"
                ],
                "condition": [],
                "effect": "Allow",
                "not_actions": [],
                "not_principals": [],
                "not_resources": [],
                "principals": [],
                "resources": [
                  "arn:aws:eks:ap-southeast-1:656732270450:cluster/demo-eks-cluster"
                ],
                "sid": "AllowAPIServerEndpointDiscovery"
              }
            ],
            "version": "2012-10-17"
          },
          "sensitive_attributes": [],
          "identity_schema_version": 0
        }
      ]
    },
    {
      "module": "module.karpenter",
      "mode": "data",
      "type": "aws_partition",
      "name": "current",
      "provider": "provider[\"registry.terraform.io/hashicorp/aws\"]",
      "instances": [
        {
          "schema_version": 0,
          "attributes": {
            "dns_suffix": "amazonaws.com",
            "id": "aws",
            "partition": "aws",
            "reverse_dns_prefix": "com.amazonaws"
          },
          "sensitive_attributes": [],
          "identity_schema_version": 0
        }
      ]
    },
    {
      "module": "module.karpenter",
      "mode": "data",
      "type": "aws_region",
      "name": "current",
      "provider": "provider[\"registry.terraform.io/hashicorp/aws\"]",
      "instances": [
        {
          "schema_version": 0,
          "attributes": {
            "description": "Asia Pacific (Singapore)",
            "endpoint": "ec2.ap-southeast-1.amazonaws.com",
            "id": "ap-southeast-1",
            "name": "ap-southeast-1"
          },
          "sensitive_attributes": [],
          "identity_schema_version": 0
        }
      ]
    },
    {
      "module": "module.karpenter",
      "mode": "managed",
      "type": "aws_cloudwatch_event_rule",
      "name": "this",
      "provider": "provider[\"registry.terraform.io/hashicorp/aws\"]",
      "instances": [
        {
          "index_key": "health_event",
          "schema_version": 1,
          "attributes": {
            "arn": "arn:aws:events:ap-southeast-1:656732270450:rule/KarpenterHealthEvent-20260603013729652700000019",
            "description": "Karpenter interrupt - AWS health event",
            "event_bus_name": "default",
            "event_pattern": "{\"detail-type\":[\"AWS Health Event\"],\"source\":[\"aws.health\"]}",
            "force_destroy": false,
            "id": "KarpenterHealthEvent-20260603013729652700000019",
            "is_enabled": true,
            "name": "KarpenterHealthEvent-20260603013729652700000019",
            "name_prefix": "KarpenterHealthEvent-",
            "role_arn": "",
            "schedule_expression": "",
            "state": "ENABLED",
            "tags": {
              "ClusterName": "demo-eks-cluster"
            },
            "tags_all": {
              "ClusterName": "demo-eks-cluster"
            }
          },
          "sensitive_attributes": [],
          "identity_schema_version": 0,
          "private": "eyJzY2hlbWFfdmVyc2lvbiI6IjEifQ==",
          "dependencies": [
            "module.eks.aws_cloudwatch_log_group.this",
            "module.eks.aws_eks_access_entry.this",
            "module.eks.aws_eks_access_policy_association.this",
            "module.eks.aws_eks_cluster.this",
            "module.eks.aws_iam_policy.cni_ipv6_policy",
            "module.eks.aws_iam_role.eks_auto",
            "module.eks.aws_iam_role.this",
            "module.eks.aws_iam_role_policy_attachment.this",
            "module.eks.aws_security_group.cluster",
            "module.eks.aws_security_group.node",
            "module.eks.aws_security_group_rule.cluster",
            "module.eks.aws_security_group_rule.node",
            "module.eks.data.aws_caller_identity.current",
            "module.eks.data.aws_iam_policy_document.assume_role_policy",
            "module.eks.data.aws_iam_policy_document.cni_ipv6_policy",
            "module.eks.data.aws_iam_policy_document.node_assume_role_policy",
            "module.eks.data.aws_iam_session_context.current",
            "module.eks.data.aws_partition.current",
            "module.eks.module.kms.aws_kms_external_key.this",
            "module.eks.module.kms.aws_kms_key.this",
            "module.eks.module.kms.aws_kms_replica_external_key.this",
            "module.eks.module.kms.aws_kms_replica_key.this",
            "module.eks.module.kms.data.aws_caller_identity.current",
            "module.eks.module.kms.data.aws_iam_policy_document.this",
            "module.eks.module.kms.data.aws_partition.current",
            "module.vpc.aws_subnet.private",
            "module.vpc.aws_vpc.this",
            "module.vpc.aws_vpc_ipv4_cidr_block_association.this"
          ]
        },
        {
          "index_key": "instance_rebalance",
          "schema_version": 1,
          "attributes": {
            "arn": "arn:aws:events:ap-southeast-1:656732270450:rule/KarpenterInstanceRebalance-20260603013729651800000016",
            "description": "Karpenter interrupt - EC2 instance rebalance recommendation",
            "event_bus_name": "default",
            "event_pattern": "{\"detail-type\":[\"EC2 Instance Rebalance Recommendation\"],\"source\":[\"aws.ec2\"]}",
            "force_destroy": false,
            "id": "KarpenterInstanceRebalance-20260603013729651800000016",
            "is_enabled": true,
            "name": "KarpenterInstanceRebalance-20260603013729651800000016",
            "name_prefix": "KarpenterInstanceRebalance-",
            "role_arn": "",
            "schedule_expression": "",
            "state": "ENABLED",
            "tags": {
              "ClusterName": "demo-eks-cluster"
            },
            "tags_all": {
              "ClusterName": "demo-eks-cluster"
            }
          },
          "sensitive_attributes": [],
          "identity_schema_version": 0,
          "private": "eyJzY2hlbWFfdmVyc2lvbiI6IjEifQ==",
          "dependencies": [
            "module.eks.aws_cloudwatch_log_group.this",
            "module.eks.aws_eks_access_entry.this",
            "module.eks.aws_eks_access_policy_association.this",
            "module.eks.aws_eks_cluster.this",
            "module.eks.aws_iam_policy.cni_ipv6_policy",
            "module.eks.aws_iam_role.eks_auto",
            "module.eks.aws_iam_role.this",
            "module.eks.aws_iam_role_policy_attachment.this",
            "module.eks.aws_security_group.cluster",
            "module.eks.aws_security_group.node",
            "module.eks.aws_security_group_rule.cluster",
            "module.eks.aws_security_group_rule.node",
            "module.eks.data.aws_caller_identity.current",
            "module.eks.data.aws_iam_policy_document.assume_role_policy",
            "module.eks.data.aws_iam_policy_document.cni_ipv6_policy",
            "module.eks.data.aws_iam_policy_document.node_assume_role_policy",
            "module.eks.data.aws_iam_session_context.current",
            "module.eks.data.aws_partition.current",
            "module.eks.module.kms.aws_kms_external_key.this",
            "module.eks.module.kms.aws_kms_key.this",
            "module.eks.module.kms.aws_kms_replica_external_key.this",
            "module.eks.module.kms.aws_kms_replica_key.this",
            "module.eks.module.kms.data.aws_caller_identity.current",
            "module.eks.module.kms.data.aws_iam_policy_document.this",
            "module.eks.module.kms.data.aws_partition.current",
            "module.vpc.aws_subnet.private",
            "module.vpc.aws_vpc.this",
            "module.vpc.aws_vpc_ipv4_cidr_block_association.this"
          ]
        },
        {
          "index_key": "instance_state_change",
          "schema_version": 1,
          "attributes": {
            "arn": "arn:aws:events:ap-southeast-1:656732270450:rule/KarpenterInstanceStateChange-20260603013729652200000018",
            "description": "Karpenter interrupt - EC2 instance state-change notification",
            "event_bus_name": "default",
            "event_pattern": "{\"detail-type\":[\"EC2 Instance State-change Notification\"],\"source\":[\"aws.ec2\"]}",
            "force_destroy": false,
            "id": "KarpenterInstanceStateChange-20260603013729652200000018",
            "is_enabled": true,
            "name": "KarpenterInstanceStateChange-20260603013729652200000018",
            "name_prefix": "KarpenterInstanceStateChange-",
            "role_arn": "",
            "schedule_expression": "",
            "state": "ENABLED",
            "tags": {
              "ClusterName": "demo-eks-cluster"
            },
            "tags_all": {
              "ClusterName": "demo-eks-cluster"
            }
          },
          "sensitive_attributes": [],
          "identity_schema_version": 0,
          "private": "eyJzY2hlbWFfdmVyc2lvbiI6IjEifQ==",
          "dependencies": [
            "module.eks.aws_cloudwatch_log_group.this",
            "module.eks.aws_eks_access_entry.this",
            "module.eks.aws_eks_access_policy_association.this",
            "module.eks.aws_eks_cluster.this",
            "module.eks.aws_iam_policy.cni_ipv6_policy",
            "module.eks.aws_iam_role.eks_auto",
            "module.eks.aws_iam_role.this",
            "module.eks.aws_iam_role_policy_attachment.this",
            "module.eks.aws_security_group.cluster",
            "module.eks.aws_security_group.node",
            "module.eks.aws_security_group_rule.cluster",
            "module.eks.aws_security_group_rule.node",
            "module.eks.data.aws_caller_identity.current",
            "module.eks.data.aws_iam_policy_document.assume_role_policy",
            "module.eks.data.aws_iam_policy_document.cni_ipv6_policy",
            "module.eks.data.aws_iam_policy_document.node_assume_role_policy",
            "module.eks.data.aws_iam_session_context.current",
            "module.eks.data.aws_partition.current",
            "module.eks.module.kms.aws_kms_external_key.this",
            "module.eks.module.kms.aws_kms_key.this",
            "module.eks.module.kms.aws_kms_replica_external_key.this",
            "module.eks.module.kms.aws_kms_replica_key.this",
            "module.eks.module.kms.data.aws_caller_identity.current",
            "module.eks.module.kms.data.aws_iam_policy_document.this",
            "module.eks.module.kms.data.aws_partition.current",
            "module.vpc.aws_subnet.private",
            "module.vpc.aws_vpc.this",
            "module.vpc.aws_vpc_ipv4_cidr_block_association.this"
          ]
        },
        {
          "index_key": "spot_interrupt",
          "schema_version": 1,
          "attributes": {
            "arn": "arn:aws:events:ap-southeast-1:656732270450:rule/KarpenterSpotInterrupt-20260603013729651800000017",
            "description": "Karpenter interrupt - EC2 spot instance interruption warning",
            "event_bus_name": "default",
            "event_pattern": "{\"detail-type\":[\"EC2 Spot Instance Interruption Warning\"],\"source\":[\"aws.ec2\"]}",
            "force_destroy": false,
            "id": "KarpenterSpotInterrupt-20260603013729651800000017",
            "is_enabled": true,
            "name": "KarpenterSpotInterrupt-20260603013729651800000017",
            "name_prefix": "KarpenterSpotInterrupt-",
            "role_arn": "",
            "schedule_expression": "",
            "state": "ENABLED",
            "tags": {
              "ClusterName": "demo-eks-cluster"
            },
            "tags_all": {
              "ClusterName": "demo-eks-cluster"
            }
          },
          "sensitive_attributes": [],
          "identity_schema_version": 0,
          "private": "eyJzY2hlbWFfdmVyc2lvbiI6IjEifQ==",
          "dependencies": [
            "module.eks.aws_cloudwatch_log_group.this",
            "module.eks.aws_eks_access_entry.this",
            "module.eks.aws_eks_access_policy_association.this",
            "module.eks.aws_eks_cluster.this",
            "module.eks.aws_iam_policy.cni_ipv6_policy",
            "module.eks.aws_iam_role.eks_auto",
            "module.eks.aws_iam_role.this",
            "module.eks.aws_iam_role_policy_attachment.this",
            "module.eks.aws_security_group.cluster",
            "module.eks.aws_security_group.node",
            "module.eks.aws_security_group_rule.cluster",
            "module.eks.aws_security_group_rule.node",
            "module.eks.data.aws_caller_identity.current",
            "module.eks.data.aws_iam_policy_document.assume_role_policy",
            "module.eks.data.aws_iam_policy_document.cni_ipv6_policy",
            "module.eks.data.aws_iam_policy_document.node_assume_role_policy",
            "module.eks.data.aws_iam_session_context.current",
            "module.eks.data.aws_partition.current",
            "module.eks.module.kms.aws_kms_external_key.this",
            "module.eks.module.kms.aws_kms_key.this",
            "module.eks.module.kms.aws_kms_replica_external_key.this",
            "module.eks.module.kms.aws_kms_replica_key.this",
            "module.eks.module.kms.data.aws_caller_identity.current",
            "module.eks.module.kms.data.aws_iam_policy_document.this",
            "module.eks.module.kms.data.aws_partition.current",
            "module.vpc.aws_subnet.private",
            "module.vpc.aws_vpc.this",
            "module.vpc.aws_vpc_ipv4_cidr_block_association.this"
          ]
        }
      ]
    },
    {
      "module": "module.karpenter",
      "mode": "managed",
      "type": "aws_cloudwatch_event_target",
      "name": "this",
      "provider": "provider[\"registry.terraform.io/hashicorp/aws\"]",
      "instances": [
        {
          "index_key": "health_event",
          "schema_version": 1,
          "attributes": {
            "appsync_target": [],
            "arn": "arn:aws:sqs:ap-southeast-1:656732270450:Karpenter-demo-eks-cluster",
            "batch_target": [],
            "dead_letter_config": [],
            "ecs_target": [],
            "event_bus_name": "default",
            "force_destroy": false,
            "http_target": [],
            "id": "KarpenterHealthEvent-20260603013729652700000019-KarpenterInterruptionQueueTarget",
            "input": "",
            "input_path": "",
            "input_transformer": [],
            "kinesis_target": [],
            "redshift_target": [],
            "retry_policy": [],
            "role_arn": "",
            "rule": "KarpenterHealthEvent-20260603013729652700000019",
            "run_command_targets": [],
            "sagemaker_pipeline_target": [],
            "sqs_target": [],
            "target_id": "KarpenterInterruptionQueueTarget"
          },
          "sensitive_attributes": [],
          "identity_schema_version": 0,
          "private": "eyJzY2hlbWFfdmVyc2lvbiI6IjEifQ==",
          "dependencies": [
            "module.eks.aws_cloudwatch_log_group.this",
            "module.eks.aws_eks_access_entry.this",
            "module.eks.aws_eks_access_policy_association.this",
            "module.eks.aws_eks_cluster.this",
            "module.eks.aws_iam_policy.cni_ipv6_policy",
            "module.eks.aws_iam_role.eks_auto",
            "module.eks.aws_iam_role.this",
            "module.eks.aws_iam_role_policy_attachment.this",
            "module.eks.aws_security_group.cluster",
            "module.eks.aws_security_group.node",
            "module.eks.aws_security_group_rule.cluster",
            "module.eks.aws_security_group_rule.node",
            "module.eks.data.aws_caller_identity.current",
            "module.eks.data.aws_iam_policy_document.assume_role_policy",
            "module.eks.data.aws_iam_policy_document.cni_ipv6_policy",
            "module.eks.data.aws_iam_policy_document.node_assume_role_policy",
            "module.eks.data.aws_iam_session_context.current",
            "module.eks.data.aws_partition.current",
            "module.eks.module.kms.aws_kms_external_key.this",
            "module.eks.module.kms.aws_kms_key.this",
            "module.eks.module.kms.aws_kms_replica_external_key.this",
            "module.eks.module.kms.aws_kms_replica_key.this",
            "module.eks.module.kms.data.aws_caller_identity.current",
            "module.eks.module.kms.data.aws_iam_policy_document.this",
            "module.eks.module.kms.data.aws_partition.current",
            "module.karpenter.aws_cloudwatch_event_rule.this",
            "module.karpenter.aws_sqs_queue.this",
            "module.vpc.aws_subnet.private",
            "module.vpc.aws_vpc.this",
            "module.vpc.aws_vpc_ipv4_cidr_block_association.this"
          ]
        },
        {
          "index_key": "instance_rebalance",
          "schema_version": 1,
          "attributes": {
            "appsync_target": [],
            "arn": "arn:aws:sqs:ap-southeast-1:656732270450:Karpenter-demo-eks-cluster",
            "batch_target": [],
            "dead_letter_config": [],
            "ecs_target": [],
            "event_bus_name": "default",
            "force_destroy": false,
            "http_target": [],
            "id": "KarpenterInstanceRebalance-20260603013729651800000016-KarpenterInterruptionQueueTarget",
            "input": "",
            "input_path": "",
            "input_transformer": [],
            "kinesis_target": [],
            "redshift_target": [],
            "retry_policy": [],
            "role_arn": "",
            "rule": "KarpenterInstanceRebalance-20260603013729651800000016",
            "run_command_targets": [],
            "sagemaker_pipeline_target": [],
            "sqs_target": [],
            "target_id": "KarpenterInterruptionQueueTarget"
          },
          "sensitive_attributes": [],
          "identity_schema_version": 0,
          "private": "eyJzY2hlbWFfdmVyc2lvbiI6IjEifQ==",
          "dependencies": [
            "module.eks.aws_cloudwatch_log_group.this",
            "module.eks.aws_eks_access_entry.this",
            "module.eks.aws_eks_access_policy_association.this",
            "module.eks.aws_eks_cluster.this",
            "module.eks.aws_iam_policy.cni_ipv6_policy",
            "module.eks.aws_iam_role.eks_auto",
            "module.eks.aws_iam_role.this",
            "module.eks.aws_iam_role_policy_attachment.this",
            "module.eks.aws_security_group.cluster",
            "module.eks.aws_security_group.node",
            "module.eks.aws_security_group_rule.cluster",
            "module.eks.aws_security_group_rule.node",
            "module.eks.data.aws_caller_identity.current",
            "module.eks.data.aws_iam_policy_document.assume_role_policy",
            "module.eks.data.aws_iam_policy_document.cni_ipv6_policy",
            "module.eks.data.aws_iam_policy_document.node_assume_role_policy",
            "module.eks.data.aws_iam_session_context.current",
            "module.eks.data.aws_partition.current",
            "module.eks.module.kms.aws_kms_external_key.this",
            "module.eks.module.kms.aws_kms_key.this",
            "module.eks.module.kms.aws_kms_replica_external_key.this",
            "module.eks.module.kms.aws_kms_replica_key.this",
            "module.eks.module.kms.data.aws_caller_identity.current",
            "module.eks.module.kms.data.aws_iam_policy_document.this",
            "module.eks.module.kms.data.aws_partition.current",
            "module.karpenter.aws_cloudwatch_event_rule.this",
            "module.karpenter.aws_sqs_queue.this",
            "module.vpc.aws_subnet.private",
            "module.vpc.aws_vpc.this",
            "module.vpc.aws_vpc_ipv4_cidr_block_association.this"
          ]
        },
        {
          "index_key": "instance_state_change",
          "schema_version": 1,
          "attributes": {
            "appsync_target": [],
            "arn": "arn:aws:sqs:ap-southeast-1:656732270450:Karpenter-demo-eks-cluster",
            "batch_target": [],
            "dead_letter_config": [],
            "ecs_target": [],
            "event_bus_name": "default",
            "force_destroy": false,
            "http_target": [],
            "id": "KarpenterInstanceStateChange-20260603013729652200000018-KarpenterInterruptionQueueTarget",
            "input": "",
            "input_path": "",
            "input_transformer": [],
            "kinesis_target": [],
            "redshift_target": [],
            "retry_policy": [],
            "role_arn": "",
            "rule": "KarpenterInstanceStateChange-20260603013729652200000018",
            "run_command_targets": [],
            "sagemaker_pipeline_target": [],
            "sqs_target": [],
            "target_id": "KarpenterInterruptionQueueTarget"
          },
          "sensitive_attributes": [],
          "identity_schema_version": 0,
          "private": "eyJzY2hlbWFfdmVyc2lvbiI6IjEifQ==",
          "dependencies": [
            "module.eks.aws_cloudwatch_log_group.this",
            "module.eks.aws_eks_access_entry.this",
            "module.eks.aws_eks_access_policy_association.this",
            "module.eks.aws_eks_cluster.this",
            "module.eks.aws_iam_policy.cni_ipv6_policy",
            "module.eks.aws_iam_role.eks_auto",
            "module.eks.aws_iam_role.this",
            "module.eks.aws_iam_role_policy_attachment.this",
            "module.eks.aws_security_group.cluster",
            "module.eks.aws_security_group.node",
            "module.eks.aws_security_group_rule.cluster",
            "module.eks.aws_security_group_rule.node",
            "module.eks.data.aws_caller_identity.current",
            "module.eks.data.aws_iam_policy_document.assume_role_policy",
            "module.eks.data.aws_iam_policy_document.cni_ipv6_policy",
            "module.eks.data.aws_iam_policy_document.node_assume_role_policy",
            "module.eks.data.aws_iam_session_context.current",
            "module.eks.data.aws_partition.current",
            "module.eks.module.kms.aws_kms_external_key.this",
            "module.eks.module.kms.aws_kms_key.this",
            "module.eks.module.kms.aws_kms_replica_external_key.this",
            "module.eks.module.kms.aws_kms_replica_key.this",
            "module.eks.module.kms.data.aws_caller_identity.current",
            "module.eks.module.kms.data.aws_iam_policy_document.this",
            "module.eks.module.kms.data.aws_partition.current",
            "module.karpenter.aws_cloudwatch_event_rule.this",
            "module.karpenter.aws_sqs_queue.this",
            "module.vpc.aws_subnet.private",
            "module.vpc.aws_vpc.this",
            "module.vpc.aws_vpc_ipv4_cidr_block_association.this"
          ]
        },
        {
          "index_key": "spot_interrupt",
          "schema_version": 1,
          "attributes": {
            "appsync_target": [],
            "arn": "arn:aws:sqs:ap-southeast-1:656732270450:Karpenter-demo-eks-cluster",
            "batch_target": [],
            "dead_letter_config": [],
            "ecs_target": [],
            "event_bus_name": "default",
            "force_destroy": false,
            "http_target": [],
            "id": "KarpenterSpotInterrupt-20260603013729651800000017-KarpenterInterruptionQueueTarget",
            "input": "",
            "input_path": "",
            "input_transformer": [],
            "kinesis_target": [],
            "redshift_target": [],
            "retry_policy": [],
            "role_arn": "",
            "rule": "KarpenterSpotInterrupt-20260603013729651800000017",
            "run_command_targets": [],
            "sagemaker_pipeline_target": [],
            "sqs_target": [],
            "target_id": "KarpenterInterruptionQueueTarget"
          },
          "sensitive_attributes": [],
          "identity_schema_version": 0,
          "private": "eyJzY2hlbWFfdmVyc2lvbiI6IjEifQ==",
          "dependencies": [
            "module.eks.aws_cloudwatch_log_group.this",
            "module.eks.aws_eks_access_entry.this",
            "module.eks.aws_eks_access_policy_association.this",
            "module.eks.aws_eks_cluster.this",
            "module.eks.aws_iam_policy.cni_ipv6_policy",
            "module.eks.aws_iam_role.eks_auto",
            "module.eks.aws_iam_role.this",
            "module.eks.aws_iam_role_policy_attachment.this",
            "module.eks.aws_security_group.cluster",
            "module.eks.aws_security_group.node",
            "module.eks.aws_security_group_rule.cluster",
            "module.eks.aws_security_group_rule.node",
            "module.eks.data.aws_caller_identity.current",
            "module.eks.data.aws_iam_policy_document.assume_role_policy",
            "module.eks.data.aws_iam_policy_document.cni_ipv6_policy",
            "module.eks.data.aws_iam_policy_document.node_assume_role_policy",
            "module.eks.data.aws_iam_session_context.current",
            "module.eks.data.aws_partition.current",
            "module.eks.module.kms.aws_kms_external_key.this",
            "module.eks.module.kms.aws_kms_key.this",
            "module.eks.module.kms.aws_kms_replica_external_key.this",
            "module.eks.module.kms.aws_kms_replica_key.this",
            "module.eks.module.kms.data.aws_caller_identity.current",
            "module.eks.module.kms.data.aws_iam_policy_document.this",
            "module.eks.module.kms.data.aws_partition.current",
            "module.karpenter.aws_cloudwatch_event_rule.this",
            "module.karpenter.aws_sqs_queue.this",
            "module.vpc.aws_subnet.private",
            "module.vpc.aws_vpc.this",
            "module.vpc.aws_vpc_ipv4_cidr_block_association.this"
          ]
        }
      ]
    },
    {
      "module": "module.karpenter",
      "mode": "managed",
      "type": "aws_eks_access_entry",
      "name": "node",
      "provider": "provider[\"registry.terraform.io/hashicorp/aws\"]",
      "instances": [
        {
          "index_key": 0,
          "schema_version": 0,
          "attributes": {
            "access_entry_arn": "arn:aws:eks:ap-southeast-1:656732270450:access-entry/demo-eks-cluster/role/656732270450/Karpenter-demo-eks-cluster-2026060301372965340000001a/38cf4590-d529-c554-771c-e405e26614d0",
            "cluster_name": "demo-eks-cluster",
            "created_at": "2026-06-03T01:38:19Z",
            "id": "demo-eks-cluster:arn:aws:iam::656732270450:role/Karpenter-demo-eks-cluster-2026060301372965340000001a",
            "kubernetes_groups": [
              "system:nodes"
            ],
            "modified_at": "2026-06-03T01:38:19Z",
            "principal_arn": "arn:aws:iam::656732270450:role/Karpenter-demo-eks-cluster-2026060301372965340000001a",
            "tags": null,
            "tags_all": {},
            "timeouts": null,
            "type": "EC2_LINUX",
            "user_name": "system:node:{{EC2PrivateDNSName}}"
          },
          "sensitive_attributes": [],
          "identity_schema_version": 0,
          "private": "eyJlMmJmYjczMC1lY2FhLTExZTYtOGY4OC0zNDM2M2JjN2M0YzAiOnsiY3JlYXRlIjo2MDAwMDAwMDAwMDAsImRlbGV0ZSI6NjAwMDAwMDAwMDAwfX0=",
          "dependencies": [
            "module.eks.aws_cloudwatch_log_group.this",
            "module.eks.aws_eks_access_entry.this",
            "module.eks.aws_eks_access_policy_association.this",
            "module.eks.aws_eks_cluster.this",
            "module.eks.aws_iam_policy.cni_ipv6_policy",
            "module.eks.aws_iam_role.eks_auto",
            "module.eks.aws_iam_role.this",
            "module.eks.aws_iam_role_policy_attachment.this",
            "module.eks.aws_security_group.cluster",
            "module.eks.aws_security_group.node",
            "module.eks.aws_security_group_rule.cluster",
            "module.eks.aws_security_group_rule.node",
            "module.eks.data.aws_caller_identity.current",
            "module.eks.data.aws_iam_policy_document.assume_role_policy",
            "module.eks.data.aws_iam_policy_document.cni_ipv6_policy",
            "module.eks.data.aws_iam_policy_document.node_assume_role_policy",
            "module.eks.data.aws_iam_session_context.current",
            "module.eks.data.aws_partition.current",
            "module.eks.module.kms.aws_kms_external_key.this",
            "module.eks.module.kms.aws_kms_key.this",
            "module.eks.module.kms.aws_kms_replica_external_key.this",
            "module.eks.module.kms.aws_kms_replica_key.this",
            "module.eks.module.kms.data.aws_caller_identity.current",
            "module.eks.module.kms.data.aws_iam_policy_document.this",
            "module.eks.module.kms.data.aws_partition.current",
            "module.karpenter.aws_iam_role.node",
            "module.karpenter.aws_sqs_queue.this",
            "module.karpenter.aws_sqs_queue_policy.this",
            "module.karpenter.data.aws_iam_policy_document.node_assume_role",
            "module.karpenter.data.aws_iam_policy_document.queue",
            "module.karpenter.data.aws_partition.current",
            "module.vpc.aws_subnet.private",
            "module.vpc.aws_vpc.this",
            "module.vpc.aws_vpc_ipv4_cidr_block_association.this"
          ]
        }
      ]
    },
    {
      "module": "module.karpenter",
      "mode": "managed",
      "type": "aws_eks_pod_identity_association",
      "name": "karpenter",
      "provider": "provider[\"registry.terraform.io/hashicorp/aws\"]",
      "instances": [
        {
          "index_key": 0,
          "schema_version": 0,
          "attributes": {
            "association_arn": "arn:aws:eks:ap-southeast-1:656732270450:podidentityassociation/demo-eks-cluster/a-ceqtmmhevhhyubitr",
            "association_id": "a-ceqtmmhevhhyubitr",
            "cluster_name": "demo-eks-cluster",
            "id": "a-ceqtmmhevhhyubitr",
            "namespace": "kube-system",
            "role_arn": "arn:aws:iam::656732270450:role/KarpenterController-20260603012839791300000003",
            "service_account": "karpenter",
            "tags": {},
            "tags_all": {}
          },
          "sensitive_attributes": [],
          "identity_schema_version": 0,
          "dependencies": [
            "module.eks.aws_cloudwatch_log_group.this",
            "module.eks.aws_eks_access_entry.this",
            "module.eks.aws_eks_access_policy_association.this",
            "module.eks.aws_eks_cluster.this",
            "module.eks.aws_iam_policy.cni_ipv6_policy",
            "module.eks.aws_iam_role.eks_auto",
            "module.eks.aws_iam_role.this",
            "module.eks.aws_iam_role_policy_attachment.this",
            "module.eks.aws_security_group.cluster",
            "module.eks.aws_security_group.node",
            "module.eks.aws_security_group_rule.cluster",
            "module.eks.aws_security_group_rule.node",
            "module.eks.data.aws_caller_identity.current",
            "module.eks.data.aws_iam_policy_document.assume_role_policy",
            "module.eks.data.aws_iam_policy_document.cni_ipv6_policy",
            "module.eks.data.aws_iam_policy_document.node_assume_role_policy",
            "module.eks.data.aws_iam_session_context.current",
            "module.eks.data.aws_partition.current",
            "module.eks.module.kms.aws_kms_external_key.this",
            "module.eks.module.kms.aws_kms_key.this",
            "module.eks.module.kms.aws_kms_replica_external_key.this",
            "module.eks.module.kms.aws_kms_replica_key.this",
            "module.eks.module.kms.data.aws_caller_identity.current",
            "module.eks.module.kms.data.aws_iam_policy_document.this",
            "module.eks.module.kms.data.aws_partition.current",
            "module.karpenter.aws_iam_role.controller",
            "module.karpenter.data.aws_iam_policy_document.controller_assume_role",
            "module.vpc.aws_subnet.private",
            "module.vpc.aws_vpc.this",
            "module.vpc.aws_vpc_ipv4_cidr_block_association.this"
          ]
        }
      ]
    },
    {
      "module": "module.karpenter",
      "mode": "managed",
      "type": "aws_iam_policy",
      "name": "controller",
      "provider": "provider[\"registry.terraform.io/hashicorp/aws\"]",
      "instances": [
        {
          "index_key": 0,
          "schema_version": 0,
          "attributes": {
            "arn": "arn:aws:iam::656732270450:policy/KarpenterController-20260603013755563500000020",
            "attachment_count": 0,
            "description": "Karpenter controller IAM policy",
            "id": "arn:aws:iam::656732270450:policy/KarpenterController-20260603013755563500000020",
            "name": "KarpenterController-20260603013755563500000020",
            "name_prefix": "KarpenterController-",
            "path": "/",
            "policy": "{\"Statement\":[{\"Action\":[\"ec2:RunInstances\",\"ec2:CreateFleet\"],\"Effect\":\"Allow\",\"Resource\":[\"arn:aws:ec2:ap-southeast-1::snapshot/*\",\"arn:aws:ec2:ap-southeast-1::image/*\",\"arn:aws:ec2:ap-southeast-1:*:subnet/*\",\"arn:aws:ec2:ap-southeast-1:*:security-group/*\",\"arn:aws:ec2:ap-southeast-1:*:capacity-reservation/*\"],\"Sid\":\"AllowScopedEC2InstanceAccessActions\"},{\"Action\":[\"ec2:RunInstances\",\"ec2:CreateFleet\"],\"Condition\":{\"StringEquals\":{\"aws:ResourceTag/kubernetes.io/cluster/demo-eks-cluster\":\"owned\"},\"StringLike\":{\"aws:ResourceTag/karpenter.sh/nodepool\":\"*\"}},\"Effect\":\"Allow\",\"Resource\":\"arn:aws:ec2:ap-southeast-1:*:launch-template/*\",\"Sid\":\"AllowScopedEC2LaunchTemplateAccessActions\"},{\"Action\":[\"ec2:RunInstances\",\"ec2:CreateLaunchTemplate\",\"ec2:CreateFleet\"],\"Condition\":{\"StringEquals\":{\"aws:RequestTag/eks:eks-cluster-name\":\"demo-eks-cluster\",\"aws:RequestTag/kubernetes.io/cluster/demo-eks-cluster\":\"owned\"},\"StringLike\":{\"aws:RequestTag/karpenter.sh/nodepool\":\"*\"}},\"Effect\":\"Allow\",\"Resource\":[\"arn:aws:ec2:ap-southeast-1:*:volume/*\",\"arn:aws:ec2:ap-southeast-1:*:spot-instances-request/*\",\"arn:aws:ec2:ap-southeast-1:*:network-interface/*\",\"arn:aws:ec2:ap-southeast-1:*:launch-template/*\",\"arn:aws:ec2:ap-southeast-1:*:instance/*\",\"arn:aws:ec2:ap-southeast-1:*:fleet/*\"],\"Sid\":\"AllowScopedEC2InstanceActionsWithTags\"},{\"Action\":\"ec2:CreateTags\",\"Condition\":{\"StringEquals\":{\"aws:RequestTag/eks:eks-cluster-name\":\"demo-eks-cluster\",\"aws:RequestTag/kubernetes.io/cluster/demo-eks-cluster\":\"owned\",\"ec2:CreateAction\":[\"RunInstances\",\"CreateFleet\",\"CreateLaunchTemplate\"]},\"StringLike\":{\"aws:RequestTag/karpenter.sh/nodepool\":\"*\"}},\"Effect\":\"Allow\",\"Resource\":[\"arn:aws:ec2:ap-southeast-1:*:volume/*\",\"arn:aws:ec2:ap-southeast-1:*:spot-instances-request/*\",\"arn:aws:ec2:ap-southeast-1:*:network-interface/*\",\"arn:aws:ec2:ap-southeast-1:*:launch-template/*\",\"arn:aws:ec2:ap-southeast-1:*:instance/*\",\"arn:aws:ec2:ap-southeast-1:*:fleet/*\"],\"Sid\":\"AllowScopedResourceCreationTagging\"},{\"Action\":\"ec2:CreateTags\",\"Condition\":{\"ForAllValues:StringEquals\":{\"aws:TagKeys\":[\"eks:eks-cluster-name\",\"karpenter.sh/nodeclaim\",\"Name\"]},\"StringEquals\":{\"aws:ResourceTag/kubernetes.io/cluster/demo-eks-cluster\":\"owned\"},\"StringEqualsIfExists\":{\"aws:RequestTag/eks:eks-cluster-name\":\"demo-eks-cluster\"},\"StringLike\":{\"aws:ResourceTag/karpenter.sh/nodepool\":\"*\"}},\"Effect\":\"Allow\",\"Resource\":\"arn:aws:ec2:ap-southeast-1:*:instance/*\",\"Sid\":\"AllowScopedResourceTagging\"},{\"Action\":[\"ec2:TerminateInstances\",\"ec2:DeleteLaunchTemplate\"],\"Condition\":{\"StringEquals\":{\"aws:ResourceTag/kubernetes.io/cluster/demo-eks-cluster\":\"owned\"},\"StringLike\":{\"aws:ResourceTag/karpenter.sh/nodepool\":\"*\"}},\"Effect\":\"Allow\",\"Resource\":[\"arn:aws:ec2:ap-southeast-1:*:launch-template/*\",\"arn:aws:ec2:ap-southeast-1:*:instance/*\"],\"Sid\":\"AllowScopedDeletion\"},{\"Action\":[\"ec2:DescribeSubnets\",\"ec2:DescribeSpotPriceHistory\",\"ec2:DescribeSecurityGroups\",\"ec2:DescribeLaunchTemplates\",\"ec2:DescribeInstances\",\"ec2:DescribeInstanceTypes\",\"ec2:DescribeInstanceTypeOfferings\",\"ec2:DescribeImages\",\"ec2:DescribeAvailabilityZones\"],\"Condition\":{\"StringEquals\":{\"aws:RequestedRegion\":\"ap-southeast-1\"}},\"Effect\":\"Allow\",\"Resource\":\"*\",\"Sid\":\"AllowRegionalReadActions\"},{\"Action\":\"ssm:GetParameter\",\"Effect\":\"Allow\",\"Resource\":\"arn:aws:ssm:ap-southeast-1::parameter/aws/service/*\",\"Sid\":\"AllowSSMReadActions\"},{\"Action\":\"pricing:GetProducts\",\"Effect\":\"Allow\",\"Resource\":\"*\",\"Sid\":\"AllowPricingReadActions\"},{\"Action\":[\"sqs:ReceiveMessage\",\"sqs:GetQueueUrl\",\"sqs:DeleteMessage\"],\"Effect\":\"Allow\",\"Resource\":\"arn:aws:sqs:ap-southeast-1:656732270450:Karpenter-demo-eks-cluster\",\"Sid\":\"AllowInterruptionQueueActions\"},{\"Action\":\"iam:PassRole\",\"Condition\":{\"StringEquals\":{\"iam:PassedToService\":\"ec2.amazonaws.com\"}},\"Effect\":\"Allow\",\"Resource\":\"arn:aws:iam::656732270450:role/Karpenter-demo-eks-cluster-2026060301372965340000001a\",\"Sid\":\"AllowPassingInstanceRole\"},{\"Action\":\"iam:CreateInstanceProfile\",\"Condition\":{\"StringEquals\":{\"aws:RequestTag/eks:eks-cluster-name\":\"demo-eks-cluster\",\"aws:RequestTag/kubernetes.io/cluster/demo-eks-cluster\":\"owned\",\"aws:RequestTag/topology.kubernetes.io/region\":\"ap-southeast-1\"},\"StringLike\":{\"aws:RequestTag/karpenter.k8s.aws/ec2nodeclass\":\"*\"}},\"Effect\":\"Allow\",\"Resource\":\"arn:aws:iam::656732270450:instance-profile/*\",\"Sid\":\"AllowScopedInstanceProfileCreationActions\"},{\"Action\":\"iam:TagInstanceProfile\",\"Condition\":{\"StringEquals\":{\"aws:RequestTag/eks:eks-cluster-name\":\"demo-eks-cluster\",\"aws:RequestTag/kubernetes.io/cluster/demo-eks-cluster\":\"owned\",\"aws:RequestTag/topology.kubernetes.io/region\":\"ap-southeast-1\",\"aws:ResourceTag/kubernetes.io/cluster/demo-eks-cluster\":\"owned\",\"aws:ResourceTag/topology.kubernetes.io/region\":\"ap-southeast-1\"},\"StringLike\":{\"aws:RequestTag/karpenter.k8s.aws/ec2nodeclass\":\"*\",\"aws:ResourceTag/karpenter.k8s.aws/ec2nodeclass\":\"*\"}},\"Effect\":\"Allow\",\"Resource\":\"arn:aws:iam::656732270450:instance-profile/*\",\"Sid\":\"AllowScopedInstanceProfileTagActions\"},{\"Action\":[\"iam:RemoveRoleFromInstanceProfile\",\"iam:DeleteInstanceProfile\",\"iam:AddRoleToInstanceProfile\"],\"Condition\":{\"StringEquals\":{\"aws:ResourceTag/kubernetes.io/cluster/demo-eks-cluster\":\"owned\",\"aws:ResourceTag/topology.kubernetes.io/region\":\"ap-southeast-1\"},\"StringLike\":{\"aws:ResourceTag/karpenter.k8s.aws/ec2nodeclass\":\"*\"}},\"Effect\":\"Allow\",\"Resource\":\"arn:aws:iam::656732270450:instance-profile/*\",\"Sid\":\"AllowScopedInstanceProfileActions\"},{\"Action\":\"iam:GetInstanceProfile\",\"Effect\":\"Allow\",\"Resource\":\"arn:aws:iam::656732270450:instance-profile/*\",\"Sid\":\"AllowInstanceProfileReadActions\"},{\"Action\":\"eks:DescribeCluster\",\"Effect\":\"Allow\",\"Resource\":\"arn:aws:eks:ap-southeast-1:656732270450:cluster/demo-eks-cluster\",\"Sid\":\"AllowAPIServerEndpointDiscovery\"}],\"Version\":\"2012-10-17\"}",
            "policy_id": "ANPAZR2CLF5ZL2ABP42YV",
            "tags": null,
            "tags_all": {}
          },
          "sensitive_attributes": [],
          "identity_schema_version": 0,
          "private": "bnVsbA==",
          "dependencies": [
            "module.eks.aws_cloudwatch_log_group.this",
            "module.eks.aws_eks_access_entry.this",
            "module.eks.aws_eks_access_policy_association.this",
            "module.eks.aws_eks_cluster.this",
            "module.eks.aws_iam_policy.cni_ipv6_policy",
            "module.eks.aws_iam_role.eks_auto",
            "module.eks.aws_iam_role.this",
            "module.eks.aws_iam_role_policy_attachment.this",
            "module.eks.aws_security_group.cluster",
            "module.eks.aws_security_group.node",
            "module.eks.aws_security_group_rule.cluster",
            "module.eks.aws_security_group_rule.node",
            "module.eks.data.aws_caller_identity.current",
            "module.eks.data.aws_iam_policy_document.assume_role_policy",
            "module.eks.data.aws_iam_policy_document.cni_ipv6_policy",
            "module.eks.data.aws_iam_policy_document.node_assume_role_policy",
            "module.eks.data.aws_iam_session_context.current",
            "module.eks.data.aws_partition.current",
            "module.eks.module.kms.aws_kms_external_key.this",
            "module.eks.module.kms.aws_kms_key.this",
            "module.eks.module.kms.aws_kms_replica_external_key.this",
            "module.eks.module.kms.aws_kms_replica_key.this",
            "module.eks.module.kms.data.aws_caller_identity.current",
            "module.eks.module.kms.data.aws_iam_policy_document.this",
            "module.eks.module.kms.data.aws_partition.current",
            "module.karpenter.aws_iam_role.node",
            "module.karpenter.aws_sqs_queue.this",
            "module.karpenter.data.aws_caller_identity.current",
            "module.karpenter.data.aws_iam_policy_document.controller",
            "module.karpenter.data.aws_iam_policy_document.node_assume_role",
            "module.karpenter.data.aws_iam_policy_document.v033",
            "module.karpenter.data.aws_iam_policy_document.v1",
            "module.karpenter.data.aws_partition.current",
            "module.karpenter.data.aws_region.current",
            "module.vpc.aws_subnet.private",
            "module.vpc.aws_vpc.this",
            "module.vpc.aws_vpc_ipv4_cidr_block_association.this"
          ]
        }
      ]
    },
    {
      "module": "module.karpenter",
      "mode": "managed",
      "type": "aws_iam_role",
      "name": "controller",
      "provider": "provider[\"registry.terraform.io/hashicorp/aws\"]",
      "instances": [
        {
          "index_key": 0,
          "schema_version": 0,
          "attributes": {
            "arn": "arn:aws:iam::656732270450:role/KarpenterController-20260603012839791300000003",
            "assume_role_policy": "{\"Statement\":[{\"Action\":[\"sts:TagSession\",\"sts:AssumeRole\"],\"Effect\":\"Allow\",\"Principal\":{\"Service\":\"pods.eks.amazonaws.com\"}}],\"Version\":\"2012-10-17\"}",
            "create_date": "2026-06-03T01:28:39Z",
            "description": "Karpenter controller IAM role",
            "force_detach_policies": true,
            "id": "KarpenterController-20260603012839791300000003",
            "inline_policy": [],
            "managed_policy_arns": [],
            "max_session_duration": 3600,
            "name": "KarpenterController-20260603012839791300000003",
            "name_prefix": "KarpenterController-",
            "path": "/",
            "permissions_boundary": "",
            "tags": null,
            "tags_all": {},
            "unique_id": "AROAZR2CLF5ZGV7MJ4HYC"
          },
          "sensitive_attributes": [],
          "identity_schema_version": 0,
          "private": "bnVsbA==",
          "dependencies": [
            "module.karpenter.data.aws_iam_policy_document.controller_assume_role"
          ]
        }
      ]
    },
    {
      "module": "module.karpenter",
      "mode": "managed",
      "type": "aws_iam_role",
      "name": "node",
      "provider": "provider[\"registry.terraform.io/hashicorp/aws\"]",
      "instances": [
        {
          "index_key": 0,
          "schema_version": 0,
          "attributes": {
            "arn": "arn:aws:iam::656732270450:role/Karpenter-demo-eks-cluster-2026060301372965340000001a",
            "assume_role_policy": "{\"Statement\":[{\"Action\":\"sts:AssumeRole\",\"Effect\":\"Allow\",\"Principal\":{\"Service\":\"ec2.amazonaws.com\"},\"Sid\":\"EKSNodeAssumeRole\"}],\"Version\":\"2012-10-17\"}",
            "create_date": "2026-06-03T01:37:29Z",
            "description": "",
            "force_detach_policies": true,
            "id": "Karpenter-demo-eks-cluster-2026060301372965340000001a",
            "inline_policy": [],
            "managed_policy_arns": [],
            "max_session_duration": 3600,
            "name": "Karpenter-demo-eks-cluster-2026060301372965340000001a",
            "name_prefix": "Karpenter-demo-eks-cluster-",
            "path": "/",
            "permissions_boundary": "",
            "tags": null,
            "tags_all": {},
            "unique_id": "AROAZR2CLF5ZLQV5FNONM"
          },
          "sensitive_attributes": [],
          "identity_schema_version": 0,
          "private": "bnVsbA==",
          "dependencies": [
            "module.eks.aws_cloudwatch_log_group.this",
            "module.eks.aws_eks_access_entry.this",
            "module.eks.aws_eks_access_policy_association.this",
            "module.eks.aws_eks_cluster.this",
            "module.eks.aws_iam_policy.cni_ipv6_policy",
            "module.eks.aws_iam_role.eks_auto",
            "module.eks.aws_iam_role.this",
            "module.eks.aws_iam_role_policy_attachment.this",
            "module.eks.aws_security_group.cluster",
            "module.eks.aws_security_group.node",
            "module.eks.aws_security_group_rule.cluster",
            "module.eks.aws_security_group_rule.node",
            "module.eks.data.aws_caller_identity.current",
            "module.eks.data.aws_iam_policy_document.assume_role_policy",
            "module.eks.data.aws_iam_policy_document.cni_ipv6_policy",
            "module.eks.data.aws_iam_policy_document.node_assume_role_policy",
            "module.eks.data.aws_iam_session_context.current",
            "module.eks.data.aws_partition.current",
            "module.eks.module.kms.aws_kms_external_key.this",
            "module.eks.module.kms.aws_kms_key.this",
            "module.eks.module.kms.aws_kms_replica_external_key.this",
            "module.eks.module.kms.aws_kms_replica_key.this",
            "module.eks.module.kms.data.aws_caller_identity.current",
            "module.eks.module.kms.data.aws_iam_policy_document.this",
            "module.eks.module.kms.data.aws_partition.current",
            "module.karpenter.data.aws_iam_policy_document.node_assume_role",
            "module.karpenter.data.aws_partition.current",
            "module.vpc.aws_subnet.private",
            "module.vpc.aws_vpc.this",
            "module.vpc.aws_vpc_ipv4_cidr_block_association.this"
          ]
        }
      ]
    },
    {
      "module": "module.karpenter",
      "mode": "managed",
      "type": "aws_iam_role_policy_attachment",
      "name": "controller",
      "provider": "provider[\"registry.terraform.io/hashicorp/aws\"]",
      "instances": [
        {
          "index_key": 0,
          "schema_version": 0,
          "attributes": {
            "id": "KarpenterController-20260603012839791300000003-20260603013756789800000021",
            "policy_arn": "arn:aws:iam::656732270450:policy/KarpenterController-20260603013755563500000020",
            "role": "KarpenterController-20260603012839791300000003"
          },
          "sensitive_attributes": [],
          "identity_schema_version": 0,
          "private": "bnVsbA==",
          "dependencies": [
            "module.eks.aws_cloudwatch_log_group.this",
            "module.eks.aws_eks_access_entry.this",
            "module.eks.aws_eks_access_policy_association.this",
            "module.eks.aws_eks_cluster.this",
            "module.eks.aws_iam_policy.cni_ipv6_policy",
            "module.eks.aws_iam_role.eks_auto",
            "module.eks.aws_iam_role.this",
            "module.eks.aws_iam_role_policy_attachment.this",
            "module.eks.aws_security_group.cluster",
            "module.eks.aws_security_group.node",
            "module.eks.aws_security_group_rule.cluster",
            "module.eks.aws_security_group_rule.node",
            "module.eks.data.aws_caller_identity.current",
            "module.eks.data.aws_iam_policy_document.assume_role_policy",
            "module.eks.data.aws_iam_policy_document.cni_ipv6_policy",
            "module.eks.data.aws_iam_policy_document.node_assume_role_policy",
            "module.eks.data.aws_iam_session_context.current",
            "module.eks.data.aws_partition.current",
            "module.eks.module.kms.aws_kms_external_key.this",
            "module.eks.module.kms.aws_kms_key.this",
            "module.eks.module.kms.aws_kms_replica_external_key.this",
            "module.eks.module.kms.aws_kms_replica_key.this",
            "module.eks.module.kms.data.aws_caller_identity.current",
            "module.eks.module.kms.data.aws_iam_policy_document.this",
            "module.eks.module.kms.data.aws_partition.current",
            "module.karpenter.aws_iam_policy.controller",
            "module.karpenter.aws_iam_role.controller",
            "module.karpenter.aws_iam_role.node",
            "module.karpenter.aws_sqs_queue.this",
            "module.karpenter.data.aws_caller_identity.current",
            "module.karpenter.data.aws_iam_policy_document.controller",
            "module.karpenter.data.aws_iam_policy_document.controller_assume_role",
            "module.karpenter.data.aws_iam_policy_document.node_assume_role",
            "module.karpenter.data.aws_iam_policy_document.v033",
            "module.karpenter.data.aws_iam_policy_document.v1",
            "module.karpenter.data.aws_partition.current",
            "module.karpenter.data.aws_region.current",
            "module.vpc.aws_subnet.private",
            "module.vpc.aws_vpc.this",
            "module.vpc.aws_vpc_ipv4_cidr_block_association.this"
          ]
        }
      ]
    },
    {
      "module": "module.karpenter",
      "mode": "managed",
      "type": "aws_iam_role_policy_attachment",
      "name": "node",
      "provider": "provider[\"registry.terraform.io/hashicorp/aws\"]",
      "instances": [
        {
          "index_key": "AmazonEC2ContainerRegistryReadOnly",
          "schema_version": 0,
          "attributes": {
            "id": "Karpenter-demo-eks-cluster-2026060301372965340000001a-2026060301373223120000001e",
            "policy_arn": "arn:aws:iam::aws:policy/AmazonEC2ContainerRegistryReadOnly",
            "role": "Karpenter-demo-eks-cluster-2026060301372965340000001a"
          },
          "sensitive_attributes": [],
          "identity_schema_version": 0,
          "private": "bnVsbA==",
          "dependencies": [
            "module.eks.aws_cloudwatch_log_group.this",
            "module.eks.aws_eks_access_entry.this",
            "module.eks.aws_eks_access_policy_association.this",
            "module.eks.aws_eks_cluster.this",
            "module.eks.aws_iam_policy.cni_ipv6_policy",
            "module.eks.aws_iam_role.eks_auto",
            "module.eks.aws_iam_role.this",
            "module.eks.aws_iam_role_policy_attachment.this",
            "module.eks.aws_security_group.cluster",
            "module.eks.aws_security_group.node",
            "module.eks.aws_security_group_rule.cluster",
            "module.eks.aws_security_group_rule.node",
            "module.eks.data.aws_caller_identity.current",
            "module.eks.data.aws_iam_policy_document.assume_role_policy",
            "module.eks.data.aws_iam_policy_document.cni_ipv6_policy",
            "module.eks.data.aws_iam_policy_document.node_assume_role_policy",
            "module.eks.data.aws_iam_session_context.current",
            "module.eks.data.aws_partition.current",
            "module.eks.module.kms.aws_kms_external_key.this",
            "module.eks.module.kms.aws_kms_key.this",
            "module.eks.module.kms.aws_kms_replica_external_key.this",
            "module.eks.module.kms.aws_kms_replica_key.this",
            "module.eks.module.kms.data.aws_caller_identity.current",
            "module.eks.module.kms.data.aws_iam_policy_document.this",
            "module.eks.module.kms.data.aws_partition.current",
            "module.karpenter.aws_iam_role.node",
            "module.karpenter.data.aws_caller_identity.current",
            "module.karpenter.data.aws_iam_policy_document.node_assume_role",
            "module.karpenter.data.aws_partition.current",
            "module.vpc.aws_subnet.private",
            "module.vpc.aws_vpc.this",
            "module.vpc.aws_vpc_ipv4_cidr_block_association.this"
          ]
        },
        {
          "index_key": "AmazonEKSWorkerNodePolicy",
          "schema_version": 0,
          "attributes": {
            "id": "Karpenter-demo-eks-cluster-2026060301372965340000001a-2026060301373193060000001d",
            "policy_arn": "arn:aws:iam::aws:policy/AmazonEKSWorkerNodePolicy",
            "role": "Karpenter-demo-eks-cluster-2026060301372965340000001a"
          },
          "sensitive_attributes": [],
          "identity_schema_version": 0,
          "private": "bnVsbA==",
          "dependencies": [
            "module.eks.aws_cloudwatch_log_group.this",
            "module.eks.aws_eks_access_entry.this",
            "module.eks.aws_eks_access_policy_association.this",
            "module.eks.aws_eks_cluster.this",
            "module.eks.aws_iam_policy.cni_ipv6_policy",
            "module.eks.aws_iam_role.eks_auto",
            "module.eks.aws_iam_role.this",
            "module.eks.aws_iam_role_policy_attachment.this",
            "module.eks.aws_security_group.cluster",
            "module.eks.aws_security_group.node",
            "module.eks.aws_security_group_rule.cluster",
            "module.eks.aws_security_group_rule.node",
            "module.eks.data.aws_caller_identity.current",
            "module.eks.data.aws_iam_policy_document.assume_role_policy",
            "module.eks.data.aws_iam_policy_document.cni_ipv6_policy",
            "module.eks.data.aws_iam_policy_document.node_assume_role_policy",
            "module.eks.data.aws_iam_session_context.current",
            "module.eks.data.aws_partition.current",
            "module.eks.module.kms.aws_kms_external_key.this",
            "module.eks.module.kms.aws_kms_key.this",
            "module.eks.module.kms.aws_kms_replica_external_key.this",
            "module.eks.module.kms.aws_kms_replica_key.this",
            "module.eks.module.kms.data.aws_caller_identity.current",
            "module.eks.module.kms.data.aws_iam_policy_document.this",
            "module.eks.module.kms.data.aws_partition.current",
            "module.karpenter.aws_iam_role.node",
            "module.karpenter.data.aws_caller_identity.current",
            "module.karpenter.data.aws_iam_policy_document.node_assume_role",
            "module.karpenter.data.aws_partition.current",
            "module.vpc.aws_subnet.private",
            "module.vpc.aws_vpc.this",
            "module.vpc.aws_vpc_ipv4_cidr_block_association.this"
          ]
        },
        {
          "index_key": "AmazonEKS_CNI_Policy",
          "schema_version": 0,
          "attributes": {
            "id": "Karpenter-demo-eks-cluster-2026060301372965340000001a-2026060301373224470000001f",
            "policy_arn": "arn:aws:iam::aws:policy/AmazonEKS_CNI_Policy",
            "role": "Karpenter-demo-eks-cluster-2026060301372965340000001a"
          },
          "sensitive_attributes": [],
          "identity_schema_version": 0,
          "private": "bnVsbA==",
          "dependencies": [
            "module.eks.aws_cloudwatch_log_group.this",
            "module.eks.aws_eks_access_entry.this",
            "module.eks.aws_eks_access_policy_association.this",
            "module.eks.aws_eks_cluster.this",
            "module.eks.aws_iam_policy.cni_ipv6_policy",
            "module.eks.aws_iam_role.eks_auto",
            "module.eks.aws_iam_role.this",
            "module.eks.aws_iam_role_policy_attachment.this",
            "module.eks.aws_security_group.cluster",
            "module.eks.aws_security_group.node",
            "module.eks.aws_security_group_rule.cluster",
            "module.eks.aws_security_group_rule.node",
            "module.eks.data.aws_caller_identity.current",
            "module.eks.data.aws_iam_policy_document.assume_role_policy",
            "module.eks.data.aws_iam_policy_document.cni_ipv6_policy",
            "module.eks.data.aws_iam_policy_document.node_assume_role_policy",
            "module.eks.data.aws_iam_session_context.current",
            "module.eks.data.aws_partition.current",
            "module.eks.module.kms.aws_kms_external_key.this",
            "module.eks.module.kms.aws_kms_key.this",
            "module.eks.module.kms.aws_kms_replica_external_key.this",
            "module.eks.module.kms.aws_kms_replica_key.this",
            "module.eks.module.kms.data.aws_caller_identity.current",
            "module.eks.module.kms.data.aws_iam_policy_document.this",
            "module.eks.module.kms.data.aws_partition.current",
            "module.karpenter.aws_iam_role.node",
            "module.karpenter.data.aws_caller_identity.current",
            "module.karpenter.data.aws_iam_policy_document.node_assume_role",
            "module.karpenter.data.aws_partition.current",
            "module.vpc.aws_subnet.private",
            "module.vpc.aws_vpc.this",
            "module.vpc.aws_vpc_ipv4_cidr_block_association.this"
          ]
        }
      ]
    },
    {
      "module": "module.karpenter",
      "mode": "managed",
      "type": "aws_iam_role_policy_attachment",
      "name": "node_additional",
      "provider": "provider[\"registry.terraform.io/hashicorp/aws\"]",
      "instances": [
        {
          "index_key": "AmazonSSMManagedInstanceCore",
          "schema_version": 0,
          "attributes": {
            "id": "Karpenter-demo-eks-cluster-2026060301372965340000001a-2026060301373192820000001c",
            "policy_arn": "arn:aws:iam::aws:policy/AmazonSSMManagedInstanceCore",
            "role": "Karpenter-demo-eks-cluster-2026060301372965340000001a"
          },
          "sensitive_attributes": [],
          "identity_schema_version": 0,
          "private": "bnVsbA==",
          "dependencies": [
            "module.eks.aws_cloudwatch_log_group.this",
            "module.eks.aws_eks_access_entry.this",
            "module.eks.aws_eks_access_policy_association.this",
            "module.eks.aws_eks_cluster.this",
            "module.eks.aws_iam_policy.cni_ipv6_policy",
            "module.eks.aws_iam_role.eks_auto",
            "module.eks.aws_iam_role.this",
            "module.eks.aws_iam_role_policy_attachment.this",
            "module.eks.aws_security_group.cluster",
            "module.eks.aws_security_group.node",
            "module.eks.aws_security_group_rule.cluster",
            "module.eks.aws_security_group_rule.node",
            "module.eks.data.aws_caller_identity.current",
            "module.eks.data.aws_iam_policy_document.assume_role_policy",
            "module.eks.data.aws_iam_policy_document.cni_ipv6_policy",
            "module.eks.data.aws_iam_policy_document.node_assume_role_policy",
            "module.eks.data.aws_iam_session_context.current",
            "module.eks.data.aws_partition.current",
            "module.eks.module.kms.aws_kms_external_key.this",
            "module.eks.module.kms.aws_kms_key.this",
            "module.eks.module.kms.aws_kms_replica_external_key.this",
            "module.eks.module.kms.aws_kms_replica_key.this",
            "module.eks.module.kms.data.aws_caller_identity.current",
            "module.eks.module.kms.data.aws_iam_policy_document.this",
            "module.eks.module.kms.data.aws_partition.current",
            "module.karpenter.aws_iam_role.node",
            "module.karpenter.data.aws_iam_policy_document.node_assume_role",
            "module.karpenter.data.aws_partition.current",
            "module.vpc.aws_subnet.private",
            "module.vpc.aws_vpc.this",
            "module.vpc.aws_vpc_ipv4_cidr_block_association.this"
          ]
        }
      ]
    },
    {
      "module": "module.karpenter",
      "mode": "managed",
      "type": "aws_sqs_queue",
      "name": "this",
      "provider": "provider[\"registry.terraform.io/hashicorp/aws\"]",
      "instances": [
        {
          "index_key": 0,
          "schema_version": 0,
          "attributes": {
            "arn": "arn:aws:sqs:ap-southeast-1:656732270450:Karpenter-demo-eks-cluster",
            "content_based_deduplication": false,
            "deduplication_scope": "",
            "delay_seconds": 0,
            "fifo_queue": false,
            "fifo_throughput_limit": "",
            "id": "https://sqs.ap-southeast-1.amazonaws.com/656732270450/Karpenter-demo-eks-cluster",
            "kms_data_key_reuse_period_seconds": 300,
            "kms_master_key_id": "",
            "max_message_size": 262144,
            "message_retention_seconds": 300,
            "name": "Karpenter-demo-eks-cluster",
            "name_prefix": "",
            "policy": "",
            "receive_wait_time_seconds": 0,
            "redrive_allow_policy": "",
            "redrive_policy": "",
            "sqs_managed_sse_enabled": true,
            "tags": null,
            "tags_all": {},
            "timeouts": null,
            "url": "https://sqs.ap-southeast-1.amazonaws.com/656732270450/Karpenter-demo-eks-cluster",
            "visibility_timeout_seconds": 30
          },
          "sensitive_attributes": [],
          "identity_schema_version": 0,
          "private": "eyJlMmJmYjczMC1lY2FhLTExZTYtOGY4OC0zNDM2M2JjN2M0YzAiOnsiY3JlYXRlIjoxODAwMDAwMDAwMDAsImRlbGV0ZSI6MTgwMDAwMDAwMDAwLCJ1cGRhdGUiOjE4MDAwMDAwMDAwMH19",
          "dependencies": [
            "module.eks.aws_cloudwatch_log_group.this",
            "module.eks.aws_eks_access_entry.this",
            "module.eks.aws_eks_access_policy_association.this",
            "module.eks.aws_eks_cluster.this",
            "module.eks.aws_iam_policy.cni_ipv6_policy",
            "module.eks.aws_iam_role.eks_auto",
            "module.eks.aws_iam_role.this",
            "module.eks.aws_iam_role_policy_attachment.this",
            "module.eks.aws_security_group.cluster",
            "module.eks.aws_security_group.node",
            "module.eks.aws_security_group_rule.cluster",
            "module.eks.aws_security_group_rule.node",
            "module.eks.data.aws_caller_identity.current",
            "module.eks.data.aws_iam_policy_document.assume_role_policy",
            "module.eks.data.aws_iam_policy_document.cni_ipv6_policy",
            "module.eks.data.aws_iam_policy_document.node_assume_role_policy",
            "module.eks.data.aws_iam_session_context.current",
            "module.eks.data.aws_partition.current",
            "module.eks.module.kms.aws_kms_external_key.this",
            "module.eks.module.kms.aws_kms_key.this",
            "module.eks.module.kms.aws_kms_replica_external_key.this",
            "module.eks.module.kms.aws_kms_replica_key.this",
            "module.eks.module.kms.data.aws_caller_identity.current",
            "module.eks.module.kms.data.aws_iam_policy_document.this",
            "module.eks.module.kms.data.aws_partition.current",
            "module.vpc.aws_subnet.private",
            "module.vpc.aws_vpc.this",
            "module.vpc.aws_vpc_ipv4_cidr_block_association.this"
          ]
        }
      ]
    },
    {
      "module": "module.karpenter",
      "mode": "managed",
      "type": "aws_sqs_queue_policy",
      "name": "this",
      "provider": "provider[\"registry.terraform.io/hashicorp/aws\"]",
      "instances": [
        {
          "index_key": 0,
          "schema_version": 1,
          "attributes": {
            "id": "https://sqs.ap-southeast-1.amazonaws.com/656732270450/Karpenter-demo-eks-cluster",
            "policy": "{\"Statement\":[{\"Action\":\"sqs:SendMessage\",\"Effect\":\"Allow\",\"Principal\":{\"Service\":[\"sqs.amazonaws.com\",\"events.amazonaws.com\"]},\"Resource\":\"arn:aws:sqs:ap-southeast-1:656732270450:Karpenter-demo-eks-cluster\",\"Sid\":\"SqsWrite\"},{\"Action\":\"sqs:*\",\"Condition\":{\"StringEquals\":{\"aws:SecureTransport\":\"false\"}},\"Effect\":\"Deny\",\"Principal\":\"*\",\"Resource\":\"arn:aws:sqs:ap-southeast-1:656732270450:Karpenter-demo-eks-cluster\",\"Sid\":\"DenyHTTP\"}],\"Version\":\"2012-10-17\"}",
            "queue_url": "https://sqs.ap-southeast-1.amazonaws.com/656732270450/Karpenter-demo-eks-cluster"
          },
          "sensitive_attributes": [],
          "identity_schema_version": 0,
          "private": "eyJzY2hlbWFfdmVyc2lvbiI6IjEifQ==",
          "dependencies": [
            "module.eks.aws_cloudwatch_log_group.this",
            "module.eks.aws_eks_access_entry.this",
            "module.eks.aws_eks_access_policy_association.this",
            "module.eks.aws_eks_cluster.this",
            "module.eks.aws_iam_policy.cni_ipv6_policy",
            "module.eks.aws_iam_role.eks_auto",
            "module.eks.aws_iam_role.this",
            "module.eks.aws_iam_role_policy_attachment.this",
            "module.eks.aws_security_group.cluster",
            "module.eks.aws_security_group.node",
            "module.eks.aws_security_group_rule.cluster",
            "module.eks.aws_security_group_rule.node",
            "module.eks.data.aws_caller_identity.current",
            "module.eks.data.aws_iam_policy_document.assume_role_policy",
            "module.eks.data.aws_iam_policy_document.cni_ipv6_policy",
            "module.eks.data.aws_iam_policy_document.node_assume_role_policy",
            "module.eks.data.aws_iam_session_context.current",
            "module.eks.data.aws_partition.current",
            "module.eks.module.kms.aws_kms_external_key.this",
            "module.eks.module.kms.aws_kms_key.this",
            "module.eks.module.kms.aws_kms_replica_external_key.this",
            "module.eks.module.kms.aws_kms_replica_key.this",
            "module.eks.module.kms.data.aws_caller_identity.current",
            "module.eks.module.kms.data.aws_iam_policy_document.this",
            "module.eks.module.kms.data.aws_partition.current",
            "module.karpenter.aws_sqs_queue.this",
            "module.karpenter.data.aws_iam_policy_document.queue",
            "module.vpc.aws_subnet.private",
            "module.vpc.aws_vpc.this",
            "module.vpc.aws_vpc_ipv4_cidr_block_association.this"
          ]
        }
      ]
    },
    {
      "module": "module.vpc",
      "mode": "managed",
      "type": "aws_default_network_acl",
      "name": "this",
      "provider": "provider[\"registry.terraform.io/hashicorp/aws\"]",
      "instances": [
        {
          "index_key": 0,
          "schema_version": 0,
          "attributes": {
            "arn": "arn:aws:ec2:ap-southeast-1:656732270450:network-acl/acl-06d2761001f6b3c5e",
            "default_network_acl_id": "acl-06d2761001f6b3c5e",
            "egress": [
              {
                "action": "allow",
                "cidr_block": "",
                "from_port": 0,
                "icmp_code": null,
                "icmp_type": null,
                "ipv6_cidr_block": "::/0",
                "protocol": "-1",
                "rule_no": 101,
                "to_port": 0
              },
              {
                "action": "allow",
                "cidr_block": "0.0.0.0/0",
                "from_port": 0,
                "icmp_code": null,
                "icmp_type": null,
                "ipv6_cidr_block": "",
                "protocol": "-1",
                "rule_no": 100,
                "to_port": 0
              }
            ],
            "id": "acl-06d2761001f6b3c5e",
            "ingress": [
              {
                "action": "allow",
                "cidr_block": "",
                "from_port": 0,
                "icmp_code": null,
                "icmp_type": null,
                "ipv6_cidr_block": "::/0",
                "protocol": "-1",
                "rule_no": 101,
                "to_port": 0
              },
              {
                "action": "allow",
                "cidr_block": "0.0.0.0/0",
                "from_port": 0,
                "icmp_code": null,
                "icmp_type": null,
                "ipv6_cidr_block": "",
                "protocol": "-1",
                "rule_no": 100,
                "to_port": 0
              }
            ],
            "owner_id": "656732270450",
            "subnet_ids": [
              "subnet-097e274d1ff088e79",
              "subnet-0c7b0474ad42aa230",
              "subnet-0d7e2766849ea544e"
            ],
            "tags": {
              "Name": "demo-eks-cluster-vpc-default",
              "kubernetes.io/cluster/demo-eks-cluster": "shared"
            },
            "tags_all": {
              "Name": "demo-eks-cluster-vpc-default",
              "kubernetes.io/cluster/demo-eks-cluster": "shared"
            },
            "vpc_id": "vpc-0b9e47a8c5f831d6a"
          },
          "sensitive_attributes": [],
          "identity_schema_version": 0,
          "private": "bnVsbA==",
          "dependencies": [
            "module.vpc.aws_vpc.this"
          ]
        }
      ]
    },
    {
      "module": "module.vpc",
      "mode": "managed",
      "type": "aws_default_route_table",
      "name": "default",
      "provider": "provider[\"registry.terraform.io/hashicorp/aws\"]",
      "instances": [
        {
          "index_key": 0,
          "schema_version": 0,
          "attributes": {
            "arn": "arn:aws:ec2:ap-southeast-1:656732270450:route-table/rtb-006eb98e19ed6358b",
            "default_route_table_id": "rtb-006eb98e19ed6358b",
            "id": "rtb-006eb98e19ed6358b",
            "owner_id": "656732270450",
            "propagating_vgws": null,
            "route": [],
            "tags": {
              "Name": "demo-eks-cluster-vpc-default",
              "kubernetes.io/cluster/demo-eks-cluster": "shared"
            },
            "tags_all": {
              "Name": "demo-eks-cluster-vpc-default",
              "kubernetes.io/cluster/demo-eks-cluster": "shared"
            },
            "timeouts": {
              "create": "5m",
              "update": "5m"
            },
            "vpc_id": "vpc-0b9e47a8c5f831d6a"
          },
          "sensitive_attributes": [],
          "identity_schema_version": 0,
          "private": "eyJlMmJmYjczMC1lY2FhLTExZTYtOGY4OC0zNDM2M2JjN2M0YzAiOnsiY3JlYXRlIjozMDAwMDAwMDAwMDAsInVwZGF0ZSI6MzAwMDAwMDAwMDAwfX0=",
          "dependencies": [
            "module.vpc.aws_vpc.this"
          ]
        }
      ]
    },
    {
      "module": "module.vpc",
      "mode": "managed",
      "type": "aws_default_security_group",
      "name": "this",
      "provider": "provider[\"registry.terraform.io/hashicorp/aws\"]",
      "instances": [
        {
          "index_key": 0,
          "schema_version": 1,
          "attributes": {
            "arn": "arn:aws:ec2:ap-southeast-1:656732270450:security-group/sg-076ccf77de3ffee9e",
            "description": "default VPC security group",
            "egress": [],
            "id": "sg-076ccf77de3ffee9e",
            "ingress": [],
            "name": "default",
            "name_prefix": "",
            "owner_id": "656732270450",
            "revoke_rules_on_delete": false,
            "tags": {
              "Name": "demo-eks-cluster-vpc-default",
              "kubernetes.io/cluster/demo-eks-cluster": "shared"
            },
            "tags_all": {
              "Name": "demo-eks-cluster-vpc-default",
              "kubernetes.io/cluster/demo-eks-cluster": "shared"
            },
            "vpc_id": "vpc-0b9e47a8c5f831d6a"
          },
          "sensitive_attributes": [],
          "identity_schema_version": 0,
          "private": "eyJzY2hlbWFfdmVyc2lvbiI6IjEifQ==",
          "dependencies": [
            "module.vpc.aws_vpc.this"
          ]
        }
      ]
    },
    {
      "module": "module.vpc",
      "mode": "managed",
      "type": "aws_eip",
      "name": "nat",
      "provider": "provider[\"registry.terraform.io/hashicorp/aws\"]",
      "instances": [
        {
          "index_key": 0,
          "schema_version": 0,
          "attributes": {
            "address": null,
            "allocation_id": "eipalloc-09a87ae4cb61071f4",
            "arn": "arn:aws:ec2:ap-southeast-1:656732270450:elastic-ip/eipalloc-09a87ae4cb61071f4",
            "associate_with_private_ip": null,
            "association_id": "",
            "carrier_ip": "",
            "customer_owned_ip": "",
            "customer_owned_ipv4_pool": "",
            "domain": "vpc",
            "id": "eipalloc-09a87ae4cb61071f4",
            "instance": "",
            "ipam_pool_id": null,
            "network_border_group": "ap-southeast-1",
            "network_interface": "",
            "private_dns": null,
            "private_ip": "",
            "ptr_record": "",
            "public_dns": "ec2-54-169-229-140.ap-southeast-1.compute.amazonaws.com",
            "public_ip": "54.169.229.140",
            "public_ipv4_pool": "amazon",
            "tags": {
              "Name": "demo-eks-cluster-vpc-ap-southeast-1a",
              "kubernetes.io/cluster/demo-eks-cluster": "shared"
            },
            "tags_all": {
              "Name": "demo-eks-cluster-vpc-ap-southeast-1a",
              "kubernetes.io/cluster/demo-eks-cluster": "shared"
            },
            "timeouts": null,
            "vpc": true
          },
          "sensitive_attributes": [],
          "identity_schema_version": 0,
          "private": "eyJlMmJmYjczMC1lY2FhLTExZTYtOGY4OC0zNDM2M2JjN2M0YzAiOnsiZGVsZXRlIjoxODAwMDAwMDAwMDAsInJlYWQiOjkwMDAwMDAwMDAwMCwidXBkYXRlIjozMDAwMDAwMDAwMDB9fQ==",
          "dependencies": [
            "module.vpc.aws_internet_gateway.this",
            "module.vpc.aws_vpc.this",
            "module.vpc.aws_vpc_ipv4_cidr_block_association.this"
          ]
        }
      ]
    },
    {
      "module": "module.vpc",
      "mode": "managed",
      "type": "aws_internet_gateway",
      "name": "this",
      "provider": "provider[\"registry.terraform.io/hashicorp/aws\"]",
      "instances": [
        {
          "index_key": 0,
          "schema_version": 0,
          "attributes": {
            "arn": "arn:aws:ec2:ap-southeast-1:656732270450:internet-gateway/igw-0600a7b0d19788780",
            "id": "igw-0600a7b0d19788780",
            "owner_id": "656732270450",
            "tags": {
              "Name": "demo-eks-cluster-vpc",
              "kubernetes.io/cluster/demo-eks-cluster": "shared"
            },
            "tags_all": {
              "Name": "demo-eks-cluster-vpc",
              "kubernetes.io/cluster/demo-eks-cluster": "shared"
            },
            "timeouts": null,
            "vpc_id": "vpc-0b9e47a8c5f831d6a"
          },
          "sensitive_attributes": [],
          "identity_schema_version": 0,
          "private": "eyJlMmJmYjczMC1lY2FhLTExZTYtOGY4OC0zNDM2M2JjN2M0YzAiOnsiY3JlYXRlIjoxMjAwMDAwMDAwMDAwLCJkZWxldGUiOjEyMDAwMDAwMDAwMDAsInVwZGF0ZSI6MTIwMDAwMDAwMDAwMH19",
          "dependencies": [
            "module.vpc.aws_vpc.this",
            "module.vpc.aws_vpc_ipv4_cidr_block_association.this"
          ]
        }
      ]
    },
    {
      "module": "module.vpc",
      "mode": "managed",
      "type": "aws_nat_gateway",
      "name": "this",
      "provider": "provider[\"registry.terraform.io/hashicorp/aws\"]",
      "instances": [
        {
          "index_key": 0,
          "schema_version": 0,
          "attributes": {
            "allocation_id": "eipalloc-09a87ae4cb61071f4",
            "association_id": "eipassoc-0b2446aade91f4827",
            "connectivity_type": "public",
            "id": "nat-032aec513ed1da890",
            "network_interface_id": "eni-0443c556249bfdf14",
            "private_ip": "10.0.101.131",
            "public_ip": "54.169.229.140",
            "secondary_allocation_ids": null,
            "secondary_private_ip_address_count": 0,
            "secondary_private_ip_addresses": [],
            "subnet_id": "subnet-0d7e2766849ea544e",
            "tags": {
              "Name": "demo-eks-cluster-vpc-ap-southeast-1a",
              "kubernetes.io/cluster/demo-eks-cluster": "shared"
            },
            "tags_all": {
              "Name": "demo-eks-cluster-vpc-ap-southeast-1a",
              "kubernetes.io/cluster/demo-eks-cluster": "shared"
            },
            "timeouts": null
          },
          "sensitive_attributes": [],
          "identity_schema_version": 0,
          "private": "eyJlMmJmYjczMC1lY2FhLTExZTYtOGY4OC0zNDM2M2JjN2M0YzAiOnsiY3JlYXRlIjo2MDAwMDAwMDAwMDAsImRlbGV0ZSI6MTgwMDAwMDAwMDAwMCwidXBkYXRlIjo2MDAwMDAwMDAwMDB9fQ==",
          "dependencies": [
            "module.vpc.aws_eip.nat",
            "module.vpc.aws_internet_gateway.this",
            "module.vpc.aws_subnet.public",
            "module.vpc.aws_vpc.this",
            "module.vpc.aws_vpc_ipv4_cidr_block_association.this"
          ]
        }
      ]
    },
    {
      "module": "module.vpc",
      "mode": "managed",
      "type": "aws_route",
      "name": "private_nat_gateway",
      "provider": "provider[\"registry.terraform.io/hashicorp/aws\"]",
      "instances": [
        {
          "index_key": 0,
          "schema_version": 0,
          "attributes": {
            "carrier_gateway_id": "",
            "core_network_arn": "",
            "destination_cidr_block": "0.0.0.0/0",
            "destination_ipv6_cidr_block": "",
            "destination_prefix_list_id": "",
            "egress_only_gateway_id": "",
            "gateway_id": "",
            "id": "r-rtb-00043398c14cd9b1e1080289494",
            "instance_id": "",
            "instance_owner_id": "",
            "local_gateway_id": "",
            "nat_gateway_id": "nat-032aec513ed1da890",
            "network_interface_id": "",
            "origin": "CreateRoute",
            "route_table_id": "rtb-00043398c14cd9b1e",
            "state": "active",
            "timeouts": {
              "create": "5m",
              "delete": null,
              "update": null
            },
            "transit_gateway_id": "",
            "vpc_endpoint_id": "",
            "vpc_peering_connection_id": ""
          },
          "sensitive_attributes": [],
          "identity_schema_version": 0,
          "private": "eyJlMmJmYjczMC1lY2FhLTExZTYtOGY4OC0zNDM2M2JjN2M0YzAiOnsiY3JlYXRlIjozMDAwMDAwMDAwMDAsImRlbGV0ZSI6MzAwMDAwMDAwMDAwLCJ1cGRhdGUiOjEyMDAwMDAwMDAwMH19",
          "dependencies": [
            "module.vpc.aws_eip.nat",
            "module.vpc.aws_internet_gateway.this",
            "module.vpc.aws_nat_gateway.this",
            "module.vpc.aws_route_table.private",
            "module.vpc.aws_subnet.public",
            "module.vpc.aws_vpc.this",
            "module.vpc.aws_vpc_ipv4_cidr_block_association.this"
          ]
        }
      ]
    },
    {
      "module": "module.vpc",
      "mode": "managed",
      "type": "aws_route",
      "name": "public_internet_gateway",
      "provider": "provider[\"registry.terraform.io/hashicorp/aws\"]",
      "instances": [
        {
          "index_key": 0,
          "schema_version": 0,
          "attributes": {
            "carrier_gateway_id": "",
            "core_network_arn": "",
            "destination_cidr_block": "0.0.0.0/0",
            "destination_ipv6_cidr_block": "",
            "destination_prefix_list_id": "",
            "egress_only_gateway_id": "",
            "gateway_id": "igw-0600a7b0d19788780",
            "id": "r-rtb-0d7ca969c68b76dd31080289494",
            "instance_id": "",
            "instance_owner_id": "",
            "local_gateway_id": "",
            "nat_gateway_id": "",
            "network_interface_id": "",
            "origin": "CreateRoute",
            "route_table_id": "rtb-0d7ca969c68b76dd3",
            "state": "active",
            "timeouts": {
              "create": "5m",
              "delete": null,
              "update": null
            },
            "transit_gateway_id": "",
            "vpc_endpoint_id": "",
            "vpc_peering_connection_id": ""
          },
          "sensitive_attributes": [],
          "identity_schema_version": 0,
          "private": "eyJlMmJmYjczMC1lY2FhLTExZTYtOGY4OC0zNDM2M2JjN2M0YzAiOnsiY3JlYXRlIjozMDAwMDAwMDAwMDAsImRlbGV0ZSI6MzAwMDAwMDAwMDAwLCJ1cGRhdGUiOjEyMDAwMDAwMDAwMH19",
          "dependencies": [
            "module.vpc.aws_internet_gateway.this",
            "module.vpc.aws_route_table.public",
            "module.vpc.aws_vpc.this",
            "module.vpc.aws_vpc_ipv4_cidr_block_association.this"
          ]
        }
      ]
    },
    {
      "module": "module.vpc",
      "mode": "managed",
      "type": "aws_route_table",
      "name": "private",
      "provider": "provider[\"registry.terraform.io/hashicorp/aws\"]",
      "instances": [
        {
          "index_key": 0,
          "schema_version": 0,
          "attributes": {
            "arn": "arn:aws:ec2:ap-southeast-1:656732270450:route-table/rtb-00043398c14cd9b1e",
            "id": "rtb-00043398c14cd9b1e",
            "owner_id": "656732270450",
            "propagating_vgws": [],
            "route": [],
            "tags": {
              "Name": "demo-eks-cluster-vpc-private",
              "kubernetes.io/cluster/demo-eks-cluster": "shared"
            },
            "tags_all": {
              "Name": "demo-eks-cluster-vpc-private",
              "kubernetes.io/cluster/demo-eks-cluster": "shared"
            },
            "timeouts": null,
            "vpc_id": "vpc-0b9e47a8c5f831d6a"
          },
          "sensitive_attributes": [],
          "identity_schema_version": 0,
          "private": "eyJlMmJmYjczMC1lY2FhLTExZTYtOGY4OC0zNDM2M2JjN2M0YzAiOnsiY3JlYXRlIjozMDAwMDAwMDAwMDAsImRlbGV0ZSI6MzAwMDAwMDAwMDAwLCJ1cGRhdGUiOjEyMDAwMDAwMDAwMH19",
          "dependencies": [
            "module.vpc.aws_vpc.this",
            "module.vpc.aws_vpc_ipv4_cidr_block_association.this"
          ]
        }
      ]
    },
    {
      "module": "module.vpc",
      "mode": "managed",
      "type": "aws_route_table",
      "name": "public",
      "provider": "provider[\"registry.terraform.io/hashicorp/aws\"]",
      "instances": [
        {
          "index_key": 0,
          "schema_version": 0,
          "attributes": {
            "arn": "arn:aws:ec2:ap-southeast-1:656732270450:route-table/rtb-0d7ca969c68b76dd3",
            "id": "rtb-0d7ca969c68b76dd3",
            "owner_id": "656732270450",
            "propagating_vgws": [],
            "route": [],
            "tags": {
              "Name": "demo-eks-cluster-vpc-public",
              "kubernetes.io/cluster/demo-eks-cluster": "shared"
            },
            "tags_all": {
              "Name": "demo-eks-cluster-vpc-public",
              "kubernetes.io/cluster/demo-eks-cluster": "shared"
            },
            "timeouts": null,
            "vpc_id": "vpc-0b9e47a8c5f831d6a"
          },
          "sensitive_attributes": [],
          "identity_schema_version": 0,
          "private": "eyJlMmJmYjczMC1lY2FhLTExZTYtOGY4OC0zNDM2M2JjN2M0YzAiOnsiY3JlYXRlIjozMDAwMDAwMDAwMDAsImRlbGV0ZSI6MzAwMDAwMDAwMDAwLCJ1cGRhdGUiOjEyMDAwMDAwMDAwMH19",
          "dependencies": [
            "module.vpc.aws_vpc.this",
            "module.vpc.aws_vpc_ipv4_cidr_block_association.this"
          ]
        }
      ]
    },
    {
      "module": "module.vpc",
      "mode": "managed",
      "type": "aws_route_table_association",
      "name": "private",
      "provider": "provider[\"registry.terraform.io/hashicorp/aws\"]",
      "instances": [
        {
          "index_key": 0,
          "schema_version": 0,
          "attributes": {
            "gateway_id": "",
            "id": "rtbassoc-0dbc2fe434b51db98",
            "route_table_id": "rtb-00043398c14cd9b1e",
            "subnet_id": "subnet-097e274d1ff088e79",
            "timeouts": null
          },
          "sensitive_attributes": [],
          "identity_schema_version": 0,
          "private": "eyJlMmJmYjczMC1lY2FhLTExZTYtOGY4OC0zNDM2M2JjN2M0YzAiOnsiY3JlYXRlIjozMDAwMDAwMDAwMDAsImRlbGV0ZSI6MzAwMDAwMDAwMDAwLCJ1cGRhdGUiOjEyMDAwMDAwMDAwMH19",
          "dependencies": [
            "module.vpc.aws_route_table.private",
            "module.vpc.aws_subnet.private",
            "module.vpc.aws_vpc.this",
            "module.vpc.aws_vpc_ipv4_cidr_block_association.this"
          ]
        },
        {
          "index_key": 1,
          "schema_version": 0,
          "attributes": {
            "gateway_id": "",
            "id": "rtbassoc-01dade8d08a7daf70",
            "route_table_id": "rtb-00043398c14cd9b1e",
            "subnet_id": "subnet-0cd7e8f28942a0ec5",
            "timeouts": null
          },
          "sensitive_attributes": [],
          "identity_schema_version": 0,
          "private": "eyJlMmJmYjczMC1lY2FhLTExZTYtOGY4OC0zNDM2M2JjN2M0YzAiOnsiY3JlYXRlIjozMDAwMDAwMDAwMDAsImRlbGV0ZSI6MzAwMDAwMDAwMDAwLCJ1cGRhdGUiOjEyMDAwMDAwMDAwMH19",
          "dependencies": [
            "module.vpc.aws_route_table.private",
            "module.vpc.aws_subnet.private",
            "module.vpc.aws_vpc.this",
            "module.vpc.aws_vpc_ipv4_cidr_block_association.this"
          ]
        }
      ]
    },
    {
      "module": "module.vpc",
      "mode": "managed",
      "type": "aws_route_table_association",
      "name": "public",
      "provider": "provider[\"registry.terraform.io/hashicorp/aws\"]",
      "instances": [
        {
          "index_key": 0,
          "schema_version": 0,
          "attributes": {
            "gateway_id": "",
            "id": "rtbassoc-04cb3635ea60163dd",
            "route_table_id": "rtb-0d7ca969c68b76dd3",
            "subnet_id": "subnet-0d7e2766849ea544e",
            "timeouts": null
          },
          "sensitive_attributes": [],
          "identity_schema_version": 0,
          "private": "eyJlMmJmYjczMC1lY2FhLTExZTYtOGY4OC0zNDM2M2JjN2M0YzAiOnsiY3JlYXRlIjozMDAwMDAwMDAwMDAsImRlbGV0ZSI6MzAwMDAwMDAwMDAwLCJ1cGRhdGUiOjEyMDAwMDAwMDAwMH19",
          "dependencies": [
            "module.vpc.aws_route_table.public",
            "module.vpc.aws_subnet.public",
            "module.vpc.aws_vpc.this",
            "module.vpc.aws_vpc_ipv4_cidr_block_association.this"
          ]
        },
        {
          "index_key": 1,
          "schema_version": 0,
          "attributes": {
            "gateway_id": "",
            "id": "rtbassoc-058bcf9120bafbfbd",
            "route_table_id": "rtb-0d7ca969c68b76dd3",
            "subnet_id": "subnet-0c7b0474ad42aa230",
            "timeouts": null
          },
          "sensitive_attributes": [],
          "identity_schema_version": 0,
          "private": "eyJlMmJmYjczMC1lY2FhLTExZTYtOGY4OC0zNDM2M2JjN2M0YzAiOnsiY3JlYXRlIjozMDAwMDAwMDAwMDAsImRlbGV0ZSI6MzAwMDAwMDAwMDAwLCJ1cGRhdGUiOjEyMDAwMDAwMDAwMH19",
          "dependencies": [
            "module.vpc.aws_route_table.public",
            "module.vpc.aws_subnet.public",
            "module.vpc.aws_vpc.this",
            "module.vpc.aws_vpc_ipv4_cidr_block_association.this"
          ]
        }
      ]
    },
    {
      "module": "module.vpc",
      "mode": "managed",
      "type": "aws_subnet",
      "name": "private",
      "provider": "provider[\"registry.terraform.io/hashicorp/aws\"]",
      "instances": [
        {
          "index_key": 0,
          "schema_version": 1,
          "attributes": {
            "arn": "arn:aws:ec2:ap-southeast-1:656732270450:subnet/subnet-097e274d1ff088e79",
            "assign_ipv6_address_on_creation": false,
            "availability_zone": "ap-southeast-1a",
            "availability_zone_id": "apse1-az2",
            "cidr_block": "10.0.1.0/24",
            "customer_owned_ipv4_pool": "",
            "enable_dns64": false,
            "enable_lni_at_device_index": 0,
            "enable_resource_name_dns_a_record_on_launch": false,
            "enable_resource_name_dns_aaaa_record_on_launch": false,
            "id": "subnet-097e274d1ff088e79",
            "ipv6_cidr_block": "",
            "ipv6_cidr_block_association_id": "",
            "ipv6_native": false,
            "map_customer_owned_ip_on_launch": false,
            "map_public_ip_on_launch": false,
            "outpost_arn": "",
            "owner_id": "656732270450",
            "private_dns_hostname_type_on_launch": "ip-name",
            "tags": {
              "Name": "demo-eks-cluster-vpc-private-ap-southeast-1a",
              "karpenter.sh/discovery": "demo-eks-cluster",
              "kubernetes.io/cluster/demo-eks-cluster": "shared",
              "kubernetes.io/role/internal-elb": "1"
            },
            "tags_all": {
              "Name": "demo-eks-cluster-vpc-private-ap-southeast-1a",
              "karpenter.sh/discovery": "demo-eks-cluster",
              "kubernetes.io/cluster/demo-eks-cluster": "shared",
              "kubernetes.io/role/internal-elb": "1"
            },
            "timeouts": null,
            "vpc_id": "vpc-0b9e47a8c5f831d6a"
          },
          "sensitive_attributes": [],
          "identity_schema_version": 0,
          "private": "eyJlMmJmYjczMC1lY2FhLTExZTYtOGY4OC0zNDM2M2JjN2M0YzAiOnsiY3JlYXRlIjo2MDAwMDAwMDAwMDAsImRlbGV0ZSI6MTIwMDAwMDAwMDAwMH0sInNjaGVtYV92ZXJzaW9uIjoiMSJ9",
          "dependencies": [
            "module.vpc.aws_vpc.this",
            "module.vpc.aws_vpc_ipv4_cidr_block_association.this"
          ],
          "create_before_destroy": true
        },
        {
          "index_key": 1,
          "schema_version": 1,
          "attributes": {
            "arn": "arn:aws:ec2:ap-southeast-1:656732270450:subnet/subnet-0cd7e8f28942a0ec5",
            "assign_ipv6_address_on_creation": false,
            "availability_zone": "ap-southeast-1b",
            "availability_zone_id": "apse1-az1",
            "cidr_block": "10.0.2.0/24",
            "customer_owned_ipv4_pool": "",
            "enable_dns64": false,
            "enable_lni_at_device_index": 0,
            "enable_resource_name_dns_a_record_on_launch": false,
            "enable_resource_name_dns_aaaa_record_on_launch": false,
            "id": "subnet-0cd7e8f28942a0ec5",
            "ipv6_cidr_block": "",
            "ipv6_cidr_block_association_id": "",
            "ipv6_native": false,
            "map_customer_owned_ip_on_launch": false,
            "map_public_ip_on_launch": false,
            "outpost_arn": "",
            "owner_id": "656732270450",
            "private_dns_hostname_type_on_launch": "ip-name",
            "tags": {
              "Name": "demo-eks-cluster-vpc-private-ap-southeast-1b",
              "karpenter.sh/discovery": "demo-eks-cluster",
              "kubernetes.io/cluster/demo-eks-cluster": "shared",
              "kubernetes.io/role/internal-elb": "1"
            },
            "tags_all": {
              "Name": "demo-eks-cluster-vpc-private-ap-southeast-1b",
              "karpenter.sh/discovery": "demo-eks-cluster",
              "kubernetes.io/cluster/demo-eks-cluster": "shared",
              "kubernetes.io/role/internal-elb": "1"
            },
            "timeouts": null,
            "vpc_id": "vpc-0b9e47a8c5f831d6a"
          },
          "sensitive_attributes": [],
          "identity_schema_version": 0,
          "private": "eyJlMmJmYjczMC1lY2FhLTExZTYtOGY4OC0zNDM2M2JjN2M0YzAiOnsiY3JlYXRlIjo2MDAwMDAwMDAwMDAsImRlbGV0ZSI6MTIwMDAwMDAwMDAwMH0sInNjaGVtYV92ZXJzaW9uIjoiMSJ9",
          "dependencies": [
            "module.vpc.aws_vpc.this",
            "module.vpc.aws_vpc_ipv4_cidr_block_association.this"
          ],
          "create_before_destroy": true
        }
      ]
    },
    {
      "module": "module.vpc",
      "mode": "managed",
      "type": "aws_subnet",
      "name": "public",
      "provider": "provider[\"registry.terraform.io/hashicorp/aws\"]",
      "instances": [
        {
          "index_key": 0,
          "schema_version": 1,
          "attributes": {
            "arn": "arn:aws:ec2:ap-southeast-1:656732270450:subnet/subnet-0d7e2766849ea544e",
            "assign_ipv6_address_on_creation": false,
            "availability_zone": "ap-southeast-1a",
            "availability_zone_id": "apse1-az2",
            "cidr_block": "10.0.101.0/24",
            "customer_owned_ipv4_pool": "",
            "enable_dns64": false,
            "enable_lni_at_device_index": 0,
            "enable_resource_name_dns_a_record_on_launch": false,
            "enable_resource_name_dns_aaaa_record_on_launch": false,
            "id": "subnet-0d7e2766849ea544e",
            "ipv6_cidr_block": "",
            "ipv6_cidr_block_association_id": "",
            "ipv6_native": false,
            "map_customer_owned_ip_on_launch": false,
            "map_public_ip_on_launch": false,
            "outpost_arn": "",
            "owner_id": "656732270450",
            "private_dns_hostname_type_on_launch": "ip-name",
            "tags": {
              "Name": "demo-eks-cluster-vpc-public-ap-southeast-1a",
              "kubernetes.io/cluster/demo-eks-cluster": "shared",
              "kubernetes.io/role/elb": "1"
            },
            "tags_all": {
              "Name": "demo-eks-cluster-vpc-public-ap-southeast-1a",
              "kubernetes.io/cluster/demo-eks-cluster": "shared",
              "kubernetes.io/role/elb": "1"
            },
            "timeouts": null,
            "vpc_id": "vpc-0b9e47a8c5f831d6a"
          },
          "sensitive_attributes": [],
          "identity_schema_version": 0,
          "private": "eyJlMmJmYjczMC1lY2FhLTExZTYtOGY4OC0zNDM2M2JjN2M0YzAiOnsiY3JlYXRlIjo2MDAwMDAwMDAwMDAsImRlbGV0ZSI6MTIwMDAwMDAwMDAwMH0sInNjaGVtYV92ZXJzaW9uIjoiMSJ9",
          "dependencies": [
            "module.vpc.aws_vpc.this",
            "module.vpc.aws_vpc_ipv4_cidr_block_association.this"
          ]
        },
        {
          "index_key": 1,
          "schema_version": 1,
          "attributes": {
            "arn": "arn:aws:ec2:ap-southeast-1:656732270450:subnet/subnet-0c7b0474ad42aa230",
            "assign_ipv6_address_on_creation": false,
            "availability_zone": "ap-southeast-1b",
            "availability_zone_id": "apse1-az1",
            "cidr_block": "10.0.102.0/24",
            "customer_owned_ipv4_pool": "",
            "enable_dns64": false,
            "enable_lni_at_device_index": 0,
            "enable_resource_name_dns_a_record_on_launch": false,
            "enable_resource_name_dns_aaaa_record_on_launch": false,
            "id": "subnet-0c7b0474ad42aa230",
            "ipv6_cidr_block": "",
            "ipv6_cidr_block_association_id": "",
            "ipv6_native": false,
            "map_customer_owned_ip_on_launch": false,
            "map_public_ip_on_launch": false,
            "outpost_arn": "",
            "owner_id": "656732270450",
            "private_dns_hostname_type_on_launch": "ip-name",
            "tags": {
              "Name": "demo-eks-cluster-vpc-public-ap-southeast-1b",
              "kubernetes.io/cluster/demo-eks-cluster": "shared",
              "kubernetes.io/role/elb": "1"
            },
            "tags_all": {
              "Name": "demo-eks-cluster-vpc-public-ap-southeast-1b",
              "kubernetes.io/cluster/demo-eks-cluster": "shared",
              "kubernetes.io/role/elb": "1"
            },
            "timeouts": null,
            "vpc_id": "vpc-0b9e47a8c5f831d6a"
          },
          "sensitive_attributes": [],
          "identity_schema_version": 0,
          "private": "eyJlMmJmYjczMC1lY2FhLTExZTYtOGY4OC0zNDM2M2JjN2M0YzAiOnsiY3JlYXRlIjo2MDAwMDAwMDAwMDAsImRlbGV0ZSI6MTIwMDAwMDAwMDAwMH0sInNjaGVtYV92ZXJzaW9uIjoiMSJ9",
          "dependencies": [
            "module.vpc.aws_vpc.this",
            "module.vpc.aws_vpc_ipv4_cidr_block_association.this"
          ]
        }
      ]
    },
    {
      "module": "module.vpc",
      "mode": "managed",
      "type": "aws_vpc",
      "name": "this",
      "provider": "provider[\"registry.terraform.io/hashicorp/aws\"]",
      "instances": [
        {
          "index_key": 0,
          "schema_version": 1,
          "attributes": {
            "arn": "arn:aws:ec2:ap-southeast-1:656732270450:vpc/vpc-0b9e47a8c5f831d6a",
            "assign_generated_ipv6_cidr_block": false,
            "cidr_block": "10.0.0.0/16",
            "default_network_acl_id": "acl-06d2761001f6b3c5e",
            "default_route_table_id": "rtb-006eb98e19ed6358b",
            "default_security_group_id": "sg-076ccf77de3ffee9e",
            "dhcp_options_id": "dopt-0061c496b4e825529",
            "enable_dns_hostnames": true,
            "enable_dns_support": true,
            "enable_network_address_usage_metrics": false,
            "id": "vpc-0b9e47a8c5f831d6a",
            "instance_tenancy": "default",
            "ipv4_ipam_pool_id": null,
            "ipv4_netmask_length": null,
            "ipv6_association_id": "",
            "ipv6_cidr_block": "",
            "ipv6_cidr_block_network_border_group": "",
            "ipv6_ipam_pool_id": "",
            "ipv6_netmask_length": 0,
            "main_route_table_id": "rtb-006eb98e19ed6358b",
            "owner_id": "656732270450",
            "tags": {
              "Name": "demo-eks-cluster-vpc",
              "kubernetes.io/cluster/demo-eks-cluster": "shared"
            },
            "tags_all": {
              "Name": "demo-eks-cluster-vpc",
              "kubernetes.io/cluster/demo-eks-cluster": "shared"
            }
          },
          "sensitive_attributes": [],
          "identity_schema_version": 0,
          "private": "eyJzY2hlbWFfdmVyc2lvbiI6IjEifQ==",
          "create_before_destroy": true
        }
      ]
    }
  ],
  "check_results": [
    {
      "object_kind": "resource",
      "config_addr": "module.eks.module.self_managed_node_group.module.user_data.null_resource.validate_cluster_service_cidr",
      "status": "pass",
      "objects": null
    },
    {
      "object_kind": "resource",
      "config_addr": "module.eks.module.eks_managed_node_group.module.user_data.null_resource.validate_cluster_service_cidr",
      "status": "pass",
      "objects": [
        {
          "object_addr": "module.eks.module.eks_managed_node_group[\"spot\"].module.user_data.null_resource.validate_cluster_service_cidr",
          "status": "pass"
        },
        {
          "object_addr": "module.eks.module.eks_managed_node_group[\"core\"].module.user_data.null_resource.validate_cluster_service_cidr",
          "status": "pass"
        }
      ]
    },
    {
      "object_kind": "var",
      "config_addr": "module.eks.module.self_managed_node_group.var.platform",
      "status": "pass",
      "objects": null
    }
  ]
}
